Microsoft Visual Studio Solution File, Format Version 11.00
# Visual Studio 2010
Project("{2150E333-8FDC-42A3-9474-1A3956D46DE8}") = "Solution Items", "Solution Items", "{9E1E6A57-6F3E-40C4-BBF4-12AA65B8AC94}"
	ProjectSection(SolutionItems) = preProject
		Solution Items\SharedAssemblyInfo.cs = Solution Items\SharedAssemblyInfo.cs
	EndProjectSection
EndProject
Project("{FAE04EC0-301F-11D3-BF4B-00C04F79EFBC}") = "MessagingToolkit.Barcode.WindowsPhone71", "MessagingToolkit.Barcode.WindowsPhone71\MessagingToolkit.Barcode.WindowsPhone71.csproj", "{DCD19E35-90FA-49B0-A6B4-188DBF90385B}"
EndProject
Project("{FAE04EC0-301F-11D3-BF4B-00C04F79EFBC}") = "MessagingToolkit.Barcode.WindowsPhone70", "MessagingToolkit.Barcode.WindowsPhone70\MessagingToolkit.Barcode.WindowsPhone70.csproj", "{1F85D6F8-80A3-4D83-ABB1-891C1F7F8D70}"
EndProject
Project("{2150E333-8FDC-42A3-9474-1A3956D46DE8}") = "MessagingToolkit.Barcode.Demos", "MessagingToolkit.Barcode.Demos", "{D78BDBFE-5E7B-4DD6-B578-80B1F7D1BFDC}"
EndProject
Project("{FAE04EC0-301F-11D3-BF4B-00C04F79EFBC}") = "MessagingToolkit.Barcode.Demo", "MessagingToolkit.Barcode.Demos\MessagingToolkit.Barcode.Demo\MessagingToolkit.Barcode.Demo.csproj", "{4BF05CAF-D152-4613-BED3-4CA8DD51A907}"
EndProject
Project("{FAE04EC0-301F-11D3-BF4B-00C04F79EFBC}") = "MessagingToolkit.Barcode.WindowsPhone.App", "MessagingToolkit.Barcode.Demos\MessagingToolkit.Barcode.WindowsPhone.App\MessagingToolkit.Barcode.WindowsPhone.App.csproj", "{5CB72470-64A8-4618-938D-A063A0E4DD17}"
EndProject
Project("{FAE04EC0-301F-11D3-BF4B-00C04F79EFBC}") = "MessagingToolkit.Barcode.Silverlight3", "MessagingToolkit.Barcode.Silverlight3\MessagingToolkit.Barcode.Silverlight3.csproj", "{4588941A-4D5B-49C9-A902-C50F7E7C0867}"
EndProject
Project("{FAE04EC0-301F-11D3-BF4B-00C04F79EFBC}") = "MessagingToolkit.Barcode_NET35", "MessagingToolkit.Barcode\MessagingToolkit.Barcode_NET35.csproj", "{2A0D71EE-8AB8-44D2-8299-AAE97281C698}"
EndProject
Project("{FAE04EC0-301F-11D3-BF4B-00C04F79EFBC}") = "MessagingToolkit.Barcode.WPF_NET35", "MessagingToolkit.Barcode.WPF\MessagingToolkit.Barcode.WPF_NET35.csproj", "{7CEACCEE-E20F-4EF8-B4AF-A913844D7EBE}"
EndProject
Global
	GlobalSection(SolutionConfigurationPlatforms) = preSolution
		Debug|.NET = Debug|.NET
		Debug|Any CPU = Debug|Any CPU
		Debug|Mixed Platforms = Debug|Mixed Platforms
		Debug|Windows Phone = Debug|Windows Phone
		Debug|x64 = Debug|x64
		Debug|x86 = Debug|x86
		Release with Documentation|.NET = Release with Documentation|.NET
		Release with Documentation|Any CPU = Release with Documentation|Any CPU
		Release with Documentation|Mixed Platforms = Release with Documentation|Mixed Platforms
		Release with Documentation|Windows Phone = Release with Documentation|Windows Phone
		Release with Documentation|x64 = Release with Documentation|x64
		Release with Documentation|x86 = Release with Documentation|x86
		Release|.NET = Release|.NET
		Release|Any CPU = Release|Any CPU
		Release|Mixed Platforms = Release|Mixed Platforms
		Release|Windows Phone = Release|Windows Phone
		Release|x64 = Release|x64
		Release|x86 = Release|x86
	EndGlobalSection
	GlobalSection(ProjectConfigurationPlatforms) = postSolution
		{DCD19E35-90FA-49B0-A6B4-188DBF90385B}.Debug|.NET.ActiveCfg = Debug|Any CPU
		{DCD19E35-90FA-49B0-A6B4-188DBF90385B}.Debug|Any CPU.ActiveCfg = Debug|Any CPU
		{DCD19E35-90FA-49B0-A6B4-188DBF90385B}.Debug|Any CPU.Build.0 = Debug|Any CPU
		{DCD19E35-90FA-49B0-A6B4-188DBF90385B}.Debug|Mixed Platforms.ActiveCfg = Debug|Any CPU
		{DCD19E35-90FA-49B0-A6B4-188DBF90385B}.Debug|Mixed Platforms.Build.0 = Debug|Any CPU
		{DCD19E35-90FA-49B0-A6B4-188DBF90385B}.Debug|Windows Phone.ActiveCfg = Debug|Any CPU
		{DCD19E35-90FA-49B0-A6B4-188DBF90385B}.Debug|x64.ActiveCfg = Debug|Any CPU
		{DCD19E35-90FA-49B0-A6B4-188DBF90385B}.Debug|x86.ActiveCfg = Debug|Any CPU
		{DCD19E35-90FA-49B0-A6B4-188DBF90385B}.Release with Documentation|.NET.ActiveCfg = Release|Any CPU
		{DCD19E35-90FA-49B0-A6B4-188DBF90385B}.Release with Documentation|Any CPU.ActiveCfg = Release|Any CPU
		{DCD19E35-90FA-49B0-A6B4-188DBF90385B}.Release with Documentation|Any CPU.Build.0 = Release|Any CPU
		{DCD19E35-90FA-49B0-A6B4-188DBF90385B}.Release with Documentation|Mixed Platforms.ActiveCfg = Release|Any CPU
		{DCD19E35-90FA-49B0-A6B4-188DBF90385B}.Release with Documentation|Mixed Platforms.Build.0 = Release|Any CPU
		{DCD19E35-90FA-49B0-A6B4-188DBF90385B}.Release with Documentation|Windows Phone.ActiveCfg = Release|Any CPU
		{DCD19E35-90FA-49B0-A6B4-188DBF90385B}.Release with Documentation|x64.ActiveCfg = Release|Any CPU
		{DCD19E35-90FA-49B0-A6B4-188DBF90385B}.Release with Documentation|x86.ActiveCfg = Release|Any CPU
		{DCD19E35-90FA-49B0-A6B4-188DBF90385B}.Release|.NET.ActiveCfg = Release|Any CPU
		{DCD19E35-90FA-49B0-A6B4-188DBF90385B}.Release|Any CPU.ActiveCfg = Release|Any CPU
		{DCD19E35-90FA-49B0-A6B4-188DBF90385B}.Release|Any CPU.Build.0 = Release|Any CPU
		{DCD19E35-90FA-49B0-A6B4-188DBF90385B}.Release|Mixed Platforms.ActiveCfg = Release|Any CPU
		{DCD19E35-90FA-49B0-A6B4-188DBF90385B}.Release|Mixed Platforms.Build.0 = Release|Any CPU
		{DCD19E35-90FA-49B0-A6B4-188DBF90385B}.Release|Windows Phone.ActiveCfg = Release|Any CPU
		{DCD19E35-90FA-49B0-A6B4-188DBF90385B}.Release|x64.ActiveCfg = Release|Any CPU
		{DCD19E35-90FA-49B0-A6B4-188DBF90385B}.Release|x86.ActiveCfg = Release|Any CPU
		{1F85D6F8-80A3-4D83-ABB1-891C1F7F8D70}.Debug|.NET.ActiveCfg = Debug|Any CPU
		{1F85D6F8-80A3-4D83-ABB1-891C1F7F8D70}.Debug|Any CPU.ActiveCfg = Debug|Any CPU
		{1F85D6F8-80A3-4D83-ABB1-891C1F7F8D70}.Debug|Any CPU.Build.0 = Debug|Any CPU
		{1F85D6F8-80A3-4D83-ABB1-891C1F7F8D70}.Debug|Mixed Platforms.ActiveCfg = Debug|Any CPU
		{1F85D6F8-80A3-4D83-ABB1-891C1F7F8D70}.Debug|Mixed Platforms.Build.0 = Debug|Any CPU
		{1F85D6F8-80A3-4D83-ABB1-891C1F7F8D70}.Debug|Windows Phone.ActiveCfg = Debug|Any CPU
		{1F85D6F8-80A3-4D83-ABB1-891C1F7F8D70}.Debug|x64.ActiveCfg = Debug|Any CPU
		{1F85D6F8-80A3-4D83-ABB1-891C1F7F8D70}.Debug|x86.ActiveCfg = Debug|Any CPU
		{1F85D6F8-80A3-4D83-ABB1-891C1F7F8D70}.Release with Documentation|.NET.ActiveCfg = Release|Any CPU
		{1F85D6F8-80A3-4D83-ABB1-891C1F7F8D70}.Release with Documentation|Any CPU.ActiveCfg = Release|Any CPU
		{1F85D6F8-80A3-4D83-ABB1-891C1F7F8D70}.Release with Documentation|Any CPU.Build.0 = Release|Any CPU
		{1F85D6F8-80A3-4D83-ABB1-891C1F7F8D70}.Release with Documentation|Mixed Platforms.ActiveCfg = Release|Any CPU
		{1F85D6F8-80A3-4D83-ABB1-891C1F7F8D70}.Release with Documentation|Mixed Platforms.Build.0 = Release|Any CPU
		{1F85D6F8-80A3-4D83-ABB1-891C1F7F8D70}.Release with Documentation|Windows Phone.ActiveCfg = Release|Any CPU
		{1F85D6F8-80A3-4D83-ABB1-891C1F7F8D70}.Release with Documentation|x64.ActiveCfg = Release|Any CPU
		{1F85D6F8-80A3-4D83-ABB1-891C1F7F8D70}.Release with Documentation|x86.ActiveCfg = Release|Any CPU
		{1F85D6F8-80A3-4D83-ABB1-891C1F7F8D70}.Release|.NET.ActiveCfg = Release|Any CPU
		{1F85D6F8-80A3-4D83-ABB1-891C1F7F8D70}.Release|Any CPU.ActiveCfg = Release|Any CPU
		{1F85D6F8-80A3-4D83-ABB1-891C1F7F8D70}.Release|Any CPU.Build.0 = Release|Any CPU
		{1F85D6F8-80A3-4D83-ABB1-891C1F7F8D70}.Release|Mixed Platforms.ActiveCfg = Release|Any CPU
		{1F85D6F8-80A3-4D83-ABB1-891C1F7F8D70}.Release|Mixed Platforms.Build.0 = Release|Any CPU
		{1F85D6F8-80A3-4D83-ABB1-891C1F7F8D70}.Release|Windows Phone.ActiveCfg = Release|Any CPU
		{1F85D6F8-80A3-4D83-ABB1-891C1F7F8D70}.Release|x64.ActiveCfg = Release|Any CPU
		{1F85D6F8-80A3-4D83-ABB1-891C1F7F8D70}.Release|x86.ActiveCfg = Release|Any CPU
		{4BF05CAF-D152-4613-BED3-4CA8DD51A907}.Debug|.NET.ActiveCfg = Debug|x64
		{4BF05CAF-D152-4613-BED3-4CA8DD51A907}.Debug|Any CPU.ActiveCfg = Debug|Any CPU
		{4BF05CAF-D152-4613-BED3-4CA8DD51A907}.Debug|Any CPU.Build.0 = Debug|Any CPU
		{4BF05CAF-D152-4613-BED3-4CA8DD51A907}.Debug|Mixed Platforms.ActiveCfg = Debug|x64
		{4BF05CAF-D152-4613-BED3-4CA8DD51A907}.Debug|Mixed Platforms.Build.0 = Debug|x64
		{4BF05CAF-D152-4613-BED3-4CA8DD51A907}.Debug|Windows Phone.ActiveCfg = Debug|x64
		{4BF05CAF-D152-4613-BED3-4CA8DD51A907}.Debug|x64.ActiveCfg = Debug|x64
		{4BF05CAF-D152-4613-BED3-4CA8DD51A907}.Debug|x64.Build.0 = Debug|x64
		{4BF05CAF-D152-4613-BED3-4CA8DD51A907}.Debug|x86.ActiveCfg = Debug|x64
		{4BF05CAF-D152-4613-BED3-4CA8DD51A907}.Release with Documentation|.NET.ActiveCfg = Release|x64
		{4BF05CAF-D152-4613-BED3-4CA8DD51A907}.Release with Documentation|Any CPU.ActiveCfg = Release|x64
		{4BF05CAF-D152-4613-BED3-4CA8DD51A907}.Release with Documentation|Mixed Platforms.ActiveCfg = Release|x64
		{4BF05CAF-D152-4613-BED3-4CA8DD51A907}.Release with Documentation|Mixed Platforms.Build.0 = Release|x64
		{4BF05CAF-D152-4613-BED3-4CA8DD51A907}.Release with Documentation|Windows Phone.ActiveCfg = Release|x64
		{4BF05CAF-D152-4613-BED3-4CA8DD51A907}.Release with Documentation|x64.ActiveCfg = Release|x64
		{4BF05CAF-D152-4613-BED3-4CA8DD51A907}.Release with Documentation|x64.Build.0 = Release|x64
		{4BF05CAF-D152-4613-BED3-4CA8DD51A907}.Release with Documentation|x86.ActiveCfg = Release|x64
		{4BF05CAF-D152-4613-BED3-4CA8DD51A907}.Release|.NET.ActiveCfg = Release|x64
		{4BF05CAF-D152-4613-BED3-4CA8DD51A907}.Release|Any CPU.ActiveCfg = Release|Any CPU
		{4BF05CAF-D152-4613-BED3-4CA8DD51A907}.Release|Any CPU.Build.0 = Release|Any CPU
		{4BF05CAF-D152-4613-BED3-4CA8DD51A907}.Release|Mixed Platforms.ActiveCfg = Release|Any CPU
		{4BF05CAF-D152-4613-BED3-4CA8DD51A907}.Release|Mixed Platforms.Build.0 = Release|Any CPU
		{4BF05CAF-D152-4613-BED3-4CA8DD51A907}.Release|Windows Phone.ActiveCfg = Release|x64
		{4BF05CAF-D152-4613-BED3-4CA8DD51A907}.Release|x64.ActiveCfg = Release|x64
		{4BF05CAF-D152-4613-BED3-4CA8DD51A907}.Release|x64.Build.0 = Release|x64
		{4BF05CAF-D152-4613-BED3-4CA8DD51A907}.Release|x86.ActiveCfg = Release|x64
		{5CB72470-64A8-4618-938D-A063A0E4DD17}.Debug|.NET.ActiveCfg = Debug|Any CPU
		{5CB72470-64A8-4618-938D-A063A0E4DD17}.Debug|Any CPU.ActiveCfg = Debug|Any CPU
		{5CB72470-64A8-4618-938D-A063A0E4DD17}.Debug|Any CPU.Build.0 = Debug|Any CPU
		{5CB72470-64A8-4618-938D-A063A0E4DD17}.Debug|Any CPU.Deploy.0 = Debug|Any CPU
		{5CB72470-64A8-4618-938D-A063A0E4DD17}.Debug|Mixed Platforms.ActiveCfg = Debug|Any CPU
		{5CB72470-64A8-4618-938D-A063A0E4DD17}.Debug|Mixed Platforms.Build.0 = Debug|Any CPU
		{5CB72470-64A8-4618-938D-A063A0E4DD17}.Debug|Mixed Platforms.Deploy.0 = Debug|Any CPU
		{5CB72470-64A8-4618-938D-A063A0E4DD17}.Debug|Windows Phone.ActiveCfg = Debug|Any CPU
		{5CB72470-64A8-4618-938D-A063A0E4DD17}.Debug|x64.ActiveCfg = Debug|Any CPU
		{5CB72470-64A8-4618-938D-A063A0E4DD17}.Debug|x86.ActiveCfg = Debug|Any CPU
		{5CB72470-64A8-4618-938D-A063A0E4DD17}.Release with Documentation|.NET.ActiveCfg = Release|Any CPU
		{5CB72470-64A8-4618-938D-A063A0E4DD17}.Release with Documentation|Any CPU.ActiveCfg = Release|Any CPU
		{5CB72470-64A8-4618-938D-A063A0E4DD17}.Release with Documentation|Any CPU.Build.0 = Release|Any CPU
		{5CB72470-64A8-4618-938D-A063A0E4DD17}.Release with Documentation|Any CPU.Deploy.0 = Release|Any CPU
		{5CB72470-64A8-4618-938D-A063A0E4DD17}.Release with Documentation|Mixed Platforms.ActiveCfg = Release|Any CPU
		{5CB72470-64A8-4618-938D-A063A0E4DD17}.Release with Documentation|Mixed Platforms.Build.0 = Release|Any CPU
		{5CB72470-64A8-4618-938D-A063A0E4DD17}.Release with Documentation|Mixed Platforms.Deploy.0 = Release|Any CPU
		{5CB72470-64A8-4618-938D-A063A0E4DD17}.Release with Documentation|Windows Phone.ActiveCfg = Release|Any CPU
		{5CB72470-64A8-4618-938D-A063A0E4DD17}.Release with Documentation|x64.ActiveCfg = Release|Any CPU
		{5CB72470-64A8-4618-938D-A063A0E4DD17}.Release with Documentation|x86.ActiveCfg = Release|Any CPU
		{5CB72470-64A8-4618-938D-A063A0E4DD17}.Release|.NET.ActiveCfg = Release|Any CPU
		{5CB72470-64A8-4618-938D-A063A0E4DD17}.Release|Any CPU.ActiveCfg = Release|Any CPU
		{5CB72470-64A8-4618-938D-A063A0E4DD17}.Release|Any CPU.Build.0 = Release|Any CPU
		{5CB72470-64A8-4618-938D-A063A0E4DD17}.Release|Any CPU.Deploy.0 = Release|Any CPU
		{5CB72470-64A8-4618-938D-A063A0E4DD17}.Release|Mixed Platforms.ActiveCfg = Release|Any CPU
		{5CB72470-64A8-4618-938D-A063A0E4DD17}.Release|Mixed Platforms.Build.0 = Release|Any CPU
		{5CB72470-64A8-4618-938D-A063A0E4DD17}.Release|Mixed Platforms.Deploy.0 = Release|Any CPU
		{5CB72470-64A8-4618-938D-A063A0E4DD17}.Release|Windows Phone.ActiveCfg = Release|Any CPU
		{5CB72470-64A8-4618-938D-A063A0E4DD17}.Release|x64.ActiveCfg = Release|Any CPU
		{5CB72470-64A8-4618-938D-A063A0E4DD17}.Release|x86.ActiveCfg = Release|Any CPU
		{4588941A-4D5B-49C9-A902-C50F7E7C0867}.Debug|.NET.ActiveCfg = Debug|Any CPU
		{4588941A-4D5B-49C9-A902-C50F7E7C0867}.Debug|Any CPU.ActiveCfg = Debug|Any CPU
		{4588941A-4D5B-49C9-A902-C50F7E7C0867}.Debug|Any CPU.Build.0 = Debug|Any CPU
		{4588941A-4D5B-49C9-A902-C50F7E7C0867}.Debug|Mixed Platforms.ActiveCfg = Debug|Any CPU
		{4588941A-4D5B-49C9-A902-C50F7E7C0867}.Debug|Mixed Platforms.Build.0 = Debug|Any CPU
		{4588941A-4D5B-49C9-A902-C50F7E7C0867}.Debug|Windows Phone.ActiveCfg = Debug|Any CPU
		{4588941A-4D5B-49C9-A902-C50F7E7C0867}.Debug|x64.ActiveCfg = Debug|Any CPU
		{4588941A-4D5B-49C9-A902-C50F7E7C0867}.Debug|x86.ActiveCfg = Debug|Any CPU
		{4588941A-4D5B-49C9-A902-C50F7E7C0867}.Release with Documentation|.NET.ActiveCfg = Release|Any CPU
		{4588941A-4D5B-49C9-A902-C50F7E7C0867}.Release with Documentation|Any CPU.ActiveCfg = Release|Any CPU
		{4588941A-4D5B-49C9-A902-C50F7E7C0867}.Release with Documentation|Any CPU.Build.0 = Release|Any CPU
		{4588941A-4D5B-49C9-A902-C50F7E7C0867}.Release with Documentation|Mixed Platforms.ActiveCfg = Release|Any CPU
		{4588941A-4D5B-49C9-A902-C50F7E7C0867}.Release with Documentation|Mixed Platforms.Build.0 = Release|Any CPU
		{4588941A-4D5B-49C9-A902-C50F7E7C0867}.Release with Documentation|Windows Phone.ActiveCfg = Release|Any CPU
		{4588941A-4D5B-49C9-A902-C50F7E7C0867}.Release with Documentation|x64.ActiveCfg = Release|Any CPU
		{4588941A-4D5B-49C9-A902-C50F7E7C0867}.Release with Documentation|x86.ActiveCfg = Release|Any CPU
		{4588941A-4D5B-49C9-A902-C50F7E7C0867}.Release|.NET.ActiveCfg = Release|Any CPU
		{4588941A-4D5B-49C9-A902-C50F7E7C0867}.Release|Any CPU.ActiveCfg = Release|Any CPU
		{4588941A-4D5B-49C9-A902-C50F7E7C0867}.Release|Any CPU.Build.0 = Release|Any CPU
		{4588941A-4D5B-49C9-A902-C50F7E7C0867}.Release|Mixed Platforms.ActiveCfg = Release|Any CPU
		{4588941A-4D5B-49C9-A902-C50F7E7C0867}.Release|Mixed Platforms.Build.0 = Release|Any CPU
		{4588941A-4D5B-49C9-A902-C50F7E7C0867}.Release|Windows Phone.ActiveCfg = Release|Any CPU
		{4588941A-4D5B-49C9-A902-C50F7E7C0867}.Release|x64.ActiveCfg = Release|Any CPU
		{4588941A-4D5B-49C9-A902-C50F7E7C0867}.Release|x86.ActiveCfg = Release|Any CPU
		{2A0D71EE-8AB8-44D2-8299-AAE97281C698}.Debug|.NET.ActiveCfg = Debug|x86
		{2A0D71EE-8AB8-44D2-8299-AAE97281C698}.Debug|Any CPU.ActiveCfg = Debug|Any CPU
		{2A0D71EE-8AB8-44D2-8299-AAE97281C698}.Debug|Any CPU.Build.0 = Debug|Any CPU
		{2A0D71EE-8AB8-44D2-8299-AAE97281C698}.Debug|Mixed Platforms.ActiveCfg = Debug|x86
		{2A0D71EE-8AB8-44D2-8299-AAE97281C698}.Debug|Mixed Platforms.Build.0 = Debug|x86
		{2A0D71EE-8AB8-44D2-8299-AAE97281C698}.Debug|Windows Phone.ActiveCfg = Debug|x86
		{2A0D71EE-8AB8-44D2-8299-AAE97281C698}.Debug|x64.ActiveCfg = Debug|x64
		{2A0D71EE-8AB8-44D2-8299-AAE97281C698}.Debug|x64.Build.0 = Debug|x64
		{2A0D71EE-8AB8-44D2-8299-AAE97281C698}.Debug|x86.ActiveCfg = Debug|x86
		{2A0D71EE-8AB8-44D2-8299-AAE97281C698}.Debug|x86.Build.0 = Debug|x86
		{2A0D71EE-8AB8-44D2-8299-AAE97281C698}.Release with Documentation|.NET.ActiveCfg = Release|x86
		{2A0D71EE-8AB8-44D2-8299-AAE97281C698}.Release with Documentation|Any CPU.ActiveCfg = Release|x86
		{2A0D71EE-8AB8-44D2-8299-AAE97281C698}.Release with Documentation|Mixed Platforms.ActiveCfg = Release|x86
		{2A0D71EE-8AB8-44D2-8299-AAE97281C698}.Release with Documentation|Mixed Platforms.Build.0 = Release|x86
		{2A0D71EE-8AB8-44D2-8299-AAE97281C698}.Release with Documentation|Windows Phone.ActiveCfg = Release|x86
		{2A0D71EE-8AB8-44D2-8299-AAE97281C698}.Release with Documentation|x64.ActiveCfg = Release|x86
		{2A0D71EE-8AB8-44D2-8299-AAE97281C698}.Release with Documentation|x86.ActiveCfg = Release|x86
		{2A0D71EE-8AB8-44D2-8299-AAE97281C698}.Release with Documentation|x86.Build.0 = Release|x86
		{2A0D71EE-8AB8-44D2-8299-AAE97281C698}.Release|.NET.ActiveCfg = Release|x86
		{2A0D71EE-8AB8-44D2-8299-AAE97281C698}.Release|Any CPU.ActiveCfg = Release|Any CPU
		{2A0D71EE-8AB8-44D2-8299-AAE97281C698}.Release|Any CPU.Build.0 = Release|Any CPU
		{2A0D71EE-8AB8-44D2-8299-AAE97281C698}.Release|Mixed Platforms.ActiveCfg = Release|x86
		{2A0D71EE-8AB8-44D2-8299-AAE97281C698}.Release|Mixed Platforms.Build.0 = Release|x86
		{2A0D71EE-8AB8-44D2-8299-AAE97281C698}.Release|Windows Phone.ActiveCfg = Release|x86
		{2A0D71EE-8AB8-44D2-8299-AAE97281C698}.Release|x64.ActiveCfg = Release|x64
		{2A0D71EE-8AB8-44D2-8299-AAE97281C698}.Release|x64.Build.0 = Release|x64
		{2A0D71EE-8AB8-44D2-8299-AAE97281C698}.Release|x86.ActiveCfg = Release|x86
		{2A0D71EE-8AB8-44D2-8299-AAE97281C698}.Release|x86.Build.0 = Release|x86
		{7CEACCEE-E20F-4EF8-B4AF-A913844D7EBE}.Debug|.NET.ActiveCfg = Debug|Any CPU
		{7CEACCEE-E20F-4EF8-B4AF-A913844D7EBE}.Debug|Any CPU.ActiveCfg = Debug|Any CPU
		{7CEACCEE-E20F-4EF8-B4AF-A913844D7EBE}.Debug|Any CPU.Build.0 = Debug|Any CPU
		{7CEACCEE-E20F-4EF8-B4AF-A913844D7EBE}.Debug|Mixed Platforms.ActiveCfg = Debug|Any CPU
		{7CEACCEE-E20F-4EF8-B4AF-A913844D7EBE}.Debug|Mixed Platforms.Build.0 = Debug|Any CPU
		{7CEACCEE-E20F-4EF8-B4AF-A913844D7EBE}.Debug|Windows Phone.ActiveCfg = Debug|Any CPU
		{7CEACCEE-E20F-4EF8-B4AF-A913844D7EBE}.Debug|x64.ActiveCfg = Debug|Any CPU
		{7CEACCEE-E20F-4EF8-B4AF-A913844D7EBE}.Debug|x86.ActiveCfg = Debug|Any CPU
		{7CEACCEE-E20F-4EF8-B4AF-A913844D7EBE}.Release with Documentation|.NET.ActiveCfg = Release|Any CPU
		{7CEACCEE-E20F-4EF8-B4AF-A913844D7EBE}.Release with Documentation|Any CPU.ActiveCfg = Release|Any CPU
		{7CEACCEE-E20F-4EF8-B4AF-A913844D7EBE}.Release with Documentation|Any CPU.Build.0 = Release|Any CPU
		{7CEACCEE-E20F-4EF8-B4AF-A913844D7EBE}.Release with Documentation|Mixed Platforms.ActiveCfg = Release|Any CPU
		{7CEACCEE-E20F-4EF8-B4AF-A913844D7EBE}.Release with Documentation|Mixed Platforms.Build.0 = Release|Any CPU
		{7CEACCEE-E20F-4EF8-B4AF-A913844D7EBE}.Release with Documentation|Windows Phone.ActiveCfg = Release|Any CPU
		{7CEACCEE-E20F-4EF8-B4AF-A913844D7EBE}.Release with Documentation|x64.ActiveCfg = Release|Any CPU
		{7CEACCEE-E20F-4EF8-B4AF-A913844D7EBE}.Release with Documentation|x86.ActiveCfg = Release|Any CPU
		{7CEACCEE-E20F-4EF8-B4AF-A913844D7EBE}.Release|.NET.ActiveCfg = Release|Any CPU
		{7CEACCEE-E20F-4EF8-B4AF-A913844D7EBE}.Release|Any CPU.ActiveCfg = Release|Any CPU
		{7CEACCEE-E20F-4EF8-B4AF-A913844D7EBE}.Release|Any CPU.Build.0 = Release|Any CPU
		{7CEACCEE-E20F-4EF8-B4AF-A913844D7EBE}.Release|Mixed Platforms.ActiveCfg = Release|Any CPU
		{7CEACCEE-E20F-4EF8-B4AF-A913844D7EBE}.Release|Mixed Platforms.Build.0 = Release|Any CPU
		{7CEACCEE-E20F-4EF8-B4AF-A913844D7EBE}.Release|Windows Phone.ActiveCfg = Release|Any CPU
		{7CEACCEE-E20F-4EF8-B4AF-A913844D7EBE}.Release|x64.ActiveCfg = Release|Any CPU
		{7CEACCEE-E20F-4EF8-B4AF-A913844D7EBE}.Release|x86.ActiveCfg = Release|Any CPU
	EndGlobalSection
	GlobalSection(SolutionProperties) = preSolution
		HideSolutionNode = FALSE
	EndGlobalSection
	GlobalSection(NestedProjects) = preSolution
		{4BF05CAF-D152-4613-BED3-4CA8DD51A907} = {D78BDBFE-5E7B-4DD6-B578-80B1F7D1BFDC}
		{5CB72470-64A8-4618-938D-A063A0E4DD17} = {D78BDBFE-5E7B-4DD6-B578-80B1F7D1BFDC}
	EndGlobalSection
EndGlobal
