Microsoft Visual Studio Solution File, Format Version 11.00
# Visual Studio 2010
Project("{FAE04EC0-301F-11D3-BF4B-00C04F79EFBC}") = "MessagingToolkit.Barcode.Demo", "MessagingToolkit.Barcode.Demo\MessagingToolkit.Barcode.Demo.csproj", "{4BF05CAF-D152-4613-BED3-4CA8DD51A907}"
EndProject
Project("{FAE04EC0-301F-11D3-BF4B-00C04F79EFBC}") = "MessagingToolkit.Barcode.Web", "MessagingToolkit.Barcode.Web\MessagingToolkit.Barcode.Web.csproj", "{D85379C8-DA68-4E32-BD8D-1F8C4A4D7523}"
EndProject
Project("{FAE04EC0-301F-11D3-BF4B-00C04F79EFBC}") = "MessagingToolkit.Barcode.WPF.Demo", "MessagingToolkit.Barcode.WPF.Demo\MessagingToolkit.Barcode.WPF.Demo.csproj", "{4B8643AE-B35C-4F55-A9A3-02C81585AD1E}"
	ProjectSection(ProjectDependencies) = postProject
		{2A0D71EE-8AB8-44D2-8299-AAE97281C698} = {2A0D71EE-8AB8-44D2-8299-AAE97281C698}
	EndProjectSection
EndProject
Project("{FAE04EC0-301F-11D3-BF4B-00C04F79EFBC}") = "MessagingToolkit.Barcode", "MessagingToolkit.Barcode\MessagingToolkit.Barcode.csproj", "{2A0D71EE-8AB8-44D2-8299-AAE97281C698}"
EndProject
Project("{2150E333-8FDC-42A3-9474-1A3956D46DE8}") = "Solution Items", "Solution Items", "{9E1E6A57-6F3E-40C4-BBF4-12AA65B8AC94}"
EndProject
Project("{FAE04EC0-301F-11D3-BF4B-00C04F79EFBC}") = "MessagingToolkit.Barcode.Test", "MessagingToolkit.Barcode.Test\MessagingToolkit.Barcode.Test.csproj", "{2E58ACF5-074C-4F3B-833B-E1A366BD4E15}"
EndProject
Project("{FAE04EC0-301F-11D3-BF4B-00C04F79EFBC}") = "MessagingToolkit.Barcode.Silverlight.Demo", "MessagingToolkit.Barcode.Silverlight.Demo\MessagingToolkit.Barcode.Silverlight.Demo.csproj", "{FA4038A1-240C-4831-947C-79E384F23585}"
EndProject
Project("{FAE04EC0-301F-11D3-BF4B-00C04F79EFBC}") = "MessagingToolkit.Barcode.Silverlight.Demo.Web", "MessagingToolkit.Barcode.Silverlight.Demo.Web\MessagingToolkit.Barcode.Silverlight.Demo.Web.csproj", "{19D284CA-9E56-420B-9E9A-6BFD01E01452}"
EndProject
Project("{FAE04EC0-301F-11D3-BF4B-00C04F79EFBC}") = "MessagingToolkit.Barcode.Service.Demo", "MessagingToolkit.Barcode.Service.Demo\MessagingToolkit.Barcode.Service.Demo.csproj", "{CF88AEAE-5AB6-4B6E-8514-9356C61FA831}"
EndProject
Project("{FAE04EC0-301F-11D3-BF4B-00C04F79EFBC}") = "MessagingToolkit.Barcode.WPF", "MessagingToolkit.Barcode.WPF\MessagingToolkit.Barcode.WPF.csproj", "{7CEACCEE-E20F-4EF8-B4AF-A913844D7EBE}"
EndProject
Project("{FAE04EC0-301F-11D3-BF4B-00C04F79EFBC}") = "MessagingToolkit.Barcode.Silverlight4", "MessagingToolkit.Barcode.Silverlight4\MessagingToolkit.Barcode.Silverlight4.csproj", "{AFA0BC7B-04BB-4C36-89F5-077BAF8FA9C8}"
EndProject
Project("{FAE04EC0-301F-11D3-BF4B-00C04F79EFBC}") = "MessagingToolkit.Barcode.Silverlight3", "MessagingToolkit.Barcode.Silverlight3\MessagingToolkit.Barcode.Silverlight3.csproj", "{4588941A-4D5B-49C9-A902-C50F7E7C0867}"
EndProject
Project("{FAE04EC0-301F-11D3-BF4B-00C04F79EFBC}") = "MessagingToolkit.Barcode.WPF.Demo2", "MessagingToolkit.Barcode.WPF.Demo2\MessagingToolkit.Barcode.WPF.Demo2.csproj", "{68A06B19-D7DB-4197-8A79-C6860C38B599}"
EndProject
Project("{FAE04EC0-301F-11D3-BF4B-00C04F79EFBC}") = "MessagingToolkit.Barcode.Demo.CommandLineEncoder", "MessagingToolkit.Barcode.Demo.CommandLineEncoder\MessagingToolkit.Barcode.Demo.CommandLineEncoder.csproj", "{403AB005-A7BB-40D3-9A98-3D3DEEE87B0D}"
EndProject
Project("{FAE04EC0-301F-11D3-BF4B-00C04F79EFBC}") = "MessagingToolkit.Barcode.Demo.CommandLineRunner", "MessagingToolkit.Barcode.Demo.CommandLineRunner\MessagingToolkit.Barcode.Demo.CommandLineRunner.csproj", "{465400B9-23FE-4ECF-9F45-55BC093B3B01}"
EndProject
Project("{FAE04EC0-301F-11D3-BF4B-00C04F79EFBC}") = "MessagingToolkit.Barcode.WindowsPhone.App", "MessagingToolkit.Barcode.WindowsPhone.App\MessagingToolkit.Barcode.WindowsPhone.App.csproj", "{5CB72470-64A8-4618-938D-A063A0E4DD17}"
EndProject
Project("{FAE04EC0-301F-11D3-BF4B-00C04F79EFBC}") = "MessagingToolkit.Barcode.WindowsPhone71", "MessagingToolkit.Barcode.WindowsPhone71\MessagingToolkit.Barcode.WindowsPhone71.csproj", "{DCD19E35-90FA-49B0-A6B4-188DBF90385B}"
EndProject
Project("{FAE04EC0-301F-11D3-BF4B-00C04F79EFBC}") = "MessagingToolkit.Barcode.WindowsPhone70", "MessagingToolkit.Barcode.WindowsPhone70\MessagingToolkit.Barcode.WindowsPhone70.csproj", "{1F85D6F8-80A3-4D83-ABB1-891C1F7F8D70}"
EndProject
Global
	GlobalSection(SolutionConfigurationPlatforms) = preSolution
		Debug|.NET = Debug|.NET
		Debug|Any CPU = Debug|Any CPU
		Debug|Mixed Platforms = Debug|Mixed Platforms
		Debug|Windows Phone = Debug|Windows Phone
		Debug|x64 = Debug|x64
		Debug|x86 = Debug|x86
		Release with Documentation|.NET = Release with Documentation|.NET
		Release with Documentation|Any CPU = Release with Documentation|Any CPU
		Release with Documentation|Mixed Platforms = Release with Documentation|Mixed Platforms
		Release with Documentation|Windows Phone = Release with Documentation|Windows Phone
		Release with Documentation|x64 = Release with Documentation|x64
		Release with Documentation|x86 = Release with Documentation|x86
		Release|.NET = Release|.NET
		Release|Any CPU = Release|Any CPU
		Release|Mixed Platforms = Release|Mixed Platforms
		Release|Windows Phone = Release|Windows Phone
		Release|x64 = Release|x64
		Release|x86 = Release|x86
	EndGlobalSection
	GlobalSection(ProjectConfigurationPlatforms) = postSolution
		{4BF05CAF-D152-4613-BED3-4CA8DD51A907}.Debug|.NET.ActiveCfg = Debug|x64
		{4BF05CAF-D152-4613-BED3-4CA8DD51A907}.Debug|Any CPU.ActiveCfg = Debug|Any CPU
		{4BF05CAF-D152-4613-BED3-4CA8DD51A907}.Debug|Any CPU.Build.0 = Debug|Any CPU
		{4BF05CAF-D152-4613-BED3-4CA8DD51A907}.Debug|Mixed Platforms.ActiveCfg = Debug|Any CPU
		{4BF05CAF-D152-4613-BED3-4CA8DD51A907}.Debug|Mixed Platforms.Build.0 = Debug|Any CPU
		{4BF05CAF-D152-4613-BED3-4CA8DD51A907}.Debug|Windows Phone.ActiveCfg = Debug|x64
		{4BF05CAF-D152-4613-BED3-4CA8DD51A907}.Debug|x64.ActiveCfg = Debug|x64
		{4BF05CAF-D152-4613-BED3-4CA8DD51A907}.Debug|x86.ActiveCfg = Debug|x64
		{4BF05CAF-D152-4613-BED3-4CA8DD51A907}.Release with Documentation|.NET.ActiveCfg = Release|x64
		{4BF05CAF-D152-4613-BED3-4CA8DD51A907}.Release with Documentation|Any CPU.ActiveCfg = Release|x64
		{4BF05CAF-D152-4613-BED3-4CA8DD51A907}.Release with Documentation|Mixed Platforms.ActiveCfg = Release|x64
		{4BF05CAF-D152-4613-BED3-4CA8DD51A907}.Release with Documentation|Mixed Platforms.Build.0 = Release|x64
		{4BF05CAF-D152-4613-BED3-4CA8DD51A907}.Release with Documentation|Windows Phone.ActiveCfg = Release|x64
		{4BF05CAF-D152-4613-BED3-4CA8DD51A907}.Release with Documentation|x64.ActiveCfg = Release|x64
		{4BF05CAF-D152-4613-BED3-4CA8DD51A907}.Release with Documentation|x64.Build.0 = Release|x64
		{4BF05CAF-D152-4613-BED3-4CA8DD51A907}.Release with Documentation|x86.ActiveCfg = Release|x64
		{4BF05CAF-D152-4613-BED3-4CA8DD51A907}.Release|.NET.ActiveCfg = Release|x64
		{4BF05CAF-D152-4613-BED3-4CA8DD51A907}.Release|Any CPU.ActiveCfg = Release|Any CPU
		{4BF05CAF-D152-4613-BED3-4CA8DD51A907}.Release|Any CPU.Build.0 = Release|Any CPU
		{4BF05CAF-D152-4613-BED3-4CA8DD51A907}.Release|Mixed Platforms.ActiveCfg = Release|x64
		{4BF05CAF-D152-4613-BED3-4CA8DD51A907}.Release|Windows Phone.ActiveCfg = Release|x64
		{4BF05CAF-D152-4613-BED3-4CA8DD51A907}.Release|x64.ActiveCfg = Release|Any CPU
		{4BF05CAF-D152-4613-BED3-4CA8DD51A907}.Release|x86.ActiveCfg = Release|Any CPU
		{D85379C8-DA68-4E32-BD8D-1F8C4A4D7523}.Debug|.NET.ActiveCfg = Debug|Any CPU
		{D85379C8-DA68-4E32-BD8D-1F8C4A4D7523}.Debug|Any CPU.ActiveCfg = Debug|Any CPU
		{D85379C8-DA68-4E32-BD8D-1F8C4A4D7523}.Debug|Any CPU.Build.0 = Debug|Any CPU
		{D85379C8-DA68-4E32-BD8D-1F8C4A4D7523}.Debug|Mixed Platforms.ActiveCfg = Debug|Any CPU
		{D85379C8-DA68-4E32-BD8D-1F8C4A4D7523}.Debug|Mixed Platforms.Build.0 = Debug|Any CPU
		{D85379C8-DA68-4E32-BD8D-1F8C4A4D7523}.Debug|Windows Phone.ActiveCfg = Debug|Any CPU
		{D85379C8-DA68-4E32-BD8D-1F8C4A4D7523}.Debug|x64.ActiveCfg = Debug|Any CPU
		{D85379C8-DA68-4E32-BD8D-1F8C4A4D7523}.Debug|x86.ActiveCfg = Debug|Any CPU
		{D85379C8-DA68-4E32-BD8D-1F8C4A4D7523}.Release with Documentation|.NET.ActiveCfg = Release|Any CPU
		{D85379C8-DA68-4E32-BD8D-1F8C4A4D7523}.Release with Documentation|Any CPU.ActiveCfg = Release|Any CPU
		{D85379C8-DA68-4E32-BD8D-1F8C4A4D7523}.Release with Documentation|Any CPU.Build.0 = Release|Any CPU
		{D85379C8-DA68-4E32-BD8D-1F8C4A4D7523}.Release with Documentation|Mixed Platforms.ActiveCfg = Release|Any CPU
		{D85379C8-DA68-4E32-BD8D-1F8C4A4D7523}.Release with Documentation|Mixed Platforms.Build.0 = Release|Any CPU
		{D85379C8-DA68-4E32-BD8D-1F8C4A4D7523}.Release with Documentation|Windows Phone.ActiveCfg = Release|Any CPU
		{D85379C8-DA68-4E32-BD8D-1F8C4A4D7523}.Release with Documentation|x64.ActiveCfg = Release|Any CPU
		{D85379C8-DA68-4E32-BD8D-1F8C4A4D7523}.Release with Documentation|x86.ActiveCfg = Release|Any CPU
		{D85379C8-DA68-4E32-BD8D-1F8C4A4D7523}.Release|.NET.ActiveCfg = Release|Any CPU
		{D85379C8-DA68-4E32-BD8D-1F8C4A4D7523}.Release|Any CPU.ActiveCfg = Release|Any CPU
		{D85379C8-DA68-4E32-BD8D-1F8C4A4D7523}.Release|Any CPU.Build.0 = Release|Any CPU
		{D85379C8-DA68-4E32-BD8D-1F8C4A4D7523}.Release|Mixed Platforms.ActiveCfg = Release|Any CPU
		{D85379C8-DA68-4E32-BD8D-1F8C4A4D7523}.Release|Windows Phone.ActiveCfg = Release|Any CPU
		{D85379C8-DA68-4E32-BD8D-1F8C4A4D7523}.Release|x64.ActiveCfg = Release|Any CPU
		{D85379C8-DA68-4E32-BD8D-1F8C4A4D7523}.Release|x86.ActiveCfg = Release|Any CPU
		{4B8643AE-B35C-4F55-A9A3-02C81585AD1E}.Debug|.NET.ActiveCfg = Debug|x86
		{4B8643AE-B35C-4F55-A9A3-02C81585AD1E}.Debug|Any CPU.ActiveCfg = Debug|Any CPU
		{4B8643AE-B35C-4F55-A9A3-02C81585AD1E}.Debug|Any CPU.Build.0 = Debug|Any CPU
		{4B8643AE-B35C-4F55-A9A3-02C81585AD1E}.Debug|Mixed Platforms.ActiveCfg = Debug|Any CPU
		{4B8643AE-B35C-4F55-A9A3-02C81585AD1E}.Debug|Mixed Platforms.Build.0 = Debug|Any CPU
		{4B8643AE-B35C-4F55-A9A3-02C81585AD1E}.Debug|Windows Phone.ActiveCfg = Debug|Any CPU
		{4B8643AE-B35C-4F55-A9A3-02C81585AD1E}.Debug|x64.ActiveCfg = Debug|x86
		{4B8643AE-B35C-4F55-A9A3-02C81585AD1E}.Debug|x86.ActiveCfg = Debug|x86
		{4B8643AE-B35C-4F55-A9A3-02C81585AD1E}.Debug|x86.Build.0 = Debug|x86
		{4B8643AE-B35C-4F55-A9A3-02C81585AD1E}.Release with Documentation|.NET.ActiveCfg = Release|Any CPU
		{4B8643AE-B35C-4F55-A9A3-02C81585AD1E}.Release with Documentation|Any CPU.ActiveCfg = Release|Any CPU
		{4B8643AE-B35C-4F55-A9A3-02C81585AD1E}.Release with Documentation|Any CPU.Build.0 = Release|Any CPU
		{4B8643AE-B35C-4F55-A9A3-02C81585AD1E}.Release with Documentation|Mixed Platforms.ActiveCfg = Release|Any CPU
		{4B8643AE-B35C-4F55-A9A3-02C81585AD1E}.Release with Documentation|Mixed Platforms.Build.0 = Release|Any CPU
		{4B8643AE-B35C-4F55-A9A3-02C81585AD1E}.Release with Documentation|Windows Phone.ActiveCfg = Release|Any CPU
		{4B8643AE-B35C-4F55-A9A3-02C81585AD1E}.Release with Documentation|x64.ActiveCfg = Release|Any CPU
		{4B8643AE-B35C-4F55-A9A3-02C81585AD1E}.Release with Documentation|x86.ActiveCfg = Release|Any CPU
		{4B8643AE-B35C-4F55-A9A3-02C81585AD1E}.Release|.NET.ActiveCfg = Release|x86
		{4B8643AE-B35C-4F55-A9A3-02C81585AD1E}.Release|Any CPU.ActiveCfg = Release|Any CPU
		{4B8643AE-B35C-4F55-A9A3-02C81585AD1E}.Release|Any CPU.Build.0 = Release|Any CPU
		{4B8643AE-B35C-4F55-A9A3-02C81585AD1E}.Release|Mixed Platforms.ActiveCfg = Release|x86
		{4B8643AE-B35C-4F55-A9A3-02C81585AD1E}.Release|Mixed Platforms.Build.0 = Release|x86
		{4B8643AE-B35C-4F55-A9A3-02C81585AD1E}.Release|Windows Phone.ActiveCfg = Release|Any CPU
		{4B8643AE-B35C-4F55-A9A3-02C81585AD1E}.Release|x64.ActiveCfg = Release|Any CPU
		{4B8643AE-B35C-4F55-A9A3-02C81585AD1E}.Release|x86.ActiveCfg = Release|x86
		{4B8643AE-B35C-4F55-A9A3-02C81585AD1E}.Release|x86.Build.0 = Release|x86
		{2A0D71EE-8AB8-44D2-8299-AAE97281C698}.Debug|.NET.ActiveCfg = Debug|x86
		{2A0D71EE-8AB8-44D2-8299-AAE97281C698}.Debug|Any CPU.ActiveCfg = Debug|Any CPU
		{2A0D71EE-8AB8-44D2-8299-AAE97281C698}.Debug|Any CPU.Build.0 = Debug|Any CPU
		{2A0D71EE-8AB8-44D2-8299-AAE97281C698}.Debug|Mixed Platforms.ActiveCfg = Debug|Any CPU
		{2A0D71EE-8AB8-44D2-8299-AAE97281C698}.Debug|Mixed Platforms.Build.0 = Debug|Any CPU
		{2A0D71EE-8AB8-44D2-8299-AAE97281C698}.Debug|Windows Phone.ActiveCfg = Debug|x86
		{2A0D71EE-8AB8-44D2-8299-AAE97281C698}.Debug|x64.ActiveCfg = Debug|x64
		{2A0D71EE-8AB8-44D2-8299-AAE97281C698}.Debug|x64.Build.0 = Debug|x64
		{2A0D71EE-8AB8-44D2-8299-AAE97281C698}.Debug|x86.ActiveCfg = Debug|x86
		{2A0D71EE-8AB8-44D2-8299-AAE97281C698}.Debug|x86.Build.0 = Debug|x86
		{2A0D71EE-8AB8-44D2-8299-AAE97281C698}.Release with Documentation|.NET.ActiveCfg = Release|x86
		{2A0D71EE-8AB8-44D2-8299-AAE97281C698}.Release with Documentation|Any CPU.ActiveCfg = Release|x86
		{2A0D71EE-8AB8-44D2-8299-AAE97281C698}.Release with Documentation|Mixed Platforms.ActiveCfg = Release|x86
		{2A0D71EE-8AB8-44D2-8299-AAE97281C698}.Release with Documentation|Mixed Platforms.Build.0 = Release|x86
		{2A0D71EE-8AB8-44D2-8299-AAE97281C698}.Release with Documentation|Windows Phone.ActiveCfg = Release|x86
		{2A0D71EE-8AB8-44D2-8299-AAE97281C698}.Release with Documentation|x64.ActiveCfg = Release|x86
		{2A0D71EE-8AB8-44D2-8299-AAE97281C698}.Release with Documentation|x86.ActiveCfg = Release|x86
		{2A0D71EE-8AB8-44D2-8299-AAE97281C698}.Release with Documentation|x86.Build.0 = Release|x86
		{2A0D71EE-8AB8-44D2-8299-AAE97281C698}.Release|.NET.ActiveCfg = Release|x86
		{2A0D71EE-8AB8-44D2-8299-AAE97281C698}.Release|Any CPU.ActiveCfg = Release|Any CPU
		{2A0D71EE-8AB8-44D2-8299-AAE97281C698}.Release|Any CPU.Build.0 = Release|Any CPU
		{2A0D71EE-8AB8-44D2-8299-AAE97281C698}.Release|Mixed Platforms.ActiveCfg = Release|x86
		{2A0D71EE-8AB8-44D2-8299-AAE97281C698}.Release|Mixed Platforms.Build.0 = Release|x86
		{2A0D71EE-8AB8-44D2-8299-AAE97281C698}.Release|Windows Phone.ActiveCfg = Release|x86
		{2A0D71EE-8AB8-44D2-8299-AAE97281C698}.Release|x64.ActiveCfg = Release|Any CPU
		{2A0D71EE-8AB8-44D2-8299-AAE97281C698}.Release|x86.ActiveCfg = Release|x86
		{2A0D71EE-8AB8-44D2-8299-AAE97281C698}.Release|x86.Build.0 = Release|x86
		{2E58ACF5-074C-4F3B-833B-E1A366BD4E15}.Debug|.NET.ActiveCfg = Debug|Any CPU
		{2E58ACF5-074C-4F3B-833B-E1A366BD4E15}.Debug|Any CPU.ActiveCfg = Debug|Any CPU
		{2E58ACF5-074C-4F3B-833B-E1A366BD4E15}.Debug|Any CPU.Build.0 = Debug|Any CPU
		{2E58ACF5-074C-4F3B-833B-E1A366BD4E15}.Debug|Mixed Platforms.ActiveCfg = Debug|Any CPU
		{2E58ACF5-074C-4F3B-833B-E1A366BD4E15}.Debug|Mixed Platforms.Build.0 = Debug|Any CPU
		{2E58ACF5-074C-4F3B-833B-E1A366BD4E15}.Debug|Windows Phone.ActiveCfg = Debug|Any CPU
		{2E58ACF5-074C-4F3B-833B-E1A366BD4E15}.Debug|x64.ActiveCfg = Debug|Any CPU
		{2E58ACF5-074C-4F3B-833B-E1A366BD4E15}.Debug|x86.ActiveCfg = Debug|Any CPU
		{2E58ACF5-074C-4F3B-833B-E1A366BD4E15}.Release with Documentation|.NET.ActiveCfg = Release|Any CPU
		{2E58ACF5-074C-4F3B-833B-E1A366BD4E15}.Release with Documentation|Any CPU.ActiveCfg = Release|Any CPU
		{2E58ACF5-074C-4F3B-833B-E1A366BD4E15}.Release with Documentation|Any CPU.Build.0 = Release|Any CPU
		{2E58ACF5-074C-4F3B-833B-E1A366BD4E15}.Release with Documentation|Mixed Platforms.ActiveCfg = Release|Any CPU
		{2E58ACF5-074C-4F3B-833B-E1A366BD4E15}.Release with Documentation|Mixed Platforms.Build.0 = Release|Any CPU
		{2E58ACF5-074C-4F3B-833B-E1A366BD4E15}.Release with Documentation|Windows Phone.ActiveCfg = Release|Any CPU
		{2E58ACF5-074C-4F3B-833B-E1A366BD4E15}.Release with Documentation|x64.ActiveCfg = Release|Any CPU
		{2E58ACF5-074C-4F3B-833B-E1A366BD4E15}.Release with Documentation|x86.ActiveCfg = Release|Any CPU
		{2E58ACF5-074C-4F3B-833B-E1A366BD4E15}.Release|.NET.ActiveCfg = Release|Any CPU
		{2E58ACF5-074C-4F3B-833B-E1A366BD4E15}.Release|Any CPU.ActiveCfg = Release|Any CPU
		{2E58ACF5-074C-4F3B-833B-E1A366BD4E15}.Release|Any CPU.Build.0 = Release|Any CPU
		{2E58ACF5-074C-4F3B-833B-E1A366BD4E15}.Release|Mixed Platforms.ActiveCfg = Release|Any CPU
		{2E58ACF5-074C-4F3B-833B-E1A366BD4E15}.Release|Mixed Platforms.Build.0 = Release|Any CPU
		{2E58ACF5-074C-4F3B-833B-E1A366BD4E15}.Release|Windows Phone.ActiveCfg = Release|Any CPU
		{2E58ACF5-074C-4F3B-833B-E1A366BD4E15}.Release|x64.ActiveCfg = Release|Any CPU
		{2E58ACF5-074C-4F3B-833B-E1A366BD4E15}.Release|x86.ActiveCfg = Release|Any CPU
		{FA4038A1-240C-4831-947C-79E384F23585}.Debug|.NET.ActiveCfg = Debug|Any CPU
		{FA4038A1-240C-4831-947C-79E384F23585}.Debug|Any CPU.ActiveCfg = Debug|Any CPU
		{FA4038A1-240C-4831-947C-79E384F23585}.Debug|Any CPU.Build.0 = Debug|Any CPU
		{FA4038A1-240C-4831-947C-79E384F23585}.Debug|Mixed Platforms.ActiveCfg = Debug|Any CPU
		{FA4038A1-240C-4831-947C-79E384F23585}.Debug|Mixed Platforms.Build.0 = Debug|Any CPU
		{FA4038A1-240C-4831-947C-79E384F23585}.Debug|Windows Phone.ActiveCfg = Debug|Any CPU
		{FA4038A1-240C-4831-947C-79E384F23585}.Debug|x64.ActiveCfg = Debug|Any CPU
		{FA4038A1-240C-4831-947C-79E384F23585}.Debug|x86.ActiveCfg = Debug|Any CPU
		{FA4038A1-240C-4831-947C-79E384F23585}.Release with Documentation|.NET.ActiveCfg = Release|Any CPU
		{FA4038A1-240C-4831-947C-79E384F23585}.Release with Documentation|Any CPU.ActiveCfg = Release|Any CPU
		{FA4038A1-240C-4831-947C-79E384F23585}.Release with Documentation|Any CPU.Build.0 = Release|Any CPU
		{FA4038A1-240C-4831-947C-79E384F23585}.Release with Documentation|Mixed Platforms.ActiveCfg = Release|Any CPU
		{FA4038A1-240C-4831-947C-79E384F23585}.Release with Documentation|Mixed Platforms.Build.0 = Release|Any CPU
		{FA4038A1-240C-4831-947C-79E384F23585}.Release with Documentation|Windows Phone.ActiveCfg = Release|Any CPU
		{FA4038A1-240C-4831-947C-79E384F23585}.Release with Documentation|x64.ActiveCfg = Release|Any CPU
		{FA4038A1-240C-4831-947C-79E384F23585}.Release with Documentation|x86.ActiveCfg = Release|Any CPU
		{FA4038A1-240C-4831-947C-79E384F23585}.Release|.NET.ActiveCfg = Release|Any CPU
		{FA4038A1-240C-4831-947C-79E384F23585}.Release|Any CPU.ActiveCfg = Release|Any CPU
		{FA4038A1-240C-4831-947C-79E384F23585}.Release|Any CPU.Build.0 = Release|Any CPU
		{FA4038A1-240C-4831-947C-79E384F23585}.Release|Mixed Platforms.ActiveCfg = Release|Any CPU
		{FA4038A1-240C-4831-947C-79E384F23585}.Release|Mixed Platforms.Build.0 = Release|Any CPU
		{FA4038A1-240C-4831-947C-79E384F23585}.Release|Windows Phone.ActiveCfg = Release|Any CPU
		{FA4038A1-240C-4831-947C-79E384F23585}.Release|x64.ActiveCfg = Release|Any CPU
		{FA4038A1-240C-4831-947C-79E384F23585}.Release|x86.ActiveCfg = Release|Any CPU
		{19D284CA-9E56-420B-9E9A-6BFD01E01452}.Debug|.NET.ActiveCfg = Debug|Any CPU
		{19D284CA-9E56-420B-9E9A-6BFD01E01452}.Debug|Any CPU.ActiveCfg = Debug|Any CPU
		{19D284CA-9E56-420B-9E9A-6BFD01E01452}.Debug|Any CPU.Build.0 = Debug|Any CPU
		{19D284CA-9E56-420B-9E9A-6BFD01E01452}.Debug|Mixed Platforms.ActiveCfg = Debug|Any CPU
		{19D284CA-9E56-420B-9E9A-6BFD01E01452}.Debug|Mixed Platforms.Build.0 = Debug|Any CPU
		{19D284CA-9E56-420B-9E9A-6BFD01E01452}.Debug|Windows Phone.ActiveCfg = Debug|Any CPU
		{19D284CA-9E56-420B-9E9A-6BFD01E01452}.Debug|x64.ActiveCfg = Debug|Any CPU
		{19D284CA-9E56-420B-9E9A-6BFD01E01452}.Debug|x86.ActiveCfg = Debug|Any CPU
		{19D284CA-9E56-420B-9E9A-6BFD01E01452}.Release with Documentation|.NET.ActiveCfg = Release|Any CPU
		{19D284CA-9E56-420B-9E9A-6BFD01E01452}.Release with Documentation|Any CPU.ActiveCfg = Release|Any CPU
		{19D284CA-9E56-420B-9E9A-6BFD01E01452}.Release with Documentation|Any CPU.Build.0 = Release|Any CPU
		{19D284CA-9E56-420B-9E9A-6BFD01E01452}.Release with Documentation|Mixed Platforms.ActiveCfg = Release|Any CPU
		{19D284CA-9E56-420B-9E9A-6BFD01E01452}.Release with Documentation|Mixed Platforms.Build.0 = Release|Any CPU
		{19D284CA-9E56-420B-9E9A-6BFD01E01452}.Release with Documentation|Windows Phone.ActiveCfg = Release|Any CPU
		{19D284CA-9E56-420B-9E9A-6BFD01E01452}.Release with Documentation|x64.ActiveCfg = Release|Any CPU
		{19D284CA-9E56-420B-9E9A-6BFD01E01452}.Release with Documentation|x86.ActiveCfg = Release|Any CPU
		{19D284CA-9E56-420B-9E9A-6BFD01E01452}.Release|.NET.ActiveCfg = Release|Any CPU
		{19D284CA-9E56-420B-9E9A-6BFD01E01452}.Release|Any CPU.ActiveCfg = Release|Any CPU
		{19D284CA-9E56-420B-9E9A-6BFD01E01452}.Release|Any CPU.Build.0 = Release|Any CPU
		{19D284CA-9E56-420B-9E9A-6BFD01E01452}.Release|Mixed Platforms.ActiveCfg = Release|Any CPU
		{19D284CA-9E56-420B-9E9A-6BFD01E01452}.Release|Mixed Platforms.Build.0 = Release|Any CPU
		{19D284CA-9E56-420B-9E9A-6BFD01E01452}.Release|Windows Phone.ActiveCfg = Release|Any CPU
		{19D284CA-9E56-420B-9E9A-6BFD01E01452}.Release|x64.ActiveCfg = Release|Any CPU
		{19D284CA-9E56-420B-9E9A-6BFD01E01452}.Release|x86.ActiveCfg = Release|Any CPU
		{CF88AEAE-5AB6-4B6E-8514-9356C61FA831}.Debug|.NET.ActiveCfg = Debug|x86
		{CF88AEAE-5AB6-4B6E-8514-9356C61FA831}.Debug|Any CPU.ActiveCfg = Debug|Any CPU
		{CF88AEAE-5AB6-4B6E-8514-9356C61FA831}.Debug|Any CPU.Build.0 = Debug|Any CPU
		{CF88AEAE-5AB6-4B6E-8514-9356C61FA831}.Debug|Mixed Platforms.ActiveCfg = Debug|Any CPU
		{CF88AEAE-5AB6-4B6E-8514-9356C61FA831}.Debug|Mixed Platforms.Build.0 = Debug|Any CPU
		{CF88AEAE-5AB6-4B6E-8514-9356C61FA831}.Debug|Windows Phone.ActiveCfg = Debug|x86
		{CF88AEAE-5AB6-4B6E-8514-9356C61FA831}.Debug|x64.ActiveCfg = Debug|x86
		{CF88AEAE-5AB6-4B6E-8514-9356C61FA831}.Debug|x86.ActiveCfg = Debug|x86
		{CF88AEAE-5AB6-4B6E-8514-9356C61FA831}.Debug|x86.Build.0 = Debug|x86
		{CF88AEAE-5AB6-4B6E-8514-9356C61FA831}.Release with Documentation|.NET.ActiveCfg = Release|Any CPU
		{CF88AEAE-5AB6-4B6E-8514-9356C61FA831}.Release with Documentation|Any CPU.ActiveCfg = Release|Any CPU
		{CF88AEAE-5AB6-4B6E-8514-9356C61FA831}.Release with Documentation|Any CPU.Build.0 = Release|Any CPU
		{CF88AEAE-5AB6-4B6E-8514-9356C61FA831}.Release with Documentation|Mixed Platforms.ActiveCfg = Release|Any CPU
		{CF88AEAE-5AB6-4B6E-8514-9356C61FA831}.Release with Documentation|Mixed Platforms.Build.0 = Release|Any CPU
		{CF88AEAE-5AB6-4B6E-8514-9356C61FA831}.Release with Documentation|Windows Phone.ActiveCfg = Release|Any CPU
		{CF88AEAE-5AB6-4B6E-8514-9356C61FA831}.Release with Documentation|x64.ActiveCfg = Release|Any CPU
		{CF88AEAE-5AB6-4B6E-8514-9356C61FA831}.Release with Documentation|x86.ActiveCfg = Release|Any CPU
		{CF88AEAE-5AB6-4B6E-8514-9356C61FA831}.Release|.NET.ActiveCfg = Release|x86
		{CF88AEAE-5AB6-4B6E-8514-9356C61FA831}.Release|Any CPU.ActiveCfg = Release|Any CPU
		{CF88AEAE-5AB6-4B6E-8514-9356C61FA831}.Release|Any CPU.Build.0 = Release|Any CPU
		{CF88AEAE-5AB6-4B6E-8514-9356C61FA831}.Release|Mixed Platforms.ActiveCfg = Release|x86
		{CF88AEAE-5AB6-4B6E-8514-9356C61FA831}.Release|Mixed Platforms.Build.0 = Release|x86
		{CF88AEAE-5AB6-4B6E-8514-9356C61FA831}.Release|Windows Phone.ActiveCfg = Release|x86
		{CF88AEAE-5AB6-4B6E-8514-9356C61FA831}.Release|x64.ActiveCfg = Release|x86
		{CF88AEAE-5AB6-4B6E-8514-9356C61FA831}.Release|x86.ActiveCfg = Release|x86
		{CF88AEAE-5AB6-4B6E-8514-9356C61FA831}.Release|x86.Build.0 = Release|x86
		{7CEACCEE-E20F-4EF8-B4AF-A913844D7EBE}.Debug|.NET.ActiveCfg = Debug|Any CPU
		{7CEACCEE-E20F-4EF8-B4AF-A913844D7EBE}.Debug|Any CPU.ActiveCfg = Debug|Any CPU
		{7CEACCEE-E20F-4EF8-B4AF-A913844D7EBE}.Debug|Any CPU.Build.0 = Debug|Any CPU
		{7CEACCEE-E20F-4EF8-B4AF-A913844D7EBE}.Debug|Mixed Platforms.ActiveCfg = Debug|Any CPU
		{7CEACCEE-E20F-4EF8-B4AF-A913844D7EBE}.Debug|Mixed Platforms.Build.0 = Debug|Any CPU
		{7CEACCEE-E20F-4EF8-B4AF-A913844D7EBE}.Debug|Windows Phone.ActiveCfg = Debug|Any CPU
		{7CEACCEE-E20F-4EF8-B4AF-A913844D7EBE}.Debug|x64.ActiveCfg = Debug|Any CPU
		{7CEACCEE-E20F-4EF8-B4AF-A913844D7EBE}.Debug|x86.ActiveCfg = Debug|Any CPU
		{7CEACCEE-E20F-4EF8-B4AF-A913844D7EBE}.Release with Documentation|.NET.ActiveCfg = Release|Any CPU
		{7CEACCEE-E20F-4EF8-B4AF-A913844D7EBE}.Release with Documentation|Any CPU.ActiveCfg = Release|Any CPU
		{7CEACCEE-E20F-4EF8-B4AF-A913844D7EBE}.Release with Documentation|Any CPU.Build.0 = Release|Any CPU
		{7CEACCEE-E20F-4EF8-B4AF-A913844D7EBE}.Release with Documentation|Mixed Platforms.ActiveCfg = Release|Any CPU
		{7CEACCEE-E20F-4EF8-B4AF-A913844D7EBE}.Release with Documentation|Mixed Platforms.Build.0 = Release|Any CPU
		{7CEACCEE-E20F-4EF8-B4AF-A913844D7EBE}.Release with Documentation|Windows Phone.ActiveCfg = Release|Any CPU
		{7CEACCEE-E20F-4EF8-B4AF-A913844D7EBE}.Release with Documentation|x64.ActiveCfg = Release|Any CPU
		{7CEACCEE-E20F-4EF8-B4AF-A913844D7EBE}.Release with Documentation|x86.ActiveCfg = Release|Any CPU
		{7CEACCEE-E20F-4EF8-B4AF-A913844D7EBE}.Release|.NET.ActiveCfg = Release|Any CPU
		{7CEACCEE-E20F-4EF8-B4AF-A913844D7EBE}.Release|Any CPU.ActiveCfg = Release|Any CPU
		{7CEACCEE-E20F-4EF8-B4AF-A913844D7EBE}.Release|Any CPU.Build.0 = Release|Any CPU
		{7CEACCEE-E20F-4EF8-B4AF-A913844D7EBE}.Release|Mixed Platforms.ActiveCfg = Release|Any CPU
		{7CEACCEE-E20F-4EF8-B4AF-A913844D7EBE}.Release|Mixed Platforms.Build.0 = Release|Any CPU
		{7CEACCEE-E20F-4EF8-B4AF-A913844D7EBE}.Release|Windows Phone.ActiveCfg = Release|Any CPU
		{7CEACCEE-E20F-4EF8-B4AF-A913844D7EBE}.Release|x64.ActiveCfg = Release|Any CPU
		{7CEACCEE-E20F-4EF8-B4AF-A913844D7EBE}.Release|x86.ActiveCfg = Release|Any CPU
		{AFA0BC7B-04BB-4C36-89F5-077BAF8FA9C8}.Debug|.NET.ActiveCfg = Debug|Any CPU
		{AFA0BC7B-04BB-4C36-89F5-077BAF8FA9C8}.Debug|Any CPU.ActiveCfg = Debug|Any CPU
		{AFA0BC7B-04BB-4C36-89F5-077BAF8FA9C8}.Debug|Any CPU.Build.0 = Debug|Any CPU
		{AFA0BC7B-04BB-4C36-89F5-077BAF8FA9C8}.Debug|Mixed Platforms.ActiveCfg = Debug|Any CPU
		{AFA0BC7B-04BB-4C36-89F5-077BAF8FA9C8}.Debug|Mixed Platforms.Build.0 = Debug|Any CPU
		{AFA0BC7B-04BB-4C36-89F5-077BAF8FA9C8}.Debug|Windows Phone.ActiveCfg = Debug|Any CPU
		{AFA0BC7B-04BB-4C36-89F5-077BAF8FA9C8}.Debug|x64.ActiveCfg = Debug|Any CPU
		{AFA0BC7B-04BB-4C36-89F5-077BAF8FA9C8}.Debug|x86.ActiveCfg = Debug|Any CPU
		{AFA0BC7B-04BB-4C36-89F5-077BAF8FA9C8}.Release with Documentation|.NET.ActiveCfg = Release|Any CPU
		{AFA0BC7B-04BB-4C36-89F5-077BAF8FA9C8}.Release with Documentation|Any CPU.ActiveCfg = Release|Any CPU
		{AFA0BC7B-04BB-4C36-89F5-077BAF8FA9C8}.Release with Documentation|Any CPU.Build.0 = Release|Any CPU
		{AFA0BC7B-04BB-4C36-89F5-077BAF8FA9C8}.Release with Documentation|Mixed Platforms.ActiveCfg = Release|Any CPU
		{AFA0BC7B-04BB-4C36-89F5-077BAF8FA9C8}.Release with Documentation|Mixed Platforms.Build.0 = Release|Any CPU
		{AFA0BC7B-04BB-4C36-89F5-077BAF8FA9C8}.Release with Documentation|Windows Phone.ActiveCfg = Release|Any CPU
		{AFA0BC7B-04BB-4C36-89F5-077BAF8FA9C8}.Release with Documentation|x64.ActiveCfg = Release|Any CPU
		{AFA0BC7B-04BB-4C36-89F5-077BAF8FA9C8}.Release with Documentation|x86.ActiveCfg = Release|Any CPU
		{AFA0BC7B-04BB-4C36-89F5-077BAF8FA9C8}.Release|.NET.ActiveCfg = Release|Any CPU
		{AFA0BC7B-04BB-4C36-89F5-077BAF8FA9C8}.Release|Any CPU.ActiveCfg = Release|Any CPU
		{AFA0BC7B-04BB-4C36-89F5-077BAF8FA9C8}.Release|Any CPU.Build.0 = Release|Any CPU
		{AFA0BC7B-04BB-4C36-89F5-077BAF8FA9C8}.Release|Mixed Platforms.ActiveCfg = Release|Any CPU
		{AFA0BC7B-04BB-4C36-89F5-077BAF8FA9C8}.Release|Mixed Platforms.Build.0 = Release|Any CPU
		{AFA0BC7B-04BB-4C36-89F5-077BAF8FA9C8}.Release|Windows Phone.ActiveCfg = Release|Any CPU
		{AFA0BC7B-04BB-4C36-89F5-077BAF8FA9C8}.Release|x64.ActiveCfg = Release|Any CPU
		{AFA0BC7B-04BB-4C36-89F5-077BAF8FA9C8}.Release|x86.ActiveCfg = Release|Any CPU
		{4588941A-4D5B-49C9-A902-C50F7E7C0867}.Debug|.NET.ActiveCfg = Debug|Any CPU
		{4588941A-4D5B-49C9-A902-C50F7E7C0867}.Debug|Any CPU.ActiveCfg = Debug|Any CPU
		{4588941A-4D5B-49C9-A902-C50F7E7C0867}.Debug|Any CPU.Build.0 = Debug|Any CPU
		{4588941A-4D5B-49C9-A902-C50F7E7C0867}.Debug|Mixed Platforms.ActiveCfg = Debug|Any CPU
		{4588941A-4D5B-49C9-A902-C50F7E7C0867}.Debug|Mixed Platforms.Build.0 = Debug|Any CPU
		{4588941A-4D5B-49C9-A902-C50F7E7C0867}.Debug|Windows Phone.ActiveCfg = Debug|Any CPU
		{4588941A-4D5B-49C9-A902-C50F7E7C0867}.Debug|x64.ActiveCfg = Debug|Any CPU
		{4588941A-4D5B-49C9-A902-C50F7E7C0867}.Debug|x86.ActiveCfg = Debug|Any CPU
		{4588941A-4D5B-49C9-A902-C50F7E7C0867}.Release with Documentation|.NET.ActiveCfg = Release|Any CPU
		{4588941A-4D5B-49C9-A902-C50F7E7C0867}.Release with Documentation|Any CPU.ActiveCfg = Release|Any CPU
		{4588941A-4D5B-49C9-A902-C50F7E7C0867}.Release with Documentation|Any CPU.Build.0 = Release|Any CPU
		{4588941A-4D5B-49C9-A902-C50F7E7C0867}.Release with Documentation|Mixed Platforms.ActiveCfg = Release|Any CPU
		{4588941A-4D5B-49C9-A902-C50F7E7C0867}.Release with Documentation|Mixed Platforms.Build.0 = Release|Any CPU
		{4588941A-4D5B-49C9-A902-C50F7E7C0867}.Release with Documentation|Windows Phone.ActiveCfg = Release|Any CPU
		{4588941A-4D5B-49C9-A902-C50F7E7C0867}.Release with Documentation|x64.ActiveCfg = Release|Any CPU
		{4588941A-4D5B-49C9-A902-C50F7E7C0867}.Release with Documentation|x86.ActiveCfg = Release|Any CPU
		{4588941A-4D5B-49C9-A902-C50F7E7C0867}.Release|.NET.ActiveCfg = Release|Any CPU
		{4588941A-4D5B-49C9-A902-C50F7E7C0867}.Release|Any CPU.ActiveCfg = Release|Any CPU
		{4588941A-4D5B-49C9-A902-C50F7E7C0867}.Release|Any CPU.Build.0 = Release|Any CPU
		{4588941A-4D5B-49C9-A902-C50F7E7C0867}.Release|Mixed Platforms.ActiveCfg = Release|Any CPU
		{4588941A-4D5B-49C9-A902-C50F7E7C0867}.Release|Mixed Platforms.Build.0 = Release|Any CPU
		{4588941A-4D5B-49C9-A902-C50F7E7C0867}.Release|Windows Phone.ActiveCfg = Release|Any CPU
		{4588941A-4D5B-49C9-A902-C50F7E7C0867}.Release|x64.ActiveCfg = Release|Any CPU
		{4588941A-4D5B-49C9-A902-C50F7E7C0867}.Release|x86.ActiveCfg = Release|Any CPU
		{68A06B19-D7DB-4197-8A79-C6860C38B599}.Debug|.NET.ActiveCfg = Debug|x86
		{68A06B19-D7DB-4197-8A79-C6860C38B599}.Debug|Any CPU.ActiveCfg = Debug|Any CPU
		{68A06B19-D7DB-4197-8A79-C6860C38B599}.Debug|Any CPU.Build.0 = Debug|Any CPU
		{68A06B19-D7DB-4197-8A79-C6860C38B599}.Debug|Mixed Platforms.ActiveCfg = Debug|x86
		{68A06B19-D7DB-4197-8A79-C6860C38B599}.Debug|Mixed Platforms.Build.0 = Debug|x86
		{68A06B19-D7DB-4197-8A79-C6860C38B599}.Debug|Windows Phone.ActiveCfg = Debug|x86
		{68A06B19-D7DB-4197-8A79-C6860C38B599}.Debug|x64.ActiveCfg = Debug|x86
		{68A06B19-D7DB-4197-8A79-C6860C38B599}.Debug|x86.ActiveCfg = Debug|x86
		{68A06B19-D7DB-4197-8A79-C6860C38B599}.Debug|x86.Build.0 = Debug|x86
		{68A06B19-D7DB-4197-8A79-C6860C38B599}.Release with Documentation|.NET.ActiveCfg = Release|x86
		{68A06B19-D7DB-4197-8A79-C6860C38B599}.Release with Documentation|Any CPU.ActiveCfg = Release|x86
		{68A06B19-D7DB-4197-8A79-C6860C38B599}.Release with Documentation|Mixed Platforms.ActiveCfg = Release|x86
		{68A06B19-D7DB-4197-8A79-C6860C38B599}.Release with Documentation|Mixed Platforms.Build.0 = Release|x86
		{68A06B19-D7DB-4197-8A79-C6860C38B599}.Release with Documentation|Windows Phone.ActiveCfg = Release|x86
		{68A06B19-D7DB-4197-8A79-C6860C38B599}.Release with Documentation|x64.ActiveCfg = Release|x86
		{68A06B19-D7DB-4197-8A79-C6860C38B599}.Release with Documentation|x86.ActiveCfg = Release|x86
		{68A06B19-D7DB-4197-8A79-C6860C38B599}.Release with Documentation|x86.Build.0 = Release|x86
		{68A06B19-D7DB-4197-8A79-C6860C38B599}.Release|.NET.ActiveCfg = Release|x86
		{68A06B19-D7DB-4197-8A79-C6860C38B599}.Release|Any CPU.ActiveCfg = Release|Any CPU
		{68A06B19-D7DB-4197-8A79-C6860C38B599}.Release|Any CPU.Build.0 = Release|Any CPU
		{68A06B19-D7DB-4197-8A79-C6860C38B599}.Release|Mixed Platforms.ActiveCfg = Release|x86
		{68A06B19-D7DB-4197-8A79-C6860C38B599}.Release|Mixed Platforms.Build.0 = Release|x86
		{68A06B19-D7DB-4197-8A79-C6860C38B599}.Release|Windows Phone.ActiveCfg = Release|x86
		{68A06B19-D7DB-4197-8A79-C6860C38B599}.Release|x64.ActiveCfg = Release|x86
		{68A06B19-D7DB-4197-8A79-C6860C38B599}.Release|x86.ActiveCfg = Release|x86
		{68A06B19-D7DB-4197-8A79-C6860C38B599}.Release|x86.Build.0 = Release|x86
		{403AB005-A7BB-40D3-9A98-3D3DEEE87B0D}.Debug|.NET.ActiveCfg = Debug|Any CPU
		{403AB005-A7BB-40D3-9A98-3D3DEEE87B0D}.Debug|Any CPU.ActiveCfg = Debug|Any CPU
		{403AB005-A7BB-40D3-9A98-3D3DEEE87B0D}.Debug|Any CPU.Build.0 = Debug|Any CPU
		{403AB005-A7BB-40D3-9A98-3D3DEEE87B0D}.Debug|Mixed Platforms.ActiveCfg = Debug|Any CPU
		{403AB005-A7BB-40D3-9A98-3D3DEEE87B0D}.Debug|Mixed Platforms.Build.0 = Debug|Any CPU
		{403AB005-A7BB-40D3-9A98-3D3DEEE87B0D}.Debug|Windows Phone.ActiveCfg = Debug|Any CPU
		{403AB005-A7BB-40D3-9A98-3D3DEEE87B0D}.Debug|x64.ActiveCfg = Debug|x86
		{403AB005-A7BB-40D3-9A98-3D3DEEE87B0D}.Debug|x86.ActiveCfg = Debug|x86
		{403AB005-A7BB-40D3-9A98-3D3DEEE87B0D}.Debug|x86.Build.0 = Debug|x86
		{403AB005-A7BB-40D3-9A98-3D3DEEE87B0D}.Release with Documentation|.NET.ActiveCfg = Release|Any CPU
		{403AB005-A7BB-40D3-9A98-3D3DEEE87B0D}.Release with Documentation|Any CPU.ActiveCfg = Release|Any CPU
		{403AB005-A7BB-40D3-9A98-3D3DEEE87B0D}.Release with Documentation|Any CPU.Build.0 = Release|Any CPU
		{403AB005-A7BB-40D3-9A98-3D3DEEE87B0D}.Release with Documentation|Mixed Platforms.ActiveCfg = Release|Any CPU
		{403AB005-A7BB-40D3-9A98-3D3DEEE87B0D}.Release with Documentation|Mixed Platforms.Build.0 = Release|Any CPU
		{403AB005-A7BB-40D3-9A98-3D3DEEE87B0D}.Release with Documentation|Windows Phone.ActiveCfg = Release|Any CPU
		{403AB005-A7BB-40D3-9A98-3D3DEEE87B0D}.Release with Documentation|x64.ActiveCfg = Release|Any CPU
		{403AB005-A7BB-40D3-9A98-3D3DEEE87B0D}.Release with Documentation|x86.ActiveCfg = Release|Any CPU
		{403AB005-A7BB-40D3-9A98-3D3DEEE87B0D}.Release|.NET.ActiveCfg = Release|Any CPU
		{403AB005-A7BB-40D3-9A98-3D3DEEE87B0D}.Release|Any CPU.ActiveCfg = Release|Any CPU
		{403AB005-A7BB-40D3-9A98-3D3DEEE87B0D}.Release|Any CPU.Build.0 = Release|Any CPU
		{403AB005-A7BB-40D3-9A98-3D3DEEE87B0D}.Release|Mixed Platforms.ActiveCfg = Release|Any CPU
		{403AB005-A7BB-40D3-9A98-3D3DEEE87B0D}.Release|Mixed Platforms.Build.0 = Release|Any CPU
		{403AB005-A7BB-40D3-9A98-3D3DEEE87B0D}.Release|Windows Phone.ActiveCfg = Release|Any CPU
		{403AB005-A7BB-40D3-9A98-3D3DEEE87B0D}.Release|x64.ActiveCfg = Release|x86
		{403AB005-A7BB-40D3-9A98-3D3DEEE87B0D}.Release|x86.ActiveCfg = Release|x86
		{403AB005-A7BB-40D3-9A98-3D3DEEE87B0D}.Release|x86.Build.0 = Release|x86
		{465400B9-23FE-4ECF-9F45-55BC093B3B01}.Debug|.NET.ActiveCfg = Debug|Any CPU
		{465400B9-23FE-4ECF-9F45-55BC093B3B01}.Debug|Any CPU.ActiveCfg = Debug|Any CPU
		{465400B9-23FE-4ECF-9F45-55BC093B3B01}.Debug|Any CPU.Build.0 = Debug|Any CPU
		{465400B9-23FE-4ECF-9F45-55BC093B3B01}.Debug|Mixed Platforms.ActiveCfg = Debug|Any CPU
		{465400B9-23FE-4ECF-9F45-55BC093B3B01}.Debug|Mixed Platforms.Build.0 = Debug|Any CPU
		{465400B9-23FE-4ECF-9F45-55BC093B3B01}.Debug|Windows Phone.ActiveCfg = Debug|Any CPU
		{465400B9-23FE-4ECF-9F45-55BC093B3B01}.Debug|x64.ActiveCfg = Debug|x86
		{465400B9-23FE-4ECF-9F45-55BC093B3B01}.Debug|x86.ActiveCfg = Debug|x86
		{465400B9-23FE-4ECF-9F45-55BC093B3B01}.Debug|x86.Build.0 = Debug|x86
		{465400B9-23FE-4ECF-9F45-55BC093B3B01}.Release with Documentation|.NET.ActiveCfg = Release|Any CPU
		{465400B9-23FE-4ECF-9F45-55BC093B3B01}.Release with Documentation|Any CPU.ActiveCfg = Release|Any CPU
		{465400B9-23FE-4ECF-9F45-55BC093B3B01}.Release with Documentation|Any CPU.Build.0 = Release|Any CPU
		{465400B9-23FE-4ECF-9F45-55BC093B3B01}.Release with Documentation|Mixed Platforms.ActiveCfg = Release|Any CPU
		{465400B9-23FE-4ECF-9F45-55BC093B3B01}.Release with Documentation|Mixed Platforms.Build.0 = Release|Any CPU
		{465400B9-23FE-4ECF-9F45-55BC093B3B01}.Release with Documentation|Windows Phone.ActiveCfg = Release|Any CPU
		{465400B9-23FE-4ECF-9F45-55BC093B3B01}.Release with Documentation|x64.ActiveCfg = Release|Any CPU
		{465400B9-23FE-4ECF-9F45-55BC093B3B01}.Release with Documentation|x86.ActiveCfg = Release|Any CPU
		{465400B9-23FE-4ECF-9F45-55BC093B3B01}.Release|.NET.ActiveCfg = Release|Any CPU
		{465400B9-23FE-4ECF-9F45-55BC093B3B01}.Release|Any CPU.ActiveCfg = Release|Any CPU
		{465400B9-23FE-4ECF-9F45-55BC093B3B01}.Release|Any CPU.Build.0 = Release|Any CPU
		{465400B9-23FE-4ECF-9F45-55BC093B3B01}.Release|Mixed Platforms.ActiveCfg = Release|Any CPU
		{465400B9-23FE-4ECF-9F45-55BC093B3B01}.Release|Mixed Platforms.Build.0 = Release|Any CPU
		{465400B9-23FE-4ECF-9F45-55BC093B3B01}.Release|Windows Phone.ActiveCfg = Release|Any CPU
		{465400B9-23FE-4ECF-9F45-55BC093B3B01}.Release|x64.ActiveCfg = Release|x86
		{465400B9-23FE-4ECF-9F45-55BC093B3B01}.Release|x86.ActiveCfg = Release|x86
		{465400B9-23FE-4ECF-9F45-55BC093B3B01}.Release|x86.Build.0 = Release|x86
		{5CB72470-64A8-4618-938D-A063A0E4DD17}.Debug|.NET.ActiveCfg = Debug|Any CPU
		{5CB72470-64A8-4618-938D-A063A0E4DD17}.Debug|Any CPU.ActiveCfg = Debug|Any CPU
		{5CB72470-64A8-4618-938D-A063A0E4DD17}.Debug|Any CPU.Build.0 = Debug|Any CPU
		{5CB72470-64A8-4618-938D-A063A0E4DD17}.Debug|Any CPU.Deploy.0 = Debug|Any CPU
		{5CB72470-64A8-4618-938D-A063A0E4DD17}.Debug|Mixed Platforms.ActiveCfg = Debug|Any CPU
		{5CB72470-64A8-4618-938D-A063A0E4DD17}.Debug|Mixed Platforms.Build.0 = Debug|Any CPU
		{5CB72470-64A8-4618-938D-A063A0E4DD17}.Debug|Mixed Platforms.Deploy.0 = Debug|Any CPU
		{5CB72470-64A8-4618-938D-A063A0E4DD17}.Debug|Windows Phone.ActiveCfg = Debug|Any CPU
		{5CB72470-64A8-4618-938D-A063A0E4DD17}.Debug|x64.ActiveCfg = Debug|Any CPU
		{5CB72470-64A8-4618-938D-A063A0E4DD17}.Debug|x86.ActiveCfg = Debug|Any CPU
		{5CB72470-64A8-4618-938D-A063A0E4DD17}.Release with Documentation|.NET.ActiveCfg = Release|Any CPU
		{5CB72470-64A8-4618-938D-A063A0E4DD17}.Release with Documentation|Any CPU.ActiveCfg = Release|Any CPU
		{5CB72470-64A8-4618-938D-A063A0E4DD17}.Release with Documentation|Any CPU.Build.0 = Release|Any CPU
		{5CB72470-64A8-4618-938D-A063A0E4DD17}.Release with Documentation|Any CPU.Deploy.0 = Release|Any CPU
		{5CB72470-64A8-4618-938D-A063A0E4DD17}.Release with Documentation|Mixed Platforms.ActiveCfg = Release|Any CPU
		{5CB72470-64A8-4618-938D-A063A0E4DD17}.Release with Documentation|Mixed Platforms.Build.0 = Release|Any CPU
		{5CB72470-64A8-4618-938D-A063A0E4DD17}.Release with Documentation|Mixed Platforms.Deploy.0 = Release|Any CPU
		{5CB72470-64A8-4618-938D-A063A0E4DD17}.Release with Documentation|Windows Phone.ActiveCfg = Release|Any CPU
		{5CB72470-64A8-4618-938D-A063A0E4DD17}.Release with Documentation|x64.ActiveCfg = Release|Any CPU
		{5CB72470-64A8-4618-938D-A063A0E4DD17}.Release with Documentation|x86.ActiveCfg = Release|Any CPU
		{5CB72470-64A8-4618-938D-A063A0E4DD17}.Release|.NET.ActiveCfg = Release|Any CPU
		{5CB72470-64A8-4618-938D-A063A0E4DD17}.Release|Any CPU.ActiveCfg = Release|Any CPU
		{5CB72470-64A8-4618-938D-A063A0E4DD17}.Release|Any CPU.Build.0 = Release|Any CPU
		{5CB72470-64A8-4618-938D-A063A0E4DD17}.Release|Any CPU.Deploy.0 = Release|Any CPU
		{5CB72470-64A8-4618-938D-A063A0E4DD17}.Release|Mixed Platforms.ActiveCfg = Release|Any CPU
		{5CB72470-64A8-4618-938D-A063A0E4DD17}.Release|Mixed Platforms.Build.0 = Release|Any CPU
		{5CB72470-64A8-4618-938D-A063A0E4DD17}.Release|Mixed Platforms.Deploy.0 = Release|Any CPU
		{5CB72470-64A8-4618-938D-A063A0E4DD17}.Release|Windows Phone.ActiveCfg = Release|Any CPU
		{5CB72470-64A8-4618-938D-A063A0E4DD17}.Release|x64.ActiveCfg = Release|Any CPU
		{5CB72470-64A8-4618-938D-A063A0E4DD17}.Release|x86.ActiveCfg = Release|Any CPU
		{DCD19E35-90FA-49B0-A6B4-188DBF90385B}.Debug|.NET.ActiveCfg = Debug|Any CPU
		{DCD19E35-90FA-49B0-A6B4-188DBF90385B}.Debug|Any CPU.ActiveCfg = Debug|Any CPU
		{DCD19E35-90FA-49B0-A6B4-188DBF90385B}.Debug|Any CPU.Build.0 = Debug|Any CPU
		{DCD19E35-90FA-49B0-A6B4-188DBF90385B}.Debug|Mixed Platforms.ActiveCfg = Debug|Any CPU
		{DCD19E35-90FA-49B0-A6B4-188DBF90385B}.Debug|Mixed Platforms.Build.0 = Debug|Any CPU
		{DCD19E35-90FA-49B0-A6B4-188DBF90385B}.Debug|Windows Phone.ActiveCfg = Debug|Any CPU
		{DCD19E35-90FA-49B0-A6B4-188DBF90385B}.Debug|x64.ActiveCfg = Debug|Any CPU
		{DCD19E35-90FA-49B0-A6B4-188DBF90385B}.Debug|x86.ActiveCfg = Debug|Any CPU
		{DCD19E35-90FA-49B0-A6B4-188DBF90385B}.Release with Documentation|.NET.ActiveCfg = Release|Any CPU
		{DCD19E35-90FA-49B0-A6B4-188DBF90385B}.Release with Documentation|Any CPU.ActiveCfg = Release|Any CPU
		{DCD19E35-90FA-49B0-A6B4-188DBF90385B}.Release with Documentation|Any CPU.Build.0 = Release|Any CPU
		{DCD19E35-90FA-49B0-A6B4-188DBF90385B}.Release with Documentation|Mixed Platforms.ActiveCfg = Release|Any CPU
		{DCD19E35-90FA-49B0-A6B4-188DBF90385B}.Release with Documentation|Mixed Platforms.Build.0 = Release|Any CPU
		{DCD19E35-90FA-49B0-A6B4-188DBF90385B}.Release with Documentation|Windows Phone.ActiveCfg = Release|Any CPU
		{DCD19E35-90FA-49B0-A6B4-188DBF90385B}.Release with Documentation|x64.ActiveCfg = Release|Any CPU
		{DCD19E35-90FA-49B0-A6B4-188DBF90385B}.Release with Documentation|x86.ActiveCfg = Release|Any CPU
		{DCD19E35-90FA-49B0-A6B4-188DBF90385B}.Release|.NET.ActiveCfg = Release|Any CPU
		{DCD19E35-90FA-49B0-A6B4-188DBF90385B}.Release|Any CPU.ActiveCfg = Release|Any CPU
		{DCD19E35-90FA-49B0-A6B4-188DBF90385B}.Release|Any CPU.Build.0 = Release|Any CPU
		{DCD19E35-90FA-49B0-A6B4-188DBF90385B}.Release|Mixed Platforms.ActiveCfg = Release|Any CPU
		{DCD19E35-90FA-49B0-A6B4-188DBF90385B}.Release|Mixed Platforms.Build.0 = Release|Any CPU
		{DCD19E35-90FA-49B0-A6B4-188DBF90385B}.Release|Windows Phone.ActiveCfg = Release|Any CPU
		{DCD19E35-90FA-49B0-A6B4-188DBF90385B}.Release|x64.ActiveCfg = Release|Any CPU
		{DCD19E35-90FA-49B0-A6B4-188DBF90385B}.Release|x86.ActiveCfg = Release|Any CPU
		{1F85D6F8-80A3-4D83-ABB1-891C1F7F8D70}.Debug|.NET.ActiveCfg = Debug|Any CPU
		{1F85D6F8-80A3-4D83-ABB1-891C1F7F8D70}.Debug|Any CPU.ActiveCfg = Debug|Any CPU
		{1F85D6F8-80A3-4D83-ABB1-891C1F7F8D70}.Debug|Any CPU.Build.0 = Debug|Any CPU
		{1F85D6F8-80A3-4D83-ABB1-891C1F7F8D70}.Debug|Mixed Platforms.ActiveCfg = Debug|Any CPU
		{1F85D6F8-80A3-4D83-ABB1-891C1F7F8D70}.Debug|Mixed Platforms.Build.0 = Debug|Any CPU
		{1F85D6F8-80A3-4D83-ABB1-891C1F7F8D70}.Debug|Windows Phone.ActiveCfg = Debug|Any CPU
		{1F85D6F8-80A3-4D83-ABB1-891C1F7F8D70}.Debug|x64.ActiveCfg = Debug|Any CPU
		{1F85D6F8-80A3-4D83-ABB1-891C1F7F8D70}.Debug|x86.ActiveCfg = Debug|Any CPU
		{1F85D6F8-80A3-4D83-ABB1-891C1F7F8D70}.Release with Documentation|.NET.ActiveCfg = Release|Any CPU
		{1F85D6F8-80A3-4D83-ABB1-891C1F7F8D70}.Release with Documentation|Any CPU.ActiveCfg = Release|Any CPU
		{1F85D6F8-80A3-4D83-ABB1-891C1F7F8D70}.Release with Documentation|Any CPU.Build.0 = Release|Any CPU
		{1F85D6F8-80A3-4D83-ABB1-891C1F7F8D70}.Release with Documentation|Mixed Platforms.ActiveCfg = Release|Any CPU
		{1F85D6F8-80A3-4D83-ABB1-891C1F7F8D70}.Release with Documentation|Mixed Platforms.Build.0 = Release|Any CPU
		{1F85D6F8-80A3-4D83-ABB1-891C1F7F8D70}.Release with Documentation|Windows Phone.ActiveCfg = Release|Any CPU
		{1F85D6F8-80A3-4D83-ABB1-891C1F7F8D70}.Release with Documentation|x64.ActiveCfg = Release|Any CPU
		{1F85D6F8-80A3-4D83-ABB1-891C1F7F8D70}.Release with Documentation|x86.ActiveCfg = Release|Any CPU
		{1F85D6F8-80A3-4D83-ABB1-891C1F7F8D70}.Release|.NET.ActiveCfg = Release|Any CPU
		{1F85D6F8-80A3-4D83-ABB1-891C1F7F8D70}.Release|Any CPU.ActiveCfg = Release|Any CPU
		{1F85D6F8-80A3-4D83-ABB1-891C1F7F8D70}.Release|Any CPU.Build.0 = Release|Any CPU
		{1F85D6F8-80A3-4D83-ABB1-891C1F7F8D70}.Release|Mixed Platforms.ActiveCfg = Release|Any CPU
		{1F85D6F8-80A3-4D83-ABB1-891C1F7F8D70}.Release|Mixed Platforms.Build.0 = Release|Any CPU
		{1F85D6F8-80A3-4D83-ABB1-891C1F7F8D70}.Release|Windows Phone.ActiveCfg = Release|Any CPU
		{1F85D6F8-80A3-4D83-ABB1-891C1F7F8D70}.Release|x64.ActiveCfg = Release|Any CPU
		{1F85D6F8-80A3-4D83-ABB1-891C1F7F8D70}.Release|x86.ActiveCfg = Release|Any CPU
	EndGlobalSection
	GlobalSection(SolutionProperties) = preSolution
		HideSolutionNode = FALSE
	EndGlobalSection
EndGlobal
