
Microsoft Visual Studio Solution File, Format Version 12.00
# Visual Studio 2012
Project("{2150E333-8FDC-42A3-9474-1A3956D46DE8}") = "Solution Items", "Solution Items", "{1A931C1B-58B1-4200-8030-D868C2ED2D9A}"
	ProjectSection(SolutionItems) = preProject
		Solution Items\GlobalAssemblyInfo.cs = Solution Items\GlobalAssemblyInfo.cs
		MessagingToolkit.snk = MessagingToolkit.snk
		Solution Items\SharedAssemblyInfo.cs = Solution Items\SharedAssemblyInfo.cs
	EndProjectSection
EndProject
Project("{FAE04EC0-301F-11D3-BF4B-00C04F79EFBC}") = "MessagingToolkit.Wap", "MessagingToolkit.Wap\MessagingToolkit.Wap.csproj", "{6C058D53-126C-4400-BD8D-2E296904AE21}"
EndProject
Project("{FAE04EC0-301F-11D3-BF4B-00C04F79EFBC}") = "MessagingToolkit.UI", "MessagingToolkit.UI\MessagingToolkit.UI.csproj", "{7DC9A638-7BE8-4CF7-AC2E-57C77F1BF9BC}"
EndProject
Project("{FAE04EC0-301F-11D3-BF4B-00C04F79EFBC}") = "MessagingToolkit.MMS", "MessagingToolkit.MMS\MessagingToolkit.MMS.csproj", "{40336858-5147-4C38-ACFD-6281B79CF371}"
EndProject
Project("{FAE04EC0-301F-11D3-BF4B-00C04F79EFBC}") = "MessagingToolkit.Core", "MessagingToolkit.Core\MessagingToolkit.Core.csproj", "{DF6A5065-82AA-4815-9553-89B220664B4E}"
EndProject
Project("{FAE04EC0-301F-11D3-BF4B-00C04F79EFBC}") = "MessagingToolkit.Pdu", "MessagingToolkit.Pdu\MessagingToolkit.Pdu.csproj", "{606E4BD6-402F-4E43-B695-18C23D8E363D}"
EndProject
Project("{FAE04EC0-301F-11D3-BF4B-00C04F79EFBC}") = "MessagingToolkit.Barcode_NET40", "MessagingToolkit.Barcode\MessagingToolkit.Barcode_NET40.csproj", "{2A0D71EE-8AB8-44D2-8299-AAE97281C698}"
EndProject
Project("{2150E333-8FDC-42A3-9474-1A3956D46DE8}") = "MessagingToolkit.Demos", "MessagingToolkit.Demos", "{578403E1-5DD7-4EC6-B487-2EAE85D00685}"
EndProject
Project("{FAE04EC0-301F-11D3-BF4B-00C04F79EFBC}") = "MessagingToolkit.BulkGateway", "MessagingToolkit.Demos\MessagingToolkit.BulkGateway\MessagingToolkit.BulkGateway.csproj", "{F195DF18-48B3-4DCC-8D2A-7DF2E924AB67}"
EndProject
Project("{FAE04EC0-301F-11D3-BF4B-00C04F79EFBC}") = "MessagingToolkit.Core.Utilities", "MessagingToolkit.Demos\MessagingToolkit.Core.Utilities\MessagingToolkit.Core.Utilities.csproj", "{3C4AAAC0-2891-4C1D-AFBF-8CBEEF6CE661}"
EndProject
Project("{FAE04EC0-301F-11D3-BF4B-00C04F79EFBC}") = "MessagingToolkit.Diagnostics", "MessagingToolkit.Demos\MessagingToolkit.Diagnostics\MessagingToolkit.Diagnostics.csproj", "{47EB3A22-F03E-40ED-9C90-0C3970B3E5C4}"
EndProject
Project("{FAE04EC0-301F-11D3-BF4B-00C04F79EFBC}") = "MessagingToolkit.MMS.Demo", "MessagingToolkit.Demos\MessagingToolkit.MMS.Demo\MessagingToolkit.MMS.Demo.csproj", "{2512DEC2-B7CF-4231-866E-14B2464FB8D8}"
EndProject
Global
	GlobalSection(SolutionConfigurationPlatforms) = preSolution
		Debug|Any CPU = Debug|Any CPU
		Debug|Mixed Platforms = Debug|Mixed Platforms
		Debug|x64 = Debug|x64
		Debug|x86 = Debug|x86
		Release (9.0)|Any CPU = Release (9.0)|Any CPU
		Release (9.0)|Mixed Platforms = Release (9.0)|Mixed Platforms
		Release (9.0)|x64 = Release (9.0)|x64
		Release (9.0)|x86 = Release (9.0)|x86
		Release|Any CPU = Release|Any CPU
		Release|Mixed Platforms = Release|Mixed Platforms
		Release|x64 = Release|x64
		Release|x86 = Release|x86
	EndGlobalSection
	GlobalSection(ProjectConfigurationPlatforms) = postSolution
		{6C058D53-126C-4400-BD8D-2E296904AE21}.Debug|Any CPU.ActiveCfg = Debug|Any CPU
		{6C058D53-126C-4400-BD8D-2E296904AE21}.Debug|Any CPU.Build.0 = Debug|Any CPU
		{6C058D53-126C-4400-BD8D-2E296904AE21}.Debug|Mixed Platforms.ActiveCfg = Debug|x64
		{6C058D53-126C-4400-BD8D-2E296904AE21}.Debug|Mixed Platforms.Build.0 = Debug|x64
		{6C058D53-126C-4400-BD8D-2E296904AE21}.Debug|x64.ActiveCfg = Debug|x64
		{6C058D53-126C-4400-BD8D-2E296904AE21}.Debug|x64.Build.0 = Debug|x64
		{6C058D53-126C-4400-BD8D-2E296904AE21}.Debug|x86.ActiveCfg = Debug|x64
		{6C058D53-126C-4400-BD8D-2E296904AE21}.Release (9.0)|Any CPU.ActiveCfg = Release|Any CPU
		{6C058D53-126C-4400-BD8D-2E296904AE21}.Release (9.0)|Mixed Platforms.ActiveCfg = Release|x64
		{6C058D53-126C-4400-BD8D-2E296904AE21}.Release (9.0)|Mixed Platforms.Build.0 = Release|x64
		{6C058D53-126C-4400-BD8D-2E296904AE21}.Release (9.0)|x64.ActiveCfg = Release|x64
		{6C058D53-126C-4400-BD8D-2E296904AE21}.Release (9.0)|x64.Build.0 = Release|x64
		{6C058D53-126C-4400-BD8D-2E296904AE21}.Release (9.0)|x86.ActiveCfg = Release|x64
		{6C058D53-126C-4400-BD8D-2E296904AE21}.Release|Any CPU.ActiveCfg = Release|Any CPU
		{6C058D53-126C-4400-BD8D-2E296904AE21}.Release|Any CPU.Build.0 = Release|Any CPU
		{6C058D53-126C-4400-BD8D-2E296904AE21}.Release|Mixed Platforms.ActiveCfg = Release|x64
		{6C058D53-126C-4400-BD8D-2E296904AE21}.Release|Mixed Platforms.Build.0 = Release|x64
		{6C058D53-126C-4400-BD8D-2E296904AE21}.Release|x64.ActiveCfg = Release|x64
		{6C058D53-126C-4400-BD8D-2E296904AE21}.Release|x64.Build.0 = Release|x64
		{6C058D53-126C-4400-BD8D-2E296904AE21}.Release|x86.ActiveCfg = Release|x86
		{6C058D53-126C-4400-BD8D-2E296904AE21}.Release|x86.Build.0 = Release|x86
		{7DC9A638-7BE8-4CF7-AC2E-57C77F1BF9BC}.Debug|Any CPU.ActiveCfg = Debug|Any CPU
		{7DC9A638-7BE8-4CF7-AC2E-57C77F1BF9BC}.Debug|Any CPU.Build.0 = Debug|Any CPU
		{7DC9A638-7BE8-4CF7-AC2E-57C77F1BF9BC}.Debug|Mixed Platforms.ActiveCfg = Debug|x64
		{7DC9A638-7BE8-4CF7-AC2E-57C77F1BF9BC}.Debug|Mixed Platforms.Build.0 = Debug|x64
		{7DC9A638-7BE8-4CF7-AC2E-57C77F1BF9BC}.Debug|x64.ActiveCfg = Debug|x64
		{7DC9A638-7BE8-4CF7-AC2E-57C77F1BF9BC}.Debug|x64.Build.0 = Debug|x64
		{7DC9A638-7BE8-4CF7-AC2E-57C77F1BF9BC}.Debug|x86.ActiveCfg = Debug|x64
		{7DC9A638-7BE8-4CF7-AC2E-57C77F1BF9BC}.Release (9.0)|Any CPU.ActiveCfg = Release|Any CPU
		{7DC9A638-7BE8-4CF7-AC2E-57C77F1BF9BC}.Release (9.0)|Any CPU.Build.0 = Release|Any CPU
		{7DC9A638-7BE8-4CF7-AC2E-57C77F1BF9BC}.Release (9.0)|Mixed Platforms.ActiveCfg = Release|x64
		{7DC9A638-7BE8-4CF7-AC2E-57C77F1BF9BC}.Release (9.0)|Mixed Platforms.Build.0 = Release|x64
		{7DC9A638-7BE8-4CF7-AC2E-57C77F1BF9BC}.Release (9.0)|x64.ActiveCfg = Release|x64
		{7DC9A638-7BE8-4CF7-AC2E-57C77F1BF9BC}.Release (9.0)|x64.Build.0 = Release|x64
		{7DC9A638-7BE8-4CF7-AC2E-57C77F1BF9BC}.Release (9.0)|x86.ActiveCfg = Release|x64
		{7DC9A638-7BE8-4CF7-AC2E-57C77F1BF9BC}.Release|Any CPU.ActiveCfg = Release|Any CPU
		{7DC9A638-7BE8-4CF7-AC2E-57C77F1BF9BC}.Release|Any CPU.Build.0 = Release|Any CPU
		{7DC9A638-7BE8-4CF7-AC2E-57C77F1BF9BC}.Release|Mixed Platforms.ActiveCfg = Release|x64
		{7DC9A638-7BE8-4CF7-AC2E-57C77F1BF9BC}.Release|Mixed Platforms.Build.0 = Release|x64
		{7DC9A638-7BE8-4CF7-AC2E-57C77F1BF9BC}.Release|x64.ActiveCfg = Release|x64
		{7DC9A638-7BE8-4CF7-AC2E-57C77F1BF9BC}.Release|x64.Build.0 = Release|x64
		{7DC9A638-7BE8-4CF7-AC2E-57C77F1BF9BC}.Release|x86.ActiveCfg = Release|x86
		{7DC9A638-7BE8-4CF7-AC2E-57C77F1BF9BC}.Release|x86.Build.0 = Release|x86
		{40336858-5147-4C38-ACFD-6281B79CF371}.Debug|Any CPU.ActiveCfg = Debug|Any CPU
		{40336858-5147-4C38-ACFD-6281B79CF371}.Debug|Any CPU.Build.0 = Debug|Any CPU
		{40336858-5147-4C38-ACFD-6281B79CF371}.Debug|Mixed Platforms.ActiveCfg = Debug|x64
		{40336858-5147-4C38-ACFD-6281B79CF371}.Debug|Mixed Platforms.Build.0 = Debug|x64
		{40336858-5147-4C38-ACFD-6281B79CF371}.Debug|x64.ActiveCfg = Debug|x64
		{40336858-5147-4C38-ACFD-6281B79CF371}.Debug|x64.Build.0 = Debug|x64
		{40336858-5147-4C38-ACFD-6281B79CF371}.Debug|x86.ActiveCfg = Debug|x64
		{40336858-5147-4C38-ACFD-6281B79CF371}.Release (9.0)|Any CPU.ActiveCfg = Release|Any CPU
		{40336858-5147-4C38-ACFD-6281B79CF371}.Release (9.0)|Any CPU.Build.0 = Release|Any CPU
		{40336858-5147-4C38-ACFD-6281B79CF371}.Release (9.0)|Mixed Platforms.ActiveCfg = Release|x64
		{40336858-5147-4C38-ACFD-6281B79CF371}.Release (9.0)|Mixed Platforms.Build.0 = Release|x64
		{40336858-5147-4C38-ACFD-6281B79CF371}.Release (9.0)|x64.ActiveCfg = Release|x64
		{40336858-5147-4C38-ACFD-6281B79CF371}.Release (9.0)|x64.Build.0 = Release|x64
		{40336858-5147-4C38-ACFD-6281B79CF371}.Release (9.0)|x86.ActiveCfg = Release|x64
		{40336858-5147-4C38-ACFD-6281B79CF371}.Release|Any CPU.ActiveCfg = Release|Any CPU
		{40336858-5147-4C38-ACFD-6281B79CF371}.Release|Any CPU.Build.0 = Release|Any CPU
		{40336858-5147-4C38-ACFD-6281B79CF371}.Release|Mixed Platforms.ActiveCfg = Release|x64
		{40336858-5147-4C38-ACFD-6281B79CF371}.Release|Mixed Platforms.Build.0 = Release|x64
		{40336858-5147-4C38-ACFD-6281B79CF371}.Release|x64.ActiveCfg = Release|x64
		{40336858-5147-4C38-ACFD-6281B79CF371}.Release|x64.Build.0 = Release|x64
		{40336858-5147-4C38-ACFD-6281B79CF371}.Release|x86.ActiveCfg = Release|x86
		{40336858-5147-4C38-ACFD-6281B79CF371}.Release|x86.Build.0 = Release|x86
		{DF6A5065-82AA-4815-9553-89B220664B4E}.Debug|Any CPU.ActiveCfg = Debug|Any CPU
		{DF6A5065-82AA-4815-9553-89B220664B4E}.Debug|Any CPU.Build.0 = Debug|Any CPU
		{DF6A5065-82AA-4815-9553-89B220664B4E}.Debug|Mixed Platforms.ActiveCfg = Debug|x64
		{DF6A5065-82AA-4815-9553-89B220664B4E}.Debug|Mixed Platforms.Build.0 = Debug|x64
		{DF6A5065-82AA-4815-9553-89B220664B4E}.Debug|x64.ActiveCfg = Debug|x64
		{DF6A5065-82AA-4815-9553-89B220664B4E}.Debug|x64.Build.0 = Debug|x64
		{DF6A5065-82AA-4815-9553-89B220664B4E}.Debug|x86.ActiveCfg = Debug|x64
		{DF6A5065-82AA-4815-9553-89B220664B4E}.Release (9.0)|Any CPU.ActiveCfg = Release|Any CPU
		{DF6A5065-82AA-4815-9553-89B220664B4E}.Release (9.0)|Any CPU.Build.0 = Release|Any CPU
		{DF6A5065-82AA-4815-9553-89B220664B4E}.Release (9.0)|Mixed Platforms.ActiveCfg = Release|x64
		{DF6A5065-82AA-4815-9553-89B220664B4E}.Release (9.0)|Mixed Platforms.Build.0 = Release|x64
		{DF6A5065-82AA-4815-9553-89B220664B4E}.Release (9.0)|x64.ActiveCfg = Release|x64
		{DF6A5065-82AA-4815-9553-89B220664B4E}.Release (9.0)|x64.Build.0 = Release|x64
		{DF6A5065-82AA-4815-9553-89B220664B4E}.Release (9.0)|x86.ActiveCfg = Release|x64
		{DF6A5065-82AA-4815-9553-89B220664B4E}.Release|Any CPU.ActiveCfg = Release|Any CPU
		{DF6A5065-82AA-4815-9553-89B220664B4E}.Release|Any CPU.Build.0 = Release|Any CPU
		{DF6A5065-82AA-4815-9553-89B220664B4E}.Release|Mixed Platforms.ActiveCfg = Release|x64
		{DF6A5065-82AA-4815-9553-89B220664B4E}.Release|Mixed Platforms.Build.0 = Release|x64
		{DF6A5065-82AA-4815-9553-89B220664B4E}.Release|x64.ActiveCfg = Release|x64
		{DF6A5065-82AA-4815-9553-89B220664B4E}.Release|x64.Build.0 = Release|x64
		{DF6A5065-82AA-4815-9553-89B220664B4E}.Release|x86.ActiveCfg = Release|x86
		{DF6A5065-82AA-4815-9553-89B220664B4E}.Release|x86.Build.0 = Release|x86
		{606E4BD6-402F-4E43-B695-18C23D8E363D}.Debug|Any CPU.ActiveCfg = Debug|Any CPU
		{606E4BD6-402F-4E43-B695-18C23D8E363D}.Debug|Any CPU.Build.0 = Debug|Any CPU
		{606E4BD6-402F-4E43-B695-18C23D8E363D}.Debug|Mixed Platforms.ActiveCfg = Debug|x64
		{606E4BD6-402F-4E43-B695-18C23D8E363D}.Debug|Mixed Platforms.Build.0 = Debug|x64
		{606E4BD6-402F-4E43-B695-18C23D8E363D}.Debug|x64.ActiveCfg = Debug|x64
		{606E4BD6-402F-4E43-B695-18C23D8E363D}.Debug|x64.Build.0 = Debug|x64
		{606E4BD6-402F-4E43-B695-18C23D8E363D}.Debug|x86.ActiveCfg = Debug|x64
		{606E4BD6-402F-4E43-B695-18C23D8E363D}.Release (9.0)|Any CPU.ActiveCfg = Release|Any CPU
		{606E4BD6-402F-4E43-B695-18C23D8E363D}.Release (9.0)|Any CPU.Build.0 = Release|Any CPU
		{606E4BD6-402F-4E43-B695-18C23D8E363D}.Release (9.0)|Mixed Platforms.ActiveCfg = Release|x64
		{606E4BD6-402F-4E43-B695-18C23D8E363D}.Release (9.0)|Mixed Platforms.Build.0 = Release|x64
		{606E4BD6-402F-4E43-B695-18C23D8E363D}.Release (9.0)|x64.ActiveCfg = Release|x64
		{606E4BD6-402F-4E43-B695-18C23D8E363D}.Release (9.0)|x64.Build.0 = Release|x64
		{606E4BD6-402F-4E43-B695-18C23D8E363D}.Release (9.0)|x86.ActiveCfg = Release|x64
		{606E4BD6-402F-4E43-B695-18C23D8E363D}.Release|Any CPU.ActiveCfg = Release|Any CPU
		{606E4BD6-402F-4E43-B695-18C23D8E363D}.Release|Any CPU.Build.0 = Release|Any CPU
		{606E4BD6-402F-4E43-B695-18C23D8E363D}.Release|Mixed Platforms.ActiveCfg = Release|x64
		{606E4BD6-402F-4E43-B695-18C23D8E363D}.Release|Mixed Platforms.Build.0 = Release|x64
		{606E4BD6-402F-4E43-B695-18C23D8E363D}.Release|x64.ActiveCfg = Release|x64
		{606E4BD6-402F-4E43-B695-18C23D8E363D}.Release|x64.Build.0 = Release|x64
		{606E4BD6-402F-4E43-B695-18C23D8E363D}.Release|x86.ActiveCfg = Release|x86
		{606E4BD6-402F-4E43-B695-18C23D8E363D}.Release|x86.Build.0 = Release|x86
		{2A0D71EE-8AB8-44D2-8299-AAE97281C698}.Debug|Any CPU.ActiveCfg = Debug|Any CPU
		{2A0D71EE-8AB8-44D2-8299-AAE97281C698}.Debug|Any CPU.Build.0 = Debug|Any CPU
		{2A0D71EE-8AB8-44D2-8299-AAE97281C698}.Debug|Mixed Platforms.ActiveCfg = Debug|Any CPU
		{2A0D71EE-8AB8-44D2-8299-AAE97281C698}.Debug|Mixed Platforms.Build.0 = Debug|Any CPU
		{2A0D71EE-8AB8-44D2-8299-AAE97281C698}.Debug|x64.ActiveCfg = Debug|x64
		{2A0D71EE-8AB8-44D2-8299-AAE97281C698}.Debug|x64.Build.0 = Debug|x64
		{2A0D71EE-8AB8-44D2-8299-AAE97281C698}.Debug|x86.ActiveCfg = Debug|x86
		{2A0D71EE-8AB8-44D2-8299-AAE97281C698}.Debug|x86.Build.0 = Debug|x86
		{2A0D71EE-8AB8-44D2-8299-AAE97281C698}.Release (9.0)|Any CPU.ActiveCfg = Release|x86
		{2A0D71EE-8AB8-44D2-8299-AAE97281C698}.Release (9.0)|Mixed Platforms.ActiveCfg = Release|x86
		{2A0D71EE-8AB8-44D2-8299-AAE97281C698}.Release (9.0)|Mixed Platforms.Build.0 = Release|x86
		{2A0D71EE-8AB8-44D2-8299-AAE97281C698}.Release (9.0)|x64.ActiveCfg = Release|x86
		{2A0D71EE-8AB8-44D2-8299-AAE97281C698}.Release (9.0)|x86.ActiveCfg = Release|x86
		{2A0D71EE-8AB8-44D2-8299-AAE97281C698}.Release (9.0)|x86.Build.0 = Release|x86
		{2A0D71EE-8AB8-44D2-8299-AAE97281C698}.Release|Any CPU.ActiveCfg = Release|Any CPU
		{2A0D71EE-8AB8-44D2-8299-AAE97281C698}.Release|Any CPU.Build.0 = Release|Any CPU
		{2A0D71EE-8AB8-44D2-8299-AAE97281C698}.Release|Mixed Platforms.ActiveCfg = Release|x86
		{2A0D71EE-8AB8-44D2-8299-AAE97281C698}.Release|Mixed Platforms.Build.0 = Release|x86
		{2A0D71EE-8AB8-44D2-8299-AAE97281C698}.Release|x64.ActiveCfg = Release|x64
		{2A0D71EE-8AB8-44D2-8299-AAE97281C698}.Release|x64.Build.0 = Release|x64
		{2A0D71EE-8AB8-44D2-8299-AAE97281C698}.Release|x86.ActiveCfg = Release|x86
		{2A0D71EE-8AB8-44D2-8299-AAE97281C698}.Release|x86.Build.0 = Release|x86
		{F195DF18-48B3-4DCC-8D2A-7DF2E924AB67}.Debug|Any CPU.ActiveCfg = Debug|Any CPU
		{F195DF18-48B3-4DCC-8D2A-7DF2E924AB67}.Debug|Any CPU.Build.0 = Debug|Any CPU
		{F195DF18-48B3-4DCC-8D2A-7DF2E924AB67}.Debug|Mixed Platforms.ActiveCfg = Debug|x64
		{F195DF18-48B3-4DCC-8D2A-7DF2E924AB67}.Debug|Mixed Platforms.Build.0 = Debug|x64
		{F195DF18-48B3-4DCC-8D2A-7DF2E924AB67}.Debug|x64.ActiveCfg = Debug|x64
		{F195DF18-48B3-4DCC-8D2A-7DF2E924AB67}.Debug|x64.Build.0 = Debug|x64
		{F195DF18-48B3-4DCC-8D2A-7DF2E924AB67}.Debug|x86.ActiveCfg = Debug|x64
		{F195DF18-48B3-4DCC-8D2A-7DF2E924AB67}.Release (9.0)|Any CPU.ActiveCfg = Release|x64
		{F195DF18-48B3-4DCC-8D2A-7DF2E924AB67}.Release (9.0)|Mixed Platforms.ActiveCfg = Release|x64
		{F195DF18-48B3-4DCC-8D2A-7DF2E924AB67}.Release (9.0)|Mixed Platforms.Build.0 = Release|x64
		{F195DF18-48B3-4DCC-8D2A-7DF2E924AB67}.Release (9.0)|x64.ActiveCfg = Release|x64
		{F195DF18-48B3-4DCC-8D2A-7DF2E924AB67}.Release (9.0)|x64.Build.0 = Release|x64
		{F195DF18-48B3-4DCC-8D2A-7DF2E924AB67}.Release (9.0)|x86.ActiveCfg = Release|x64
		{F195DF18-48B3-4DCC-8D2A-7DF2E924AB67}.Release|Any CPU.ActiveCfg = Release|Any CPU
		{F195DF18-48B3-4DCC-8D2A-7DF2E924AB67}.Release|Any CPU.Build.0 = Release|Any CPU
		{F195DF18-48B3-4DCC-8D2A-7DF2E924AB67}.Release|Mixed Platforms.ActiveCfg = Release|x64
		{F195DF18-48B3-4DCC-8D2A-7DF2E924AB67}.Release|Mixed Platforms.Build.0 = Release|x64
		{F195DF18-48B3-4DCC-8D2A-7DF2E924AB67}.Release|x64.ActiveCfg = Release|x64
		{F195DF18-48B3-4DCC-8D2A-7DF2E924AB67}.Release|x64.Build.0 = Release|x64
		{F195DF18-48B3-4DCC-8D2A-7DF2E924AB67}.Release|x86.ActiveCfg = Release|x86
		{F195DF18-48B3-4DCC-8D2A-7DF2E924AB67}.Release|x86.Build.0 = Release|x86
		{3C4AAAC0-2891-4C1D-AFBF-8CBEEF6CE661}.Debug|Any CPU.ActiveCfg = Debug|Any CPU
		{3C4AAAC0-2891-4C1D-AFBF-8CBEEF6CE661}.Debug|Any CPU.Build.0 = Debug|Any CPU
		{3C4AAAC0-2891-4C1D-AFBF-8CBEEF6CE661}.Debug|Mixed Platforms.ActiveCfg = Debug|x64
		{3C4AAAC0-2891-4C1D-AFBF-8CBEEF6CE661}.Debug|Mixed Platforms.Build.0 = Debug|x64
		{3C4AAAC0-2891-4C1D-AFBF-8CBEEF6CE661}.Debug|x64.ActiveCfg = Debug|x64
		{3C4AAAC0-2891-4C1D-AFBF-8CBEEF6CE661}.Debug|x64.Build.0 = Debug|x64
		{3C4AAAC0-2891-4C1D-AFBF-8CBEEF6CE661}.Debug|x86.ActiveCfg = Debug|x64
		{3C4AAAC0-2891-4C1D-AFBF-8CBEEF6CE661}.Release (9.0)|Any CPU.ActiveCfg = Release|x64
		{3C4AAAC0-2891-4C1D-AFBF-8CBEEF6CE661}.Release (9.0)|Mixed Platforms.ActiveCfg = Release|x64
		{3C4AAAC0-2891-4C1D-AFBF-8CBEEF6CE661}.Release (9.0)|Mixed Platforms.Build.0 = Release|x64
		{3C4AAAC0-2891-4C1D-AFBF-8CBEEF6CE661}.Release (9.0)|x64.ActiveCfg = Release|x64
		{3C4AAAC0-2891-4C1D-AFBF-8CBEEF6CE661}.Release (9.0)|x64.Build.0 = Release|x64
		{3C4AAAC0-2891-4C1D-AFBF-8CBEEF6CE661}.Release (9.0)|x86.ActiveCfg = Release|x64
		{3C4AAAC0-2891-4C1D-AFBF-8CBEEF6CE661}.Release|Any CPU.ActiveCfg = Release|Any CPU
		{3C4AAAC0-2891-4C1D-AFBF-8CBEEF6CE661}.Release|Any CPU.Build.0 = Release|Any CPU
		{3C4AAAC0-2891-4C1D-AFBF-8CBEEF6CE661}.Release|Mixed Platforms.ActiveCfg = Release|x64
		{3C4AAAC0-2891-4C1D-AFBF-8CBEEF6CE661}.Release|Mixed Platforms.Build.0 = Release|x64
		{3C4AAAC0-2891-4C1D-AFBF-8CBEEF6CE661}.Release|x64.ActiveCfg = Release|x64
		{3C4AAAC0-2891-4C1D-AFBF-8CBEEF6CE661}.Release|x64.Build.0 = Release|x64
		{3C4AAAC0-2891-4C1D-AFBF-8CBEEF6CE661}.Release|x86.ActiveCfg = Release|x86
		{3C4AAAC0-2891-4C1D-AFBF-8CBEEF6CE661}.Release|x86.Build.0 = Release|x86
		{47EB3A22-F03E-40ED-9C90-0C3970B3E5C4}.Debug|Any CPU.ActiveCfg = Debug|Any CPU
		{47EB3A22-F03E-40ED-9C90-0C3970B3E5C4}.Debug|Any CPU.Build.0 = Debug|Any CPU
		{47EB3A22-F03E-40ED-9C90-0C3970B3E5C4}.Debug|Mixed Platforms.ActiveCfg = Debug|x64
		{47EB3A22-F03E-40ED-9C90-0C3970B3E5C4}.Debug|Mixed Platforms.Build.0 = Debug|x64
		{47EB3A22-F03E-40ED-9C90-0C3970B3E5C4}.Debug|x64.ActiveCfg = Debug|x64
		{47EB3A22-F03E-40ED-9C90-0C3970B3E5C4}.Debug|x64.Build.0 = Debug|x64
		{47EB3A22-F03E-40ED-9C90-0C3970B3E5C4}.Debug|x86.ActiveCfg = Debug|x64
		{47EB3A22-F03E-40ED-9C90-0C3970B3E5C4}.Release (9.0)|Any CPU.ActiveCfg = Release|x64
		{47EB3A22-F03E-40ED-9C90-0C3970B3E5C4}.Release (9.0)|Mixed Platforms.ActiveCfg = Release|x64
		{47EB3A22-F03E-40ED-9C90-0C3970B3E5C4}.Release (9.0)|Mixed Platforms.Build.0 = Release|x64
		{47EB3A22-F03E-40ED-9C90-0C3970B3E5C4}.Release (9.0)|x64.ActiveCfg = Release|x64
		{47EB3A22-F03E-40ED-9C90-0C3970B3E5C4}.Release (9.0)|x64.Build.0 = Release|x64
		{47EB3A22-F03E-40ED-9C90-0C3970B3E5C4}.Release (9.0)|x86.ActiveCfg = Release|x64
		{47EB3A22-F03E-40ED-9C90-0C3970B3E5C4}.Release|Any CPU.ActiveCfg = Release|Any CPU
		{47EB3A22-F03E-40ED-9C90-0C3970B3E5C4}.Release|Any CPU.Build.0 = Release|Any CPU
		{47EB3A22-F03E-40ED-9C90-0C3970B3E5C4}.Release|Mixed Platforms.ActiveCfg = Release|x64
		{47EB3A22-F03E-40ED-9C90-0C3970B3E5C4}.Release|Mixed Platforms.Build.0 = Release|x64
		{47EB3A22-F03E-40ED-9C90-0C3970B3E5C4}.Release|x64.ActiveCfg = Release|x64
		{47EB3A22-F03E-40ED-9C90-0C3970B3E5C4}.Release|x64.Build.0 = Release|x64
		{47EB3A22-F03E-40ED-9C90-0C3970B3E5C4}.Release|x86.ActiveCfg = Release|x86
		{47EB3A22-F03E-40ED-9C90-0C3970B3E5C4}.Release|x86.Build.0 = Release|x86
		{2512DEC2-B7CF-4231-866E-14B2464FB8D8}.Debug|Any CPU.ActiveCfg = Debug|Any CPU
		{2512DEC2-B7CF-4231-866E-14B2464FB8D8}.Debug|Any CPU.Build.0 = Debug|Any CPU
		{2512DEC2-B7CF-4231-866E-14B2464FB8D8}.Debug|Mixed Platforms.ActiveCfg = Debug|x64
		{2512DEC2-B7CF-4231-866E-14B2464FB8D8}.Debug|Mixed Platforms.Build.0 = Debug|x64
		{2512DEC2-B7CF-4231-866E-14B2464FB8D8}.Debug|x64.ActiveCfg = Debug|x64
		{2512DEC2-B7CF-4231-866E-14B2464FB8D8}.Debug|x64.Build.0 = Debug|x64
		{2512DEC2-B7CF-4231-866E-14B2464FB8D8}.Debug|x86.ActiveCfg = Debug|x64
		{2512DEC2-B7CF-4231-866E-14B2464FB8D8}.Release (9.0)|Any CPU.ActiveCfg = Release|x64
		{2512DEC2-B7CF-4231-866E-14B2464FB8D8}.Release (9.0)|Mixed Platforms.ActiveCfg = Release|x64
		{2512DEC2-B7CF-4231-866E-14B2464FB8D8}.Release (9.0)|Mixed Platforms.Build.0 = Release|x64
		{2512DEC2-B7CF-4231-866E-14B2464FB8D8}.Release (9.0)|x64.ActiveCfg = Release|x64
		{2512DEC2-B7CF-4231-866E-14B2464FB8D8}.Release (9.0)|x64.Build.0 = Release|x64
		{2512DEC2-B7CF-4231-866E-14B2464FB8D8}.Release (9.0)|x86.ActiveCfg = Release|x64
		{2512DEC2-B7CF-4231-866E-14B2464FB8D8}.Release|Any CPU.ActiveCfg = Release|Any CPU
		{2512DEC2-B7CF-4231-866E-14B2464FB8D8}.Release|Any CPU.Build.0 = Release|Any CPU
		{2512DEC2-B7CF-4231-866E-14B2464FB8D8}.Release|Mixed Platforms.ActiveCfg = Release|x64
		{2512DEC2-B7CF-4231-866E-14B2464FB8D8}.Release|Mixed Platforms.Build.0 = Release|x64
		{2512DEC2-B7CF-4231-866E-14B2464FB8D8}.Release|x64.ActiveCfg = Release|x64
		{2512DEC2-B7CF-4231-866E-14B2464FB8D8}.Release|x64.Build.0 = Release|x64
		{2512DEC2-B7CF-4231-866E-14B2464FB8D8}.Release|x86.ActiveCfg = Release|x86
		{2512DEC2-B7CF-4231-866E-14B2464FB8D8}.Release|x86.Build.0 = Release|x86
	EndGlobalSection
	GlobalSection(SolutionProperties) = preSolution
		HideSolutionNode = FALSE
	EndGlobalSection
	GlobalSection(NestedProjects) = preSolution
		{F195DF18-48B3-4DCC-8D2A-7DF2E924AB67} = {578403E1-5DD7-4EC6-B487-2EAE85D00685}
		{3C4AAAC0-2891-4C1D-AFBF-8CBEEF6CE661} = {578403E1-5DD7-4EC6-B487-2EAE85D00685}
		{47EB3A22-F03E-40ED-9C90-0C3970B3E5C4} = {578403E1-5DD7-4EC6-B487-2EAE85D00685}
		{2512DEC2-B7CF-4231-866E-14B2464FB8D8} = {578403E1-5DD7-4EC6-B487-2EAE85D00685}
	EndGlobalSection
	GlobalSection(TextTemplating) = postSolution
		TextTemplating = 1
	EndGlobalSection
EndGlobal
