Microsoft Visual Studio Solution File, Format Version 12.00
# Visual Studio 2012
Project("{2150E333-8FDC-42A3-9474-1A3956D46DE8}") = "Solution Items", "Solution Items", "{9E1E6A57-6F3E-40C4-BBF4-12AA65B8AC94}"
	ProjectSection(SolutionItems) = preProject
		Solution Items\SharedAssemblyInfo.cs = Solution Items\SharedAssemblyInfo.cs
	EndProjectSection
EndProject
Project("{FAE04EC0-301F-11D3-BF4B-00C04F79EFBC}") = "MessagingToolkit.Barcode.Windows8.ClassLibrary", "MessagingToolkit.Barcode.Windows8.ClassLibrary\MessagingToolkit.Barcode.Windows8.ClassLibrary.csproj", "{A201D42E-3A74-4EDB-97A5-221400F6A356}"
EndProject
Project("{FAE04EC0-301F-11D3-BF4B-00C04F79EFBC}") = "MessagingToolkit.Barcode.Windows8.WinMD", "MessagingToolkit.Barcode.Windows8.WinMD\MessagingToolkit.Barcode.Windows8.WinMD.csproj", "{120DFBBF-E6CC-40F8-915C-C9C4E118555E}"
EndProject
Project("{2150E333-8FDC-42A3-9474-1A3956D46DE8}") = "Demos", "Demos", "{31149714-415B-4FED-9822-BB8840ACCB27}"
EndProject
Project("{FAE04EC0-301F-11D3-BF4B-00C04F79EFBC}") = "MessagingToolkit.Barcode.Windows8.ClassLibraryDemo", "MessagingToolkit.Barcode.Demos\MessagingToolkit.Barcode.Windows8.ClassLibraryDemo\MessagingToolkit.Barcode.Windows8.ClassLibraryDemo.csproj", "{FCE1391D-64CF-4E45-9FC9-FE63504853D1}"
EndProject
Project("{262852C6-CD72-467D-83FE-5EEB1973A190}") = "MessagingToolkit.Barcode.Windows8.JavaScriptDemo", "MessagingToolkit.Barcode.Demos\MessagingToolkit.Barcode.Windows8.JavaScriptDemo\MessagingToolkit.Barcode.Windows8.JavaScriptDemo.jsproj", "{15D962AB-75C8-472E-ADC5-35BC1B32D63E}"
EndProject
Project("{FAE04EC0-301F-11D3-BF4B-00C04F79EFBC}") = "MessagingToolkit.Barcode.Windows8.WinRTDemo", "MessagingToolkit.Barcode.Demos\MessagingToolkit.Barcode.Windows8.WinRTDemo\MessagingToolkit.Barcode.Windows8.WinRTDemo.csproj", "{B3D3E2D9-034E-4AFE-8857-AF439C1B44F3}"
EndProject
Project("{FAE04EC0-301F-11D3-BF4B-00C04F79EFBC}") = "MessagingToolkit.Barcode.WindowsPhone8.App", "MessagingToolkit.Barcode.Demos\MessagingToolkit.Barcode.WindowsPhone8.App\MessagingToolkit.Barcode.WindowsPhone8.App.csproj", "{7296383E-2A0F-4FA6-B999-C3C83BC87914}"
EndProject
Project("{FAE04EC0-301F-11D3-BF4B-00C04F79EFBC}") = "MessagingToolkit.Barcode.WindowsPhone8.HTML5App", "MessagingToolkit.Barcode.Demos\MessagingToolkit.Barcode.WindowsPhone8.HTML5App\MessagingToolkit.Barcode.WindowsPhone8.HTML5App.csproj", "{0330EF11-CBED-4E17-BD7A-360D957C9E04}"
EndProject
Project("{FAE04EC0-301F-11D3-BF4B-00C04F79EFBC}") = "MessagingToolkit.Barcode.WindowsPhone8.ClassLibrary", "MessagingToolkit.Barcode.WindowsPhone8.ClassLibrary\MessagingToolkit.Barcode.WindowsPhone8.ClassLibrary.csproj", "{9CF977BD-D9BE-4F61-9F74-CC3D89AAD7BC}"
EndProject
Project("{FAE04EC0-301F-11D3-BF4B-00C04F79EFBC}") = "MessagingToolkit.Barcode.Portable", "MessagingToolkit.Barcode.Portable\MessagingToolkit.Barcode.Portable.csproj", "{42BC6F24-0C63-47B4-A54E-C7D118A09FF0}"
EndProject
Global
	GlobalSection(SolutionConfigurationPlatforms) = preSolution
		Debug|.NET = Debug|.NET
		Debug|Any CPU = Debug|Any CPU
		Debug|ARM = Debug|ARM
		Debug|Mixed Platforms = Debug|Mixed Platforms
		Debug|Windows Phone = Debug|Windows Phone
		Debug|x64 = Debug|x64
		Debug|x86 = Debug|x86
		Release with Documentation|.NET = Release with Documentation|.NET
		Release with Documentation|Any CPU = Release with Documentation|Any CPU
		Release with Documentation|ARM = Release with Documentation|ARM
		Release with Documentation|Mixed Platforms = Release with Documentation|Mixed Platforms
		Release with Documentation|Windows Phone = Release with Documentation|Windows Phone
		Release with Documentation|x64 = Release with Documentation|x64
		Release with Documentation|x86 = Release with Documentation|x86
		Release|.NET = Release|.NET
		Release|Any CPU = Release|Any CPU
		Release|ARM = Release|ARM
		Release|Mixed Platforms = Release|Mixed Platforms
		Release|Windows Phone = Release|Windows Phone
		Release|x64 = Release|x64
		Release|x86 = Release|x86
	EndGlobalSection
	GlobalSection(ProjectConfigurationPlatforms) = postSolution
		{A201D42E-3A74-4EDB-97A5-221400F6A356}.Debug|.NET.ActiveCfg = Debug|Any CPU
		{A201D42E-3A74-4EDB-97A5-221400F6A356}.Debug|Any CPU.ActiveCfg = Debug|Any CPU
		{A201D42E-3A74-4EDB-97A5-221400F6A356}.Debug|Any CPU.Build.0 = Debug|Any CPU
		{A201D42E-3A74-4EDB-97A5-221400F6A356}.Debug|ARM.ActiveCfg = Debug|ARM
		{A201D42E-3A74-4EDB-97A5-221400F6A356}.Debug|ARM.Build.0 = Debug|ARM
		{A201D42E-3A74-4EDB-97A5-221400F6A356}.Debug|Mixed Platforms.ActiveCfg = Debug|x86
		{A201D42E-3A74-4EDB-97A5-221400F6A356}.Debug|Mixed Platforms.Build.0 = Debug|x86
		{A201D42E-3A74-4EDB-97A5-221400F6A356}.Debug|Windows Phone.ActiveCfg = Debug|Any CPU
		{A201D42E-3A74-4EDB-97A5-221400F6A356}.Debug|x64.ActiveCfg = Debug|x64
		{A201D42E-3A74-4EDB-97A5-221400F6A356}.Debug|x64.Build.0 = Debug|x64
		{A201D42E-3A74-4EDB-97A5-221400F6A356}.Debug|x86.ActiveCfg = Debug|x86
		{A201D42E-3A74-4EDB-97A5-221400F6A356}.Debug|x86.Build.0 = Debug|x86
		{A201D42E-3A74-4EDB-97A5-221400F6A356}.Release with Documentation|.NET.ActiveCfg = Release|Any CPU
		{A201D42E-3A74-4EDB-97A5-221400F6A356}.Release with Documentation|Any CPU.ActiveCfg = Release|Any CPU
		{A201D42E-3A74-4EDB-97A5-221400F6A356}.Release with Documentation|Any CPU.Build.0 = Release|Any CPU
		{A201D42E-3A74-4EDB-97A5-221400F6A356}.Release with Documentation|ARM.ActiveCfg = Release|ARM
		{A201D42E-3A74-4EDB-97A5-221400F6A356}.Release with Documentation|ARM.Build.0 = Release|ARM
		{A201D42E-3A74-4EDB-97A5-221400F6A356}.Release with Documentation|Mixed Platforms.ActiveCfg = Release|x86
		{A201D42E-3A74-4EDB-97A5-221400F6A356}.Release with Documentation|Mixed Platforms.Build.0 = Release|x86
		{A201D42E-3A74-4EDB-97A5-221400F6A356}.Release with Documentation|Windows Phone.ActiveCfg = Release|Any CPU
		{A201D42E-3A74-4EDB-97A5-221400F6A356}.Release with Documentation|x64.ActiveCfg = Release|x64
		{A201D42E-3A74-4EDB-97A5-221400F6A356}.Release with Documentation|x64.Build.0 = Release|x64
		{A201D42E-3A74-4EDB-97A5-221400F6A356}.Release with Documentation|x86.ActiveCfg = Release|x86
		{A201D42E-3A74-4EDB-97A5-221400F6A356}.Release with Documentation|x86.Build.0 = Release|x86
		{A201D42E-3A74-4EDB-97A5-221400F6A356}.Release|.NET.ActiveCfg = Release|Any CPU
		{A201D42E-3A74-4EDB-97A5-221400F6A356}.Release|Any CPU.ActiveCfg = Release|Any CPU
		{A201D42E-3A74-4EDB-97A5-221400F6A356}.Release|Any CPU.Build.0 = Release|Any CPU
		{A201D42E-3A74-4EDB-97A5-221400F6A356}.Release|ARM.ActiveCfg = Release|ARM
		{A201D42E-3A74-4EDB-97A5-221400F6A356}.Release|ARM.Build.0 = Release|ARM
		{A201D42E-3A74-4EDB-97A5-221400F6A356}.Release|Mixed Platforms.ActiveCfg = Release|Any CPU
		{A201D42E-3A74-4EDB-97A5-221400F6A356}.Release|Mixed Platforms.Build.0 = Release|Any CPU
		{A201D42E-3A74-4EDB-97A5-221400F6A356}.Release|Windows Phone.ActiveCfg = Release|Any CPU
		{A201D42E-3A74-4EDB-97A5-221400F6A356}.Release|x64.ActiveCfg = Release|x64
		{A201D42E-3A74-4EDB-97A5-221400F6A356}.Release|x64.Build.0 = Release|x64
		{A201D42E-3A74-4EDB-97A5-221400F6A356}.Release|x86.ActiveCfg = Release|x86
		{A201D42E-3A74-4EDB-97A5-221400F6A356}.Release|x86.Build.0 = Release|x86
		{120DFBBF-E6CC-40F8-915C-C9C4E118555E}.Debug|.NET.ActiveCfg = Debug|Any CPU
		{120DFBBF-E6CC-40F8-915C-C9C4E118555E}.Debug|Any CPU.ActiveCfg = Debug|Any CPU
		{120DFBBF-E6CC-40F8-915C-C9C4E118555E}.Debug|Any CPU.Build.0 = Debug|Any CPU
		{120DFBBF-E6CC-40F8-915C-C9C4E118555E}.Debug|ARM.ActiveCfg = Debug|ARM
		{120DFBBF-E6CC-40F8-915C-C9C4E118555E}.Debug|ARM.Build.0 = Debug|ARM
		{120DFBBF-E6CC-40F8-915C-C9C4E118555E}.Debug|Mixed Platforms.ActiveCfg = Debug|x86
		{120DFBBF-E6CC-40F8-915C-C9C4E118555E}.Debug|Mixed Platforms.Build.0 = Debug|x86
		{120DFBBF-E6CC-40F8-915C-C9C4E118555E}.Debug|Windows Phone.ActiveCfg = Debug|Any CPU
		{120DFBBF-E6CC-40F8-915C-C9C4E118555E}.Debug|x64.ActiveCfg = Debug|x64
		{120DFBBF-E6CC-40F8-915C-C9C4E118555E}.Debug|x64.Build.0 = Debug|x64
		{120DFBBF-E6CC-40F8-915C-C9C4E118555E}.Debug|x86.ActiveCfg = Debug|x86
		{120DFBBF-E6CC-40F8-915C-C9C4E118555E}.Debug|x86.Build.0 = Debug|x86
		{120DFBBF-E6CC-40F8-915C-C9C4E118555E}.Release with Documentation|.NET.ActiveCfg = Release|Any CPU
		{120DFBBF-E6CC-40F8-915C-C9C4E118555E}.Release with Documentation|Any CPU.ActiveCfg = Release|Any CPU
		{120DFBBF-E6CC-40F8-915C-C9C4E118555E}.Release with Documentation|Any CPU.Build.0 = Release|Any CPU
		{120DFBBF-E6CC-40F8-915C-C9C4E118555E}.Release with Documentation|ARM.ActiveCfg = Release|ARM
		{120DFBBF-E6CC-40F8-915C-C9C4E118555E}.Release with Documentation|ARM.Build.0 = Release|ARM
		{120DFBBF-E6CC-40F8-915C-C9C4E118555E}.Release with Documentation|Mixed Platforms.ActiveCfg = Release|x86
		{120DFBBF-E6CC-40F8-915C-C9C4E118555E}.Release with Documentation|Mixed Platforms.Build.0 = Release|x86
		{120DFBBF-E6CC-40F8-915C-C9C4E118555E}.Release with Documentation|Windows Phone.ActiveCfg = Release|Any CPU
		{120DFBBF-E6CC-40F8-915C-C9C4E118555E}.Release with Documentation|x64.ActiveCfg = Release|x64
		{120DFBBF-E6CC-40F8-915C-C9C4E118555E}.Release with Documentation|x64.Build.0 = Release|x64
		{120DFBBF-E6CC-40F8-915C-C9C4E118555E}.Release with Documentation|x86.ActiveCfg = Release|x86
		{120DFBBF-E6CC-40F8-915C-C9C4E118555E}.Release with Documentation|x86.Build.0 = Release|x86
		{120DFBBF-E6CC-40F8-915C-C9C4E118555E}.Release|.NET.ActiveCfg = Release|Any CPU
		{120DFBBF-E6CC-40F8-915C-C9C4E118555E}.Release|Any CPU.ActiveCfg = Release|Any CPU
		{120DFBBF-E6CC-40F8-915C-C9C4E118555E}.Release|Any CPU.Build.0 = Release|Any CPU
		{120DFBBF-E6CC-40F8-915C-C9C4E118555E}.Release|ARM.ActiveCfg = Release|ARM
		{120DFBBF-E6CC-40F8-915C-C9C4E118555E}.Release|ARM.Build.0 = Release|ARM
		{120DFBBF-E6CC-40F8-915C-C9C4E118555E}.Release|Mixed Platforms.ActiveCfg = Release|x86
		{120DFBBF-E6CC-40F8-915C-C9C4E118555E}.Release|Mixed Platforms.Build.0 = Release|x86
		{120DFBBF-E6CC-40F8-915C-C9C4E118555E}.Release|Windows Phone.ActiveCfg = Release|Any CPU
		{120DFBBF-E6CC-40F8-915C-C9C4E118555E}.Release|x64.ActiveCfg = Release|x64
		{120DFBBF-E6CC-40F8-915C-C9C4E118555E}.Release|x64.Build.0 = Release|x64
		{120DFBBF-E6CC-40F8-915C-C9C4E118555E}.Release|x86.ActiveCfg = Release|x86
		{120DFBBF-E6CC-40F8-915C-C9C4E118555E}.Release|x86.Build.0 = Release|x86
		{FCE1391D-64CF-4E45-9FC9-FE63504853D1}.Debug|.NET.ActiveCfg = Debug|Any CPU
		{FCE1391D-64CF-4E45-9FC9-FE63504853D1}.Debug|Any CPU.ActiveCfg = Debug|Any CPU
		{FCE1391D-64CF-4E45-9FC9-FE63504853D1}.Debug|Any CPU.Build.0 = Debug|Any CPU
		{FCE1391D-64CF-4E45-9FC9-FE63504853D1}.Debug|Any CPU.Deploy.0 = Debug|Any CPU
		{FCE1391D-64CF-4E45-9FC9-FE63504853D1}.Debug|ARM.ActiveCfg = Debug|ARM
		{FCE1391D-64CF-4E45-9FC9-FE63504853D1}.Debug|ARM.Build.0 = Debug|ARM
		{FCE1391D-64CF-4E45-9FC9-FE63504853D1}.Debug|ARM.Deploy.0 = Debug|ARM
		{FCE1391D-64CF-4E45-9FC9-FE63504853D1}.Debug|Mixed Platforms.ActiveCfg = Debug|x86
		{FCE1391D-64CF-4E45-9FC9-FE63504853D1}.Debug|Mixed Platforms.Build.0 = Debug|x86
		{FCE1391D-64CF-4E45-9FC9-FE63504853D1}.Debug|Mixed Platforms.Deploy.0 = Debug|x86
		{FCE1391D-64CF-4E45-9FC9-FE63504853D1}.Debug|Windows Phone.ActiveCfg = Debug|Any CPU
		{FCE1391D-64CF-4E45-9FC9-FE63504853D1}.Debug|x64.ActiveCfg = Debug|x64
		{FCE1391D-64CF-4E45-9FC9-FE63504853D1}.Debug|x64.Build.0 = Debug|x64
		{FCE1391D-64CF-4E45-9FC9-FE63504853D1}.Debug|x64.Deploy.0 = Debug|x64
		{FCE1391D-64CF-4E45-9FC9-FE63504853D1}.Debug|x86.ActiveCfg = Debug|x86
		{FCE1391D-64CF-4E45-9FC9-FE63504853D1}.Debug|x86.Build.0 = Debug|x86
		{FCE1391D-64CF-4E45-9FC9-FE63504853D1}.Debug|x86.Deploy.0 = Debug|x86
		{FCE1391D-64CF-4E45-9FC9-FE63504853D1}.Release with Documentation|.NET.ActiveCfg = Release|Any CPU
		{FCE1391D-64CF-4E45-9FC9-FE63504853D1}.Release with Documentation|Any CPU.ActiveCfg = Release|Any CPU
		{FCE1391D-64CF-4E45-9FC9-FE63504853D1}.Release with Documentation|Any CPU.Build.0 = Release|Any CPU
		{FCE1391D-64CF-4E45-9FC9-FE63504853D1}.Release with Documentation|Any CPU.Deploy.0 = Release|Any CPU
		{FCE1391D-64CF-4E45-9FC9-FE63504853D1}.Release with Documentation|ARM.ActiveCfg = Release|ARM
		{FCE1391D-64CF-4E45-9FC9-FE63504853D1}.Release with Documentation|ARM.Build.0 = Release|ARM
		{FCE1391D-64CF-4E45-9FC9-FE63504853D1}.Release with Documentation|ARM.Deploy.0 = Release|ARM
		{FCE1391D-64CF-4E45-9FC9-FE63504853D1}.Release with Documentation|Mixed Platforms.ActiveCfg = Release|x86
		{FCE1391D-64CF-4E45-9FC9-FE63504853D1}.Release with Documentation|Mixed Platforms.Build.0 = Release|x86
		{FCE1391D-64CF-4E45-9FC9-FE63504853D1}.Release with Documentation|Mixed Platforms.Deploy.0 = Release|x86
		{FCE1391D-64CF-4E45-9FC9-FE63504853D1}.Release with Documentation|Windows Phone.ActiveCfg = Release|Any CPU
		{FCE1391D-64CF-4E45-9FC9-FE63504853D1}.Release with Documentation|x64.ActiveCfg = Release|x64
		{FCE1391D-64CF-4E45-9FC9-FE63504853D1}.Release with Documentation|x64.Build.0 = Release|x64
		{FCE1391D-64CF-4E45-9FC9-FE63504853D1}.Release with Documentation|x64.Deploy.0 = Release|x64
		{FCE1391D-64CF-4E45-9FC9-FE63504853D1}.Release with Documentation|x86.ActiveCfg = Release|x86
		{FCE1391D-64CF-4E45-9FC9-FE63504853D1}.Release with Documentation|x86.Build.0 = Release|x86
		{FCE1391D-64CF-4E45-9FC9-FE63504853D1}.Release with Documentation|x86.Deploy.0 = Release|x86
		{FCE1391D-64CF-4E45-9FC9-FE63504853D1}.Release|.NET.ActiveCfg = Release|Any CPU
		{FCE1391D-64CF-4E45-9FC9-FE63504853D1}.Release|Any CPU.ActiveCfg = Release|Any CPU
		{FCE1391D-64CF-4E45-9FC9-FE63504853D1}.Release|Any CPU.Build.0 = Release|Any CPU
		{FCE1391D-64CF-4E45-9FC9-FE63504853D1}.Release|Any CPU.Deploy.0 = Release|Any CPU
		{FCE1391D-64CF-4E45-9FC9-FE63504853D1}.Release|ARM.ActiveCfg = Release|ARM
		{FCE1391D-64CF-4E45-9FC9-FE63504853D1}.Release|ARM.Build.0 = Release|ARM
		{FCE1391D-64CF-4E45-9FC9-FE63504853D1}.Release|ARM.Deploy.0 = Release|ARM
		{FCE1391D-64CF-4E45-9FC9-FE63504853D1}.Release|Mixed Platforms.ActiveCfg = Release|x86
		{FCE1391D-64CF-4E45-9FC9-FE63504853D1}.Release|Mixed Platforms.Build.0 = Release|x86
		{FCE1391D-64CF-4E45-9FC9-FE63504853D1}.Release|Mixed Platforms.Deploy.0 = Release|x86
		{FCE1391D-64CF-4E45-9FC9-FE63504853D1}.Release|Windows Phone.ActiveCfg = Release|Any CPU
		{FCE1391D-64CF-4E45-9FC9-FE63504853D1}.Release|x64.ActiveCfg = Release|x64
		{FCE1391D-64CF-4E45-9FC9-FE63504853D1}.Release|x64.Build.0 = Release|x64
		{FCE1391D-64CF-4E45-9FC9-FE63504853D1}.Release|x64.Deploy.0 = Release|x64
		{FCE1391D-64CF-4E45-9FC9-FE63504853D1}.Release|x86.ActiveCfg = Release|x86
		{FCE1391D-64CF-4E45-9FC9-FE63504853D1}.Release|x86.Build.0 = Release|x86
		{FCE1391D-64CF-4E45-9FC9-FE63504853D1}.Release|x86.Deploy.0 = Release|x86
		{15D962AB-75C8-472E-ADC5-35BC1B32D63E}.Debug|.NET.ActiveCfg = Debug|Any CPU
		{15D962AB-75C8-472E-ADC5-35BC1B32D63E}.Debug|Any CPU.ActiveCfg = Debug|Any CPU
		{15D962AB-75C8-472E-ADC5-35BC1B32D63E}.Debug|Any CPU.Build.0 = Debug|Any CPU
		{15D962AB-75C8-472E-ADC5-35BC1B32D63E}.Debug|Any CPU.Deploy.0 = Debug|Any CPU
		{15D962AB-75C8-472E-ADC5-35BC1B32D63E}.Debug|ARM.ActiveCfg = Debug|ARM
		{15D962AB-75C8-472E-ADC5-35BC1B32D63E}.Debug|ARM.Build.0 = Debug|ARM
		{15D962AB-75C8-472E-ADC5-35BC1B32D63E}.Debug|ARM.Deploy.0 = Debug|ARM
		{15D962AB-75C8-472E-ADC5-35BC1B32D63E}.Debug|Mixed Platforms.ActiveCfg = Debug|x86
		{15D962AB-75C8-472E-ADC5-35BC1B32D63E}.Debug|Mixed Platforms.Build.0 = Debug|x86
		{15D962AB-75C8-472E-ADC5-35BC1B32D63E}.Debug|Mixed Platforms.Deploy.0 = Debug|x86
		{15D962AB-75C8-472E-ADC5-35BC1B32D63E}.Debug|Windows Phone.ActiveCfg = Debug|Any CPU
		{15D962AB-75C8-472E-ADC5-35BC1B32D63E}.Debug|x64.ActiveCfg = Debug|x64
		{15D962AB-75C8-472E-ADC5-35BC1B32D63E}.Debug|x64.Build.0 = Debug|x64
		{15D962AB-75C8-472E-ADC5-35BC1B32D63E}.Debug|x64.Deploy.0 = Debug|x64
		{15D962AB-75C8-472E-ADC5-35BC1B32D63E}.Debug|x86.ActiveCfg = Debug|x86
		{15D962AB-75C8-472E-ADC5-35BC1B32D63E}.Debug|x86.Build.0 = Debug|x86
		{15D962AB-75C8-472E-ADC5-35BC1B32D63E}.Debug|x86.Deploy.0 = Debug|x86
		{15D962AB-75C8-472E-ADC5-35BC1B32D63E}.Release with Documentation|.NET.ActiveCfg = Release|Any CPU
		{15D962AB-75C8-472E-ADC5-35BC1B32D63E}.Release with Documentation|Any CPU.ActiveCfg = Release|Any CPU
		{15D962AB-75C8-472E-ADC5-35BC1B32D63E}.Release with Documentation|Any CPU.Build.0 = Release|Any CPU
		{15D962AB-75C8-472E-ADC5-35BC1B32D63E}.Release with Documentation|Any CPU.Deploy.0 = Release|Any CPU
		{15D962AB-75C8-472E-ADC5-35BC1B32D63E}.Release with Documentation|ARM.ActiveCfg = Release|ARM
		{15D962AB-75C8-472E-ADC5-35BC1B32D63E}.Release with Documentation|ARM.Build.0 = Release|ARM
		{15D962AB-75C8-472E-ADC5-35BC1B32D63E}.Release with Documentation|ARM.Deploy.0 = Release|ARM
		{15D962AB-75C8-472E-ADC5-35BC1B32D63E}.Release with Documentation|Mixed Platforms.ActiveCfg = Release|x86
		{15D962AB-75C8-472E-ADC5-35BC1B32D63E}.Release with Documentation|Mixed Platforms.Build.0 = Release|x86
		{15D962AB-75C8-472E-ADC5-35BC1B32D63E}.Release with Documentation|Mixed Platforms.Deploy.0 = Release|x86
		{15D962AB-75C8-472E-ADC5-35BC1B32D63E}.Release with Documentation|Windows Phone.ActiveCfg = Release|Any CPU
		{15D962AB-75C8-472E-ADC5-35BC1B32D63E}.Release with Documentation|x64.ActiveCfg = Release|x64
		{15D962AB-75C8-472E-ADC5-35BC1B32D63E}.Release with Documentation|x64.Build.0 = Release|x64
		{15D962AB-75C8-472E-ADC5-35BC1B32D63E}.Release with Documentation|x64.Deploy.0 = Release|x64
		{15D962AB-75C8-472E-ADC5-35BC1B32D63E}.Release with Documentation|x86.ActiveCfg = Release|x86
		{15D962AB-75C8-472E-ADC5-35BC1B32D63E}.Release with Documentation|x86.Build.0 = Release|x86
		{15D962AB-75C8-472E-ADC5-35BC1B32D63E}.Release with Documentation|x86.Deploy.0 = Release|x86
		{15D962AB-75C8-472E-ADC5-35BC1B32D63E}.Release|.NET.ActiveCfg = Release|Any CPU
		{15D962AB-75C8-472E-ADC5-35BC1B32D63E}.Release|Any CPU.ActiveCfg = Release|Any CPU
		{15D962AB-75C8-472E-ADC5-35BC1B32D63E}.Release|Any CPU.Build.0 = Release|Any CPU
		{15D962AB-75C8-472E-ADC5-35BC1B32D63E}.Release|Any CPU.Deploy.0 = Release|Any CPU
		{15D962AB-75C8-472E-ADC5-35BC1B32D63E}.Release|ARM.ActiveCfg = Release|ARM
		{15D962AB-75C8-472E-ADC5-35BC1B32D63E}.Release|ARM.Build.0 = Release|ARM
		{15D962AB-75C8-472E-ADC5-35BC1B32D63E}.Release|ARM.Deploy.0 = Release|ARM
		{15D962AB-75C8-472E-ADC5-35BC1B32D63E}.Release|Mixed Platforms.ActiveCfg = Release|x86
		{15D962AB-75C8-472E-ADC5-35BC1B32D63E}.Release|Mixed Platforms.Build.0 = Release|x86
		{15D962AB-75C8-472E-ADC5-35BC1B32D63E}.Release|Mixed Platforms.Deploy.0 = Release|x86
		{15D962AB-75C8-472E-ADC5-35BC1B32D63E}.Release|Windows Phone.ActiveCfg = Release|Any CPU
		{15D962AB-75C8-472E-ADC5-35BC1B32D63E}.Release|x64.ActiveCfg = Release|x64
		{15D962AB-75C8-472E-ADC5-35BC1B32D63E}.Release|x64.Build.0 = Release|x64
		{15D962AB-75C8-472E-ADC5-35BC1B32D63E}.Release|x64.Deploy.0 = Release|x64
		{15D962AB-75C8-472E-ADC5-35BC1B32D63E}.Release|x86.ActiveCfg = Release|x86
		{15D962AB-75C8-472E-ADC5-35BC1B32D63E}.Release|x86.Build.0 = Release|x86
		{15D962AB-75C8-472E-ADC5-35BC1B32D63E}.Release|x86.Deploy.0 = Release|x86
		{B3D3E2D9-034E-4AFE-8857-AF439C1B44F3}.Debug|.NET.ActiveCfg = Debug|Any CPU
		{B3D3E2D9-034E-4AFE-8857-AF439C1B44F3}.Debug|Any CPU.ActiveCfg = Debug|Any CPU
		{B3D3E2D9-034E-4AFE-8857-AF439C1B44F3}.Debug|Any CPU.Build.0 = Debug|Any CPU
		{B3D3E2D9-034E-4AFE-8857-AF439C1B44F3}.Debug|Any CPU.Deploy.0 = Debug|Any CPU
		{B3D3E2D9-034E-4AFE-8857-AF439C1B44F3}.Debug|ARM.ActiveCfg = Debug|ARM
		{B3D3E2D9-034E-4AFE-8857-AF439C1B44F3}.Debug|ARM.Build.0 = Debug|ARM
		{B3D3E2D9-034E-4AFE-8857-AF439C1B44F3}.Debug|ARM.Deploy.0 = Debug|ARM
		{B3D3E2D9-034E-4AFE-8857-AF439C1B44F3}.Debug|Mixed Platforms.ActiveCfg = Debug|x86
		{B3D3E2D9-034E-4AFE-8857-AF439C1B44F3}.Debug|Mixed Platforms.Build.0 = Debug|x86
		{B3D3E2D9-034E-4AFE-8857-AF439C1B44F3}.Debug|Mixed Platforms.Deploy.0 = Debug|x86
		{B3D3E2D9-034E-4AFE-8857-AF439C1B44F3}.Debug|Windows Phone.ActiveCfg = Debug|Any CPU
		{B3D3E2D9-034E-4AFE-8857-AF439C1B44F3}.Debug|x64.ActiveCfg = Debug|x64
		{B3D3E2D9-034E-4AFE-8857-AF439C1B44F3}.Debug|x64.Build.0 = Debug|x64
		{B3D3E2D9-034E-4AFE-8857-AF439C1B44F3}.Debug|x64.Deploy.0 = Debug|x64
		{B3D3E2D9-034E-4AFE-8857-AF439C1B44F3}.Debug|x86.ActiveCfg = Debug|x86
		{B3D3E2D9-034E-4AFE-8857-AF439C1B44F3}.Debug|x86.Build.0 = Debug|x86
		{B3D3E2D9-034E-4AFE-8857-AF439C1B44F3}.Debug|x86.Deploy.0 = Debug|x86
		{B3D3E2D9-034E-4AFE-8857-AF439C1B44F3}.Release with Documentation|.NET.ActiveCfg = Release|Any CPU
		{B3D3E2D9-034E-4AFE-8857-AF439C1B44F3}.Release with Documentation|Any CPU.ActiveCfg = Release|Any CPU
		{B3D3E2D9-034E-4AFE-8857-AF439C1B44F3}.Release with Documentation|Any CPU.Build.0 = Release|Any CPU
		{B3D3E2D9-034E-4AFE-8857-AF439C1B44F3}.Release with Documentation|Any CPU.Deploy.0 = Release|Any CPU
		{B3D3E2D9-034E-4AFE-8857-AF439C1B44F3}.Release with Documentation|ARM.ActiveCfg = Release|ARM
		{B3D3E2D9-034E-4AFE-8857-AF439C1B44F3}.Release with Documentation|ARM.Build.0 = Release|ARM
		{B3D3E2D9-034E-4AFE-8857-AF439C1B44F3}.Release with Documentation|ARM.Deploy.0 = Release|ARM
		{B3D3E2D9-034E-4AFE-8857-AF439C1B44F3}.Release with Documentation|Mixed Platforms.ActiveCfg = Release|x86
		{B3D3E2D9-034E-4AFE-8857-AF439C1B44F3}.Release with Documentation|Mixed Platforms.Build.0 = Release|x86
		{B3D3E2D9-034E-4AFE-8857-AF439C1B44F3}.Release with Documentation|Mixed Platforms.Deploy.0 = Release|x86
		{B3D3E2D9-034E-4AFE-8857-AF439C1B44F3}.Release with Documentation|Windows Phone.ActiveCfg = Release|Any CPU
		{B3D3E2D9-034E-4AFE-8857-AF439C1B44F3}.Release with Documentation|x64.ActiveCfg = Release|x64
		{B3D3E2D9-034E-4AFE-8857-AF439C1B44F3}.Release with Documentation|x64.Build.0 = Release|x64
		{B3D3E2D9-034E-4AFE-8857-AF439C1B44F3}.Release with Documentation|x64.Deploy.0 = Release|x64
		{B3D3E2D9-034E-4AFE-8857-AF439C1B44F3}.Release with Documentation|x86.ActiveCfg = Release|x86
		{B3D3E2D9-034E-4AFE-8857-AF439C1B44F3}.Release with Documentation|x86.Build.0 = Release|x86
		{B3D3E2D9-034E-4AFE-8857-AF439C1B44F3}.Release with Documentation|x86.Deploy.0 = Release|x86
		{B3D3E2D9-034E-4AFE-8857-AF439C1B44F3}.Release|.NET.ActiveCfg = Release|Any CPU
		{B3D3E2D9-034E-4AFE-8857-AF439C1B44F3}.Release|Any CPU.ActiveCfg = Release|Any CPU
		{B3D3E2D9-034E-4AFE-8857-AF439C1B44F3}.Release|Any CPU.Build.0 = Release|Any CPU
		{B3D3E2D9-034E-4AFE-8857-AF439C1B44F3}.Release|Any CPU.Deploy.0 = Release|Any CPU
		{B3D3E2D9-034E-4AFE-8857-AF439C1B44F3}.Release|ARM.ActiveCfg = Release|ARM
		{B3D3E2D9-034E-4AFE-8857-AF439C1B44F3}.Release|ARM.Build.0 = Release|ARM
		{B3D3E2D9-034E-4AFE-8857-AF439C1B44F3}.Release|ARM.Deploy.0 = Release|ARM
		{B3D3E2D9-034E-4AFE-8857-AF439C1B44F3}.Release|Mixed Platforms.ActiveCfg = Release|x86
		{B3D3E2D9-034E-4AFE-8857-AF439C1B44F3}.Release|Mixed Platforms.Build.0 = Release|x86
		{B3D3E2D9-034E-4AFE-8857-AF439C1B44F3}.Release|Mixed Platforms.Deploy.0 = Release|x86
		{B3D3E2D9-034E-4AFE-8857-AF439C1B44F3}.Release|Windows Phone.ActiveCfg = Release|Any CPU
		{B3D3E2D9-034E-4AFE-8857-AF439C1B44F3}.Release|x64.ActiveCfg = Release|x64
		{B3D3E2D9-034E-4AFE-8857-AF439C1B44F3}.Release|x64.Build.0 = Release|x64
		{B3D3E2D9-034E-4AFE-8857-AF439C1B44F3}.Release|x64.Deploy.0 = Release|x64
		{B3D3E2D9-034E-4AFE-8857-AF439C1B44F3}.Release|x86.ActiveCfg = Release|x86
		{B3D3E2D9-034E-4AFE-8857-AF439C1B44F3}.Release|x86.Build.0 = Release|x86
		{B3D3E2D9-034E-4AFE-8857-AF439C1B44F3}.Release|x86.Deploy.0 = Release|x86
		{7296383E-2A0F-4FA6-B999-C3C83BC87914}.Debug|.NET.ActiveCfg = Debug|Any CPU
		{7296383E-2A0F-4FA6-B999-C3C83BC87914}.Debug|Any CPU.ActiveCfg = Debug|Any CPU
		{7296383E-2A0F-4FA6-B999-C3C83BC87914}.Debug|Any CPU.Build.0 = Debug|Any CPU
		{7296383E-2A0F-4FA6-B999-C3C83BC87914}.Debug|Any CPU.Deploy.0 = Debug|Any CPU
		{7296383E-2A0F-4FA6-B999-C3C83BC87914}.Debug|ARM.ActiveCfg = Debug|ARM
		{7296383E-2A0F-4FA6-B999-C3C83BC87914}.Debug|ARM.Build.0 = Debug|ARM
		{7296383E-2A0F-4FA6-B999-C3C83BC87914}.Debug|ARM.Deploy.0 = Debug|ARM
		{7296383E-2A0F-4FA6-B999-C3C83BC87914}.Debug|Mixed Platforms.ActiveCfg = Debug|x86
		{7296383E-2A0F-4FA6-B999-C3C83BC87914}.Debug|Mixed Platforms.Build.0 = Debug|x86
		{7296383E-2A0F-4FA6-B999-C3C83BC87914}.Debug|Mixed Platforms.Deploy.0 = Debug|x86
		{7296383E-2A0F-4FA6-B999-C3C83BC87914}.Debug|Windows Phone.ActiveCfg = Debug|Any CPU
		{7296383E-2A0F-4FA6-B999-C3C83BC87914}.Debug|x64.ActiveCfg = Debug|Any CPU
		{7296383E-2A0F-4FA6-B999-C3C83BC87914}.Debug|x86.ActiveCfg = Debug|x86
		{7296383E-2A0F-4FA6-B999-C3C83BC87914}.Debug|x86.Build.0 = Debug|x86
		{7296383E-2A0F-4FA6-B999-C3C83BC87914}.Debug|x86.Deploy.0 = Debug|x86
		{7296383E-2A0F-4FA6-B999-C3C83BC87914}.Release with Documentation|.NET.ActiveCfg = Release|Any CPU
		{7296383E-2A0F-4FA6-B999-C3C83BC87914}.Release with Documentation|Any CPU.ActiveCfg = Release|Any CPU
		{7296383E-2A0F-4FA6-B999-C3C83BC87914}.Release with Documentation|Any CPU.Build.0 = Release|Any CPU
		{7296383E-2A0F-4FA6-B999-C3C83BC87914}.Release with Documentation|Any CPU.Deploy.0 = Release|Any CPU
		{7296383E-2A0F-4FA6-B999-C3C83BC87914}.Release with Documentation|ARM.ActiveCfg = Release|ARM
		{7296383E-2A0F-4FA6-B999-C3C83BC87914}.Release with Documentation|ARM.Build.0 = Release|ARM
		{7296383E-2A0F-4FA6-B999-C3C83BC87914}.Release with Documentation|ARM.Deploy.0 = Release|ARM
		{7296383E-2A0F-4FA6-B999-C3C83BC87914}.Release with Documentation|Mixed Platforms.ActiveCfg = Release|x86
		{7296383E-2A0F-4FA6-B999-C3C83BC87914}.Release with Documentation|Mixed Platforms.Build.0 = Release|x86
		{7296383E-2A0F-4FA6-B999-C3C83BC87914}.Release with Documentation|Mixed Platforms.Deploy.0 = Release|x86
		{7296383E-2A0F-4FA6-B999-C3C83BC87914}.Release with Documentation|Windows Phone.ActiveCfg = Release|Any CPU
		{7296383E-2A0F-4FA6-B999-C3C83BC87914}.Release with Documentation|x64.ActiveCfg = Release|Any CPU
		{7296383E-2A0F-4FA6-B999-C3C83BC87914}.Release with Documentation|x86.ActiveCfg = Release|x86
		{7296383E-2A0F-4FA6-B999-C3C83BC87914}.Release with Documentation|x86.Build.0 = Release|x86
		{7296383E-2A0F-4FA6-B999-C3C83BC87914}.Release with Documentation|x86.Deploy.0 = Release|x86
		{7296383E-2A0F-4FA6-B999-C3C83BC87914}.Release|.NET.ActiveCfg = Release|Any CPU
		{7296383E-2A0F-4FA6-B999-C3C83BC87914}.Release|Any CPU.ActiveCfg = Release|Any CPU
		{7296383E-2A0F-4FA6-B999-C3C83BC87914}.Release|Any CPU.Build.0 = Release|Any CPU
		{7296383E-2A0F-4FA6-B999-C3C83BC87914}.Release|Any CPU.Deploy.0 = Release|Any CPU
		{7296383E-2A0F-4FA6-B999-C3C83BC87914}.Release|ARM.ActiveCfg = Release|ARM
		{7296383E-2A0F-4FA6-B999-C3C83BC87914}.Release|ARM.Build.0 = Release|ARM
		{7296383E-2A0F-4FA6-B999-C3C83BC87914}.Release|ARM.Deploy.0 = Release|ARM
		{7296383E-2A0F-4FA6-B999-C3C83BC87914}.Release|Mixed Platforms.ActiveCfg = Release|x86
		{7296383E-2A0F-4FA6-B999-C3C83BC87914}.Release|Mixed Platforms.Build.0 = Release|x86
		{7296383E-2A0F-4FA6-B999-C3C83BC87914}.Release|Mixed Platforms.Deploy.0 = Release|x86
		{7296383E-2A0F-4FA6-B999-C3C83BC87914}.Release|Windows Phone.ActiveCfg = Release|Any CPU
		{7296383E-2A0F-4FA6-B999-C3C83BC87914}.Release|x64.ActiveCfg = Release|Any CPU
		{7296383E-2A0F-4FA6-B999-C3C83BC87914}.Release|x86.ActiveCfg = Release|x86
		{7296383E-2A0F-4FA6-B999-C3C83BC87914}.Release|x86.Build.0 = Release|x86
		{7296383E-2A0F-4FA6-B999-C3C83BC87914}.Release|x86.Deploy.0 = Release|x86
		{0330EF11-CBED-4E17-BD7A-360D957C9E04}.Debug|.NET.ActiveCfg = Debug|Any CPU
		{0330EF11-CBED-4E17-BD7A-360D957C9E04}.Debug|Any CPU.ActiveCfg = Debug|Any CPU
		{0330EF11-CBED-4E17-BD7A-360D957C9E04}.Debug|Any CPU.Build.0 = Debug|Any CPU
		{0330EF11-CBED-4E17-BD7A-360D957C9E04}.Debug|Any CPU.Deploy.0 = Debug|Any CPU
		{0330EF11-CBED-4E17-BD7A-360D957C9E04}.Debug|ARM.ActiveCfg = Debug|ARM
		{0330EF11-CBED-4E17-BD7A-360D957C9E04}.Debug|ARM.Build.0 = Debug|ARM
		{0330EF11-CBED-4E17-BD7A-360D957C9E04}.Debug|ARM.Deploy.0 = Debug|ARM
		{0330EF11-CBED-4E17-BD7A-360D957C9E04}.Debug|Mixed Platforms.ActiveCfg = Debug|x86
		{0330EF11-CBED-4E17-BD7A-360D957C9E04}.Debug|Mixed Platforms.Build.0 = Debug|x86
		{0330EF11-CBED-4E17-BD7A-360D957C9E04}.Debug|Mixed Platforms.Deploy.0 = Debug|x86
		{0330EF11-CBED-4E17-BD7A-360D957C9E04}.Debug|Windows Phone.ActiveCfg = Debug|Any CPU
		{0330EF11-CBED-4E17-BD7A-360D957C9E04}.Debug|x64.ActiveCfg = Debug|Any CPU
		{0330EF11-CBED-4E17-BD7A-360D957C9E04}.Debug|x86.ActiveCfg = Debug|x86
		{0330EF11-CBED-4E17-BD7A-360D957C9E04}.Debug|x86.Build.0 = Debug|x86
		{0330EF11-CBED-4E17-BD7A-360D957C9E04}.Debug|x86.Deploy.0 = Debug|x86
		{0330EF11-CBED-4E17-BD7A-360D957C9E04}.Release with Documentation|.NET.ActiveCfg = Release|Any CPU
		{0330EF11-CBED-4E17-BD7A-360D957C9E04}.Release with Documentation|Any CPU.ActiveCfg = Release|Any CPU
		{0330EF11-CBED-4E17-BD7A-360D957C9E04}.Release with Documentation|Any CPU.Build.0 = Release|Any CPU
		{0330EF11-CBED-4E17-BD7A-360D957C9E04}.Release with Documentation|Any CPU.Deploy.0 = Release|Any CPU
		{0330EF11-CBED-4E17-BD7A-360D957C9E04}.Release with Documentation|ARM.ActiveCfg = Release|ARM
		{0330EF11-CBED-4E17-BD7A-360D957C9E04}.Release with Documentation|ARM.Build.0 = Release|ARM
		{0330EF11-CBED-4E17-BD7A-360D957C9E04}.Release with Documentation|ARM.Deploy.0 = Release|ARM
		{0330EF11-CBED-4E17-BD7A-360D957C9E04}.Release with Documentation|Mixed Platforms.ActiveCfg = Release|x86
		{0330EF11-CBED-4E17-BD7A-360D957C9E04}.Release with Documentation|Mixed Platforms.Build.0 = Release|x86
		{0330EF11-CBED-4E17-BD7A-360D957C9E04}.Release with Documentation|Mixed Platforms.Deploy.0 = Release|x86
		{0330EF11-CBED-4E17-BD7A-360D957C9E04}.Release with Documentation|Windows Phone.ActiveCfg = Release|Any CPU
		{0330EF11-CBED-4E17-BD7A-360D957C9E04}.Release with Documentation|x64.ActiveCfg = Release|Any CPU
		{0330EF11-CBED-4E17-BD7A-360D957C9E04}.Release with Documentation|x86.ActiveCfg = Release|x86
		{0330EF11-CBED-4E17-BD7A-360D957C9E04}.Release with Documentation|x86.Build.0 = Release|x86
		{0330EF11-CBED-4E17-BD7A-360D957C9E04}.Release with Documentation|x86.Deploy.0 = Release|x86
		{0330EF11-CBED-4E17-BD7A-360D957C9E04}.Release|.NET.ActiveCfg = Release|Any CPU
		{0330EF11-CBED-4E17-BD7A-360D957C9E04}.Release|Any CPU.ActiveCfg = Release|Any CPU
		{0330EF11-CBED-4E17-BD7A-360D957C9E04}.Release|Any CPU.Build.0 = Release|Any CPU
		{0330EF11-CBED-4E17-BD7A-360D957C9E04}.Release|Any CPU.Deploy.0 = Release|Any CPU
		{0330EF11-CBED-4E17-BD7A-360D957C9E04}.Release|ARM.ActiveCfg = Release|ARM
		{0330EF11-CBED-4E17-BD7A-360D957C9E04}.Release|ARM.Build.0 = Release|ARM
		{0330EF11-CBED-4E17-BD7A-360D957C9E04}.Release|ARM.Deploy.0 = Release|ARM
		{0330EF11-CBED-4E17-BD7A-360D957C9E04}.Release|Mixed Platforms.ActiveCfg = Release|x86
		{0330EF11-CBED-4E17-BD7A-360D957C9E04}.Release|Mixed Platforms.Build.0 = Release|x86
		{0330EF11-CBED-4E17-BD7A-360D957C9E04}.Release|Mixed Platforms.Deploy.0 = Release|x86
		{0330EF11-CBED-4E17-BD7A-360D957C9E04}.Release|Windows Phone.ActiveCfg = Release|Any CPU
		{0330EF11-CBED-4E17-BD7A-360D957C9E04}.Release|x64.ActiveCfg = Release|Any CPU
		{0330EF11-CBED-4E17-BD7A-360D957C9E04}.Release|x86.ActiveCfg = Release|x86
		{0330EF11-CBED-4E17-BD7A-360D957C9E04}.Release|x86.Build.0 = Release|x86
		{0330EF11-CBED-4E17-BD7A-360D957C9E04}.Release|x86.Deploy.0 = Release|x86
		{9CF977BD-D9BE-4F61-9F74-CC3D89AAD7BC}.Debug|.NET.ActiveCfg = Debug|Any CPU
		{9CF977BD-D9BE-4F61-9F74-CC3D89AAD7BC}.Debug|Any CPU.ActiveCfg = Debug|Any CPU
		{9CF977BD-D9BE-4F61-9F74-CC3D89AAD7BC}.Debug|Any CPU.Build.0 = Debug|Any CPU
		{9CF977BD-D9BE-4F61-9F74-CC3D89AAD7BC}.Debug|ARM.ActiveCfg = Debug|ARM
		{9CF977BD-D9BE-4F61-9F74-CC3D89AAD7BC}.Debug|ARM.Build.0 = Debug|ARM
		{9CF977BD-D9BE-4F61-9F74-CC3D89AAD7BC}.Debug|Mixed Platforms.ActiveCfg = Debug|x86
		{9CF977BD-D9BE-4F61-9F74-CC3D89AAD7BC}.Debug|Mixed Platforms.Build.0 = Debug|x86
		{9CF977BD-D9BE-4F61-9F74-CC3D89AAD7BC}.Debug|Windows Phone.ActiveCfg = Debug|Any CPU
		{9CF977BD-D9BE-4F61-9F74-CC3D89AAD7BC}.Debug|x64.ActiveCfg = Debug|Any CPU
		{9CF977BD-D9BE-4F61-9F74-CC3D89AAD7BC}.Debug|x86.ActiveCfg = Debug|x86
		{9CF977BD-D9BE-4F61-9F74-CC3D89AAD7BC}.Debug|x86.Build.0 = Debug|x86
		{9CF977BD-D9BE-4F61-9F74-CC3D89AAD7BC}.Release with Documentation|.NET.ActiveCfg = Release|Any CPU
		{9CF977BD-D9BE-4F61-9F74-CC3D89AAD7BC}.Release with Documentation|Any CPU.ActiveCfg = Release|Any CPU
		{9CF977BD-D9BE-4F61-9F74-CC3D89AAD7BC}.Release with Documentation|Any CPU.Build.0 = Release|Any CPU
		{9CF977BD-D9BE-4F61-9F74-CC3D89AAD7BC}.Release with Documentation|ARM.ActiveCfg = Release|ARM
		{9CF977BD-D9BE-4F61-9F74-CC3D89AAD7BC}.Release with Documentation|ARM.Build.0 = Release|ARM
		{9CF977BD-D9BE-4F61-9F74-CC3D89AAD7BC}.Release with Documentation|Mixed Platforms.ActiveCfg = Release|x86
		{9CF977BD-D9BE-4F61-9F74-CC3D89AAD7BC}.Release with Documentation|Mixed Platforms.Build.0 = Release|x86
		{9CF977BD-D9BE-4F61-9F74-CC3D89AAD7BC}.Release with Documentation|Windows Phone.ActiveCfg = Release|Any CPU
		{9CF977BD-D9BE-4F61-9F74-CC3D89AAD7BC}.Release with Documentation|x64.ActiveCfg = Release|Any CPU
		{9CF977BD-D9BE-4F61-9F74-CC3D89AAD7BC}.Release with Documentation|x86.ActiveCfg = Release|x86
		{9CF977BD-D9BE-4F61-9F74-CC3D89AAD7BC}.Release with Documentation|x86.Build.0 = Release|x86
		{9CF977BD-D9BE-4F61-9F74-CC3D89AAD7BC}.Release|.NET.ActiveCfg = Release|Any CPU
		{9CF977BD-D9BE-4F61-9F74-CC3D89AAD7BC}.Release|Any CPU.ActiveCfg = Release|Any CPU
		{9CF977BD-D9BE-4F61-9F74-CC3D89AAD7BC}.Release|Any CPU.Build.0 = Release|Any CPU
		{9CF977BD-D9BE-4F61-9F74-CC3D89AAD7BC}.Release|ARM.ActiveCfg = Release|ARM
		{9CF977BD-D9BE-4F61-9F74-CC3D89AAD7BC}.Release|ARM.Build.0 = Release|ARM
		{9CF977BD-D9BE-4F61-9F74-CC3D89AAD7BC}.Release|Mixed Platforms.ActiveCfg = Release|x86
		{9CF977BD-D9BE-4F61-9F74-CC3D89AAD7BC}.Release|Mixed Platforms.Build.0 = Release|x86
		{9CF977BD-D9BE-4F61-9F74-CC3D89AAD7BC}.Release|Windows Phone.ActiveCfg = Release|Any CPU
		{9CF977BD-D9BE-4F61-9F74-CC3D89AAD7BC}.Release|x64.ActiveCfg = Release|Any CPU
		{9CF977BD-D9BE-4F61-9F74-CC3D89AAD7BC}.Release|x86.ActiveCfg = Release|x86
		{9CF977BD-D9BE-4F61-9F74-CC3D89AAD7BC}.Release|x86.Build.0 = Release|x86
		{42BC6F24-0C63-47B4-A54E-C7D118A09FF0}.Debug|.NET.ActiveCfg = Debug|Any CPU
		{42BC6F24-0C63-47B4-A54E-C7D118A09FF0}.Debug|Any CPU.ActiveCfg = Debug|Any CPU
		{42BC6F24-0C63-47B4-A54E-C7D118A09FF0}.Debug|Any CPU.Build.0 = Debug|Any CPU
		{42BC6F24-0C63-47B4-A54E-C7D118A09FF0}.Debug|ARM.ActiveCfg = Debug|Any CPU
		{42BC6F24-0C63-47B4-A54E-C7D118A09FF0}.Debug|Mixed Platforms.ActiveCfg = Debug|Any CPU
		{42BC6F24-0C63-47B4-A54E-C7D118A09FF0}.Debug|Mixed Platforms.Build.0 = Debug|Any CPU
		{42BC6F24-0C63-47B4-A54E-C7D118A09FF0}.Debug|Windows Phone.ActiveCfg = Debug|Any CPU
		{42BC6F24-0C63-47B4-A54E-C7D118A09FF0}.Debug|x64.ActiveCfg = Debug|Any CPU
		{42BC6F24-0C63-47B4-A54E-C7D118A09FF0}.Debug|x86.ActiveCfg = Debug|Any CPU
		{42BC6F24-0C63-47B4-A54E-C7D118A09FF0}.Release with Documentation|.NET.ActiveCfg = Release|Any CPU
		{42BC6F24-0C63-47B4-A54E-C7D118A09FF0}.Release with Documentation|Any CPU.ActiveCfg = Release|Any CPU
		{42BC6F24-0C63-47B4-A54E-C7D118A09FF0}.Release with Documentation|Any CPU.Build.0 = Release|Any CPU
		{42BC6F24-0C63-47B4-A54E-C7D118A09FF0}.Release with Documentation|ARM.ActiveCfg = Release|Any CPU
		{42BC6F24-0C63-47B4-A54E-C7D118A09FF0}.Release with Documentation|Mixed Platforms.ActiveCfg = Release|Any CPU
		{42BC6F24-0C63-47B4-A54E-C7D118A09FF0}.Release with Documentation|Mixed Platforms.Build.0 = Release|Any CPU
		{42BC6F24-0C63-47B4-A54E-C7D118A09FF0}.Release with Documentation|Windows Phone.ActiveCfg = Release|Any CPU
		{42BC6F24-0C63-47B4-A54E-C7D118A09FF0}.Release with Documentation|x64.ActiveCfg = Release|Any CPU
		{42BC6F24-0C63-47B4-A54E-C7D118A09FF0}.Release with Documentation|x86.ActiveCfg = Release|Any CPU
		{42BC6F24-0C63-47B4-A54E-C7D118A09FF0}.Release|.NET.ActiveCfg = Release|Any CPU
		{42BC6F24-0C63-47B4-A54E-C7D118A09FF0}.Release|Any CPU.ActiveCfg = Release|Any CPU
		{42BC6F24-0C63-47B4-A54E-C7D118A09FF0}.Release|Any CPU.Build.0 = Release|Any CPU
		{42BC6F24-0C63-47B4-A54E-C7D118A09FF0}.Release|ARM.ActiveCfg = Release|Any CPU
		{42BC6F24-0C63-47B4-A54E-C7D118A09FF0}.Release|Mixed Platforms.ActiveCfg = Release|Any CPU
		{42BC6F24-0C63-47B4-A54E-C7D118A09FF0}.Release|Mixed Platforms.Build.0 = Release|Any CPU
		{42BC6F24-0C63-47B4-A54E-C7D118A09FF0}.Release|Windows Phone.ActiveCfg = Release|Any CPU
		{42BC6F24-0C63-47B4-A54E-C7D118A09FF0}.Release|x64.ActiveCfg = Release|Any CPU
		{42BC6F24-0C63-47B4-A54E-C7D118A09FF0}.Release|x86.ActiveCfg = Release|Any CPU
	EndGlobalSection
	GlobalSection(SolutionProperties) = preSolution
		HideSolutionNode = FALSE
	EndGlobalSection
	GlobalSection(NestedProjects) = preSolution
		{FCE1391D-64CF-4E45-9FC9-FE63504853D1} = {31149714-415B-4FED-9822-BB8840ACCB27}
		{15D962AB-75C8-472E-ADC5-35BC1B32D63E} = {31149714-415B-4FED-9822-BB8840ACCB27}
		{B3D3E2D9-034E-4AFE-8857-AF439C1B44F3} = {31149714-415B-4FED-9822-BB8840ACCB27}
		{7296383E-2A0F-4FA6-B999-C3C83BC87914} = {31149714-415B-4FED-9822-BB8840ACCB27}
		{0330EF11-CBED-4E17-BD7A-360D957C9E04} = {31149714-415B-4FED-9822-BB8840ACCB27}
	EndGlobalSection
EndGlobal
