
Microsoft Visual Studio Solution File, Format Version 12.00
# Visual Studio 2012
Project("{2150E333-8FDC-42A3-9474-1A3956D46DE8}") = "Solution Items", "Solution Items", "{570A19A0-ED37-499C-88C6-DF29359AC083}"
	ProjectSection(SolutionItems) = preProject
		Solution Items\GlobalAssemblyInfo.cs = Solution Items\GlobalAssemblyInfo.cs
		MessagingToolkit.snk = MessagingToolkit.snk
	EndProjectSection
EndProject
Project("{FAE04EC0-301F-11D3-BF4B-00C04F79EFBC}") = "MessagingToolkit.Pdu", "MessagingToolkit.Pdu\MessagingToolkit.Pdu.csproj", "{606E4BD6-402F-4E43-B695-18C23D8E363D}"
EndProject
Project("{2150E333-8FDC-42A3-9474-1A3956D46DE8}") = "MessagingToolkit.Demos", "MessagingToolkit.Demos", "{578403E1-5DD7-4EC6-B487-2EAE85D00685}"
EndProject
Project("{FAE04EC0-301F-11D3-BF4B-00C04F79EFBC}") = "MessagingToolkit.Pdu.Windows8.ClassLibrary", "MessagingToolkit.Pdu.Windows8.ClassLibrary\MessagingToolkit.Pdu.Windows8.ClassLibrary.csproj", "{5C86D96B-0B33-4E20-8BEA-94B26222FF5C}"
EndProject
Project("{FAE04EC0-301F-11D3-BF4B-00C04F79EFBC}") = "MessagingToolkit.Pdu.Portable", "MessagingToolkit.Pdu.Portable\MessagingToolkit.Pdu.Portable.csproj", "{C15CA1EC-24AB-4A47-8D0F-561DC155977D}"
EndProject
Project("{FAE04EC0-301F-11D3-BF4B-00C04F79EFBC}") = "MessagingToolkit.Pdu.Demo", "MessagingToolkit.Demos\MessagingToolkit.Pdu.Demo\MessagingToolkit.Pdu.Demo.csproj", "{3A3E1560-CA6C-48FD-8ABA-1A75691ADFEB}"
EndProject
Project("{FAE04EC0-301F-11D3-BF4B-00C04F79EFBC}") = "MessagingToolkit.Pdu.Demo.Win8", "MessagingToolkit.Demos\MessagingToolkit.Pdu.Demo.Win8\MessagingToolkit.Pdu.Demo.Win8.csproj", "{36CB21FB-730F-42FC-99FE-941AB8BD7921}"
EndProject
Project("{FAE04EC0-301F-11D3-BF4B-00C04F79EFBC}") = "MessagingToolkit.Pdu.Windows8.WinMD", "MessagingToolkit.Pdu.Windows8.WinMD\MessagingToolkit.Pdu.Windows8.WinMD.csproj", "{311032EB-397B-44AE-8AC0-F1B12FB1B393}"
EndProject
Global
	GlobalSection(SolutionConfigurationPlatforms) = preSolution
		Debug|Any CPU = Debug|Any CPU
		Debug|ARM = Debug|ARM
		Debug|Mixed Platforms = Debug|Mixed Platforms
		Debug|x64 = Debug|x64
		Debug|x86 = Debug|x86
		Release (9.0)|Any CPU = Release (9.0)|Any CPU
		Release (9.0)|ARM = Release (9.0)|ARM
		Release (9.0)|Mixed Platforms = Release (9.0)|Mixed Platforms
		Release (9.0)|x64 = Release (9.0)|x64
		Release (9.0)|x86 = Release (9.0)|x86
		Release|Any CPU = Release|Any CPU
		Release|ARM = Release|ARM
		Release|Mixed Platforms = Release|Mixed Platforms
		Release|x64 = Release|x64
		Release|x86 = Release|x86
	EndGlobalSection
	GlobalSection(ProjectConfigurationPlatforms) = postSolution
		{606E4BD6-402F-4E43-B695-18C23D8E363D}.Debug|Any CPU.ActiveCfg = Debug|Any CPU
		{606E4BD6-402F-4E43-B695-18C23D8E363D}.Debug|Any CPU.Build.0 = Debug|Any CPU
		{606E4BD6-402F-4E43-B695-18C23D8E363D}.Debug|ARM.ActiveCfg = Debug|Any CPU
		{606E4BD6-402F-4E43-B695-18C23D8E363D}.Debug|Mixed Platforms.ActiveCfg = Debug|x64
		{606E4BD6-402F-4E43-B695-18C23D8E363D}.Debug|Mixed Platforms.Build.0 = Debug|x64
		{606E4BD6-402F-4E43-B695-18C23D8E363D}.Debug|x64.ActiveCfg = Debug|x64
		{606E4BD6-402F-4E43-B695-18C23D8E363D}.Debug|x64.Build.0 = Debug|x64
		{606E4BD6-402F-4E43-B695-18C23D8E363D}.Debug|x86.ActiveCfg = Debug|x64
		{606E4BD6-402F-4E43-B695-18C23D8E363D}.Release (9.0)|Any CPU.ActiveCfg = Release|Any CPU
		{606E4BD6-402F-4E43-B695-18C23D8E363D}.Release (9.0)|Any CPU.Build.0 = Release|Any CPU
		{606E4BD6-402F-4E43-B695-18C23D8E363D}.Release (9.0)|ARM.ActiveCfg = Release|Any CPU
		{606E4BD6-402F-4E43-B695-18C23D8E363D}.Release (9.0)|Mixed Platforms.ActiveCfg = Release|x64
		{606E4BD6-402F-4E43-B695-18C23D8E363D}.Release (9.0)|Mixed Platforms.Build.0 = Release|x64
		{606E4BD6-402F-4E43-B695-18C23D8E363D}.Release (9.0)|x64.ActiveCfg = Release|x64
		{606E4BD6-402F-4E43-B695-18C23D8E363D}.Release (9.0)|x64.Build.0 = Release|x64
		{606E4BD6-402F-4E43-B695-18C23D8E363D}.Release (9.0)|x86.ActiveCfg = Release|x64
		{606E4BD6-402F-4E43-B695-18C23D8E363D}.Release|Any CPU.ActiveCfg = Release|Any CPU
		{606E4BD6-402F-4E43-B695-18C23D8E363D}.Release|Any CPU.Build.0 = Release|Any CPU
		{606E4BD6-402F-4E43-B695-18C23D8E363D}.Release|ARM.ActiveCfg = Release|Any CPU
		{606E4BD6-402F-4E43-B695-18C23D8E363D}.Release|Mixed Platforms.ActiveCfg = Release|x64
		{606E4BD6-402F-4E43-B695-18C23D8E363D}.Release|Mixed Platforms.Build.0 = Release|x64
		{606E4BD6-402F-4E43-B695-18C23D8E363D}.Release|x64.ActiveCfg = Release|x64
		{606E4BD6-402F-4E43-B695-18C23D8E363D}.Release|x64.Build.0 = Release|x64
		{606E4BD6-402F-4E43-B695-18C23D8E363D}.Release|x86.ActiveCfg = Release|x64
		{5C86D96B-0B33-4E20-8BEA-94B26222FF5C}.Debug|Any CPU.ActiveCfg = Debug|Any CPU
		{5C86D96B-0B33-4E20-8BEA-94B26222FF5C}.Debug|Any CPU.Build.0 = Debug|Any CPU
		{5C86D96B-0B33-4E20-8BEA-94B26222FF5C}.Debug|ARM.ActiveCfg = Debug|ARM
		{5C86D96B-0B33-4E20-8BEA-94B26222FF5C}.Debug|ARM.Build.0 = Debug|ARM
		{5C86D96B-0B33-4E20-8BEA-94B26222FF5C}.Debug|Mixed Platforms.ActiveCfg = Debug|x86
		{5C86D96B-0B33-4E20-8BEA-94B26222FF5C}.Debug|Mixed Platforms.Build.0 = Debug|x86
		{5C86D96B-0B33-4E20-8BEA-94B26222FF5C}.Debug|x64.ActiveCfg = Debug|x64
		{5C86D96B-0B33-4E20-8BEA-94B26222FF5C}.Debug|x64.Build.0 = Debug|x64
		{5C86D96B-0B33-4E20-8BEA-94B26222FF5C}.Debug|x86.ActiveCfg = Debug|x86
		{5C86D96B-0B33-4E20-8BEA-94B26222FF5C}.Debug|x86.Build.0 = Debug|x86
		{5C86D96B-0B33-4E20-8BEA-94B26222FF5C}.Release (9.0)|Any CPU.ActiveCfg = Release|Any CPU
		{5C86D96B-0B33-4E20-8BEA-94B26222FF5C}.Release (9.0)|Any CPU.Build.0 = Release|Any CPU
		{5C86D96B-0B33-4E20-8BEA-94B26222FF5C}.Release (9.0)|ARM.ActiveCfg = Release|ARM
		{5C86D96B-0B33-4E20-8BEA-94B26222FF5C}.Release (9.0)|ARM.Build.0 = Release|ARM
		{5C86D96B-0B33-4E20-8BEA-94B26222FF5C}.Release (9.0)|Mixed Platforms.ActiveCfg = Release|x86
		{5C86D96B-0B33-4E20-8BEA-94B26222FF5C}.Release (9.0)|Mixed Platforms.Build.0 = Release|x86
		{5C86D96B-0B33-4E20-8BEA-94B26222FF5C}.Release (9.0)|x64.ActiveCfg = Release|x64
		{5C86D96B-0B33-4E20-8BEA-94B26222FF5C}.Release (9.0)|x64.Build.0 = Release|x64
		{5C86D96B-0B33-4E20-8BEA-94B26222FF5C}.Release (9.0)|x86.ActiveCfg = Release|x86
		{5C86D96B-0B33-4E20-8BEA-94B26222FF5C}.Release (9.0)|x86.Build.0 = Release|x86
		{5C86D96B-0B33-4E20-8BEA-94B26222FF5C}.Release|Any CPU.ActiveCfg = Release|Any CPU
		{5C86D96B-0B33-4E20-8BEA-94B26222FF5C}.Release|Any CPU.Build.0 = Release|Any CPU
		{5C86D96B-0B33-4E20-8BEA-94B26222FF5C}.Release|ARM.ActiveCfg = Release|ARM
		{5C86D96B-0B33-4E20-8BEA-94B26222FF5C}.Release|ARM.Build.0 = Release|ARM
		{5C86D96B-0B33-4E20-8BEA-94B26222FF5C}.Release|Mixed Platforms.ActiveCfg = Release|x86
		{5C86D96B-0B33-4E20-8BEA-94B26222FF5C}.Release|Mixed Platforms.Build.0 = Release|x86
		{5C86D96B-0B33-4E20-8BEA-94B26222FF5C}.Release|x64.ActiveCfg = Release|x64
		{5C86D96B-0B33-4E20-8BEA-94B26222FF5C}.Release|x64.Build.0 = Release|x64
		{5C86D96B-0B33-4E20-8BEA-94B26222FF5C}.Release|x86.ActiveCfg = Release|x86
		{5C86D96B-0B33-4E20-8BEA-94B26222FF5C}.Release|x86.Build.0 = Release|x86
		{C15CA1EC-24AB-4A47-8D0F-561DC155977D}.Debug|Any CPU.ActiveCfg = Debug|Any CPU
		{C15CA1EC-24AB-4A47-8D0F-561DC155977D}.Debug|Any CPU.Build.0 = Debug|Any CPU
		{C15CA1EC-24AB-4A47-8D0F-561DC155977D}.Debug|ARM.ActiveCfg = Debug|Any CPU
		{C15CA1EC-24AB-4A47-8D0F-561DC155977D}.Debug|Mixed Platforms.ActiveCfg = Debug|Any CPU
		{C15CA1EC-24AB-4A47-8D0F-561DC155977D}.Debug|Mixed Platforms.Build.0 = Debug|Any CPU
		{C15CA1EC-24AB-4A47-8D0F-561DC155977D}.Debug|x64.ActiveCfg = Debug|Any CPU
		{C15CA1EC-24AB-4A47-8D0F-561DC155977D}.Debug|x86.ActiveCfg = Debug|Any CPU
		{C15CA1EC-24AB-4A47-8D0F-561DC155977D}.Release (9.0)|Any CPU.ActiveCfg = Release|Any CPU
		{C15CA1EC-24AB-4A47-8D0F-561DC155977D}.Release (9.0)|Any CPU.Build.0 = Release|Any CPU
		{C15CA1EC-24AB-4A47-8D0F-561DC155977D}.Release (9.0)|ARM.ActiveCfg = Release|Any CPU
		{C15CA1EC-24AB-4A47-8D0F-561DC155977D}.Release (9.0)|Mixed Platforms.ActiveCfg = Release|Any CPU
		{C15CA1EC-24AB-4A47-8D0F-561DC155977D}.Release (9.0)|Mixed Platforms.Build.0 = Release|Any CPU
		{C15CA1EC-24AB-4A47-8D0F-561DC155977D}.Release (9.0)|x64.ActiveCfg = Release|Any CPU
		{C15CA1EC-24AB-4A47-8D0F-561DC155977D}.Release (9.0)|x86.ActiveCfg = Release|Any CPU
		{C15CA1EC-24AB-4A47-8D0F-561DC155977D}.Release|Any CPU.ActiveCfg = Release|Any CPU
		{C15CA1EC-24AB-4A47-8D0F-561DC155977D}.Release|Any CPU.Build.0 = Release|Any CPU
		{C15CA1EC-24AB-4A47-8D0F-561DC155977D}.Release|ARM.ActiveCfg = Release|Any CPU
		{C15CA1EC-24AB-4A47-8D0F-561DC155977D}.Release|Mixed Platforms.ActiveCfg = Release|Any CPU
		{C15CA1EC-24AB-4A47-8D0F-561DC155977D}.Release|Mixed Platforms.Build.0 = Release|Any CPU
		{C15CA1EC-24AB-4A47-8D0F-561DC155977D}.Release|x64.ActiveCfg = Release|Any CPU
		{C15CA1EC-24AB-4A47-8D0F-561DC155977D}.Release|x86.ActiveCfg = Release|Any CPU
		{3A3E1560-CA6C-48FD-8ABA-1A75691ADFEB}.Debug|Any CPU.ActiveCfg = Debug|Any CPU
		{3A3E1560-CA6C-48FD-8ABA-1A75691ADFEB}.Debug|Any CPU.Build.0 = Debug|Any CPU
		{3A3E1560-CA6C-48FD-8ABA-1A75691ADFEB}.Debug|ARM.ActiveCfg = Debug|Any CPU
		{3A3E1560-CA6C-48FD-8ABA-1A75691ADFEB}.Debug|Mixed Platforms.ActiveCfg = Debug|Any CPU
		{3A3E1560-CA6C-48FD-8ABA-1A75691ADFEB}.Debug|Mixed Platforms.Build.0 = Debug|Any CPU
		{3A3E1560-CA6C-48FD-8ABA-1A75691ADFEB}.Debug|x64.ActiveCfg = Debug|Any CPU
		{3A3E1560-CA6C-48FD-8ABA-1A75691ADFEB}.Debug|x86.ActiveCfg = Debug|Any CPU
		{3A3E1560-CA6C-48FD-8ABA-1A75691ADFEB}.Release (9.0)|Any CPU.ActiveCfg = Release|Any CPU
		{3A3E1560-CA6C-48FD-8ABA-1A75691ADFEB}.Release (9.0)|Any CPU.Build.0 = Release|Any CPU
		{3A3E1560-CA6C-48FD-8ABA-1A75691ADFEB}.Release (9.0)|ARM.ActiveCfg = Release|Any CPU
		{3A3E1560-CA6C-48FD-8ABA-1A75691ADFEB}.Release (9.0)|Mixed Platforms.ActiveCfg = Release|Any CPU
		{3A3E1560-CA6C-48FD-8ABA-1A75691ADFEB}.Release (9.0)|Mixed Platforms.Build.0 = Release|Any CPU
		{3A3E1560-CA6C-48FD-8ABA-1A75691ADFEB}.Release (9.0)|x64.ActiveCfg = Release|Any CPU
		{3A3E1560-CA6C-48FD-8ABA-1A75691ADFEB}.Release (9.0)|x86.ActiveCfg = Release|Any CPU
		{3A3E1560-CA6C-48FD-8ABA-1A75691ADFEB}.Release|Any CPU.ActiveCfg = Release|Any CPU
		{3A3E1560-CA6C-48FD-8ABA-1A75691ADFEB}.Release|Any CPU.Build.0 = Release|Any CPU
		{3A3E1560-CA6C-48FD-8ABA-1A75691ADFEB}.Release|ARM.ActiveCfg = Release|Any CPU
		{3A3E1560-CA6C-48FD-8ABA-1A75691ADFEB}.Release|Mixed Platforms.ActiveCfg = Release|Any CPU
		{3A3E1560-CA6C-48FD-8ABA-1A75691ADFEB}.Release|Mixed Platforms.Build.0 = Release|Any CPU
		{3A3E1560-CA6C-48FD-8ABA-1A75691ADFEB}.Release|x64.ActiveCfg = Release|Any CPU
		{3A3E1560-CA6C-48FD-8ABA-1A75691ADFEB}.Release|x86.ActiveCfg = Release|Any CPU
		{36CB21FB-730F-42FC-99FE-941AB8BD7921}.Debug|Any CPU.ActiveCfg = Debug|Any CPU
		{36CB21FB-730F-42FC-99FE-941AB8BD7921}.Debug|Any CPU.Build.0 = Debug|Any CPU
		{36CB21FB-730F-42FC-99FE-941AB8BD7921}.Debug|Any CPU.Deploy.0 = Debug|Any CPU
		{36CB21FB-730F-42FC-99FE-941AB8BD7921}.Debug|ARM.ActiveCfg = Debug|ARM
		{36CB21FB-730F-42FC-99FE-941AB8BD7921}.Debug|ARM.Build.0 = Debug|ARM
		{36CB21FB-730F-42FC-99FE-941AB8BD7921}.Debug|ARM.Deploy.0 = Debug|ARM
		{36CB21FB-730F-42FC-99FE-941AB8BD7921}.Debug|Mixed Platforms.ActiveCfg = Debug|x86
		{36CB21FB-730F-42FC-99FE-941AB8BD7921}.Debug|Mixed Platforms.Build.0 = Debug|x86
		{36CB21FB-730F-42FC-99FE-941AB8BD7921}.Debug|Mixed Platforms.Deploy.0 = Debug|x86
		{36CB21FB-730F-42FC-99FE-941AB8BD7921}.Debug|x64.ActiveCfg = Debug|x64
		{36CB21FB-730F-42FC-99FE-941AB8BD7921}.Debug|x64.Build.0 = Debug|x64
		{36CB21FB-730F-42FC-99FE-941AB8BD7921}.Debug|x64.Deploy.0 = Debug|x64
		{36CB21FB-730F-42FC-99FE-941AB8BD7921}.Debug|x86.ActiveCfg = Debug|x86
		{36CB21FB-730F-42FC-99FE-941AB8BD7921}.Debug|x86.Build.0 = Debug|x86
		{36CB21FB-730F-42FC-99FE-941AB8BD7921}.Debug|x86.Deploy.0 = Debug|x86
		{36CB21FB-730F-42FC-99FE-941AB8BD7921}.Release (9.0)|Any CPU.ActiveCfg = Release|Any CPU
		{36CB21FB-730F-42FC-99FE-941AB8BD7921}.Release (9.0)|Any CPU.Build.0 = Release|Any CPU
		{36CB21FB-730F-42FC-99FE-941AB8BD7921}.Release (9.0)|Any CPU.Deploy.0 = Release|Any CPU
		{36CB21FB-730F-42FC-99FE-941AB8BD7921}.Release (9.0)|ARM.ActiveCfg = Release|ARM
		{36CB21FB-730F-42FC-99FE-941AB8BD7921}.Release (9.0)|ARM.Build.0 = Release|ARM
		{36CB21FB-730F-42FC-99FE-941AB8BD7921}.Release (9.0)|ARM.Deploy.0 = Release|ARM
		{36CB21FB-730F-42FC-99FE-941AB8BD7921}.Release (9.0)|Mixed Platforms.ActiveCfg = Release|x86
		{36CB21FB-730F-42FC-99FE-941AB8BD7921}.Release (9.0)|Mixed Platforms.Build.0 = Release|x86
		{36CB21FB-730F-42FC-99FE-941AB8BD7921}.Release (9.0)|Mixed Platforms.Deploy.0 = Release|x86
		{36CB21FB-730F-42FC-99FE-941AB8BD7921}.Release (9.0)|x64.ActiveCfg = Release|x64
		{36CB21FB-730F-42FC-99FE-941AB8BD7921}.Release (9.0)|x64.Build.0 = Release|x64
		{36CB21FB-730F-42FC-99FE-941AB8BD7921}.Release (9.0)|x64.Deploy.0 = Release|x64
		{36CB21FB-730F-42FC-99FE-941AB8BD7921}.Release (9.0)|x86.ActiveCfg = Release|x86
		{36CB21FB-730F-42FC-99FE-941AB8BD7921}.Release (9.0)|x86.Build.0 = Release|x86
		{36CB21FB-730F-42FC-99FE-941AB8BD7921}.Release (9.0)|x86.Deploy.0 = Release|x86
		{36CB21FB-730F-42FC-99FE-941AB8BD7921}.Release|Any CPU.ActiveCfg = Release|Any CPU
		{36CB21FB-730F-42FC-99FE-941AB8BD7921}.Release|Any CPU.Build.0 = Release|Any CPU
		{36CB21FB-730F-42FC-99FE-941AB8BD7921}.Release|Any CPU.Deploy.0 = Release|Any CPU
		{36CB21FB-730F-42FC-99FE-941AB8BD7921}.Release|ARM.ActiveCfg = Release|ARM
		{36CB21FB-730F-42FC-99FE-941AB8BD7921}.Release|ARM.Build.0 = Release|ARM
		{36CB21FB-730F-42FC-99FE-941AB8BD7921}.Release|ARM.Deploy.0 = Release|ARM
		{36CB21FB-730F-42FC-99FE-941AB8BD7921}.Release|Mixed Platforms.ActiveCfg = Release|x86
		{36CB21FB-730F-42FC-99FE-941AB8BD7921}.Release|Mixed Platforms.Build.0 = Release|x86
		{36CB21FB-730F-42FC-99FE-941AB8BD7921}.Release|Mixed Platforms.Deploy.0 = Release|x86
		{36CB21FB-730F-42FC-99FE-941AB8BD7921}.Release|x64.ActiveCfg = Release|x64
		{36CB21FB-730F-42FC-99FE-941AB8BD7921}.Release|x64.Build.0 = Release|x64
		{36CB21FB-730F-42FC-99FE-941AB8BD7921}.Release|x64.Deploy.0 = Release|x64
		{36CB21FB-730F-42FC-99FE-941AB8BD7921}.Release|x86.ActiveCfg = Release|x86
		{36CB21FB-730F-42FC-99FE-941AB8BD7921}.Release|x86.Build.0 = Release|x86
		{36CB21FB-730F-42FC-99FE-941AB8BD7921}.Release|x86.Deploy.0 = Release|x86
		{311032EB-397B-44AE-8AC0-F1B12FB1B393}.Debug|Any CPU.ActiveCfg = Debug|Any CPU
		{311032EB-397B-44AE-8AC0-F1B12FB1B393}.Debug|Any CPU.Build.0 = Debug|Any CPU
		{311032EB-397B-44AE-8AC0-F1B12FB1B393}.Debug|ARM.ActiveCfg = Debug|ARM
		{311032EB-397B-44AE-8AC0-F1B12FB1B393}.Debug|ARM.Build.0 = Debug|ARM
		{311032EB-397B-44AE-8AC0-F1B12FB1B393}.Debug|Mixed Platforms.ActiveCfg = Debug|x86
		{311032EB-397B-44AE-8AC0-F1B12FB1B393}.Debug|Mixed Platforms.Build.0 = Debug|x86
		{311032EB-397B-44AE-8AC0-F1B12FB1B393}.Debug|x64.ActiveCfg = Debug|x64
		{311032EB-397B-44AE-8AC0-F1B12FB1B393}.Debug|x64.Build.0 = Debug|x64
		{311032EB-397B-44AE-8AC0-F1B12FB1B393}.Debug|x86.ActiveCfg = Debug|x86
		{311032EB-397B-44AE-8AC0-F1B12FB1B393}.Debug|x86.Build.0 = Debug|x86
		{311032EB-397B-44AE-8AC0-F1B12FB1B393}.Release (9.0)|Any CPU.ActiveCfg = Release|Any CPU
		{311032EB-397B-44AE-8AC0-F1B12FB1B393}.Release (9.0)|Any CPU.Build.0 = Release|Any CPU
		{311032EB-397B-44AE-8AC0-F1B12FB1B393}.Release (9.0)|ARM.ActiveCfg = Release|ARM
		{311032EB-397B-44AE-8AC0-F1B12FB1B393}.Release (9.0)|ARM.Build.0 = Release|ARM
		{311032EB-397B-44AE-8AC0-F1B12FB1B393}.Release (9.0)|Mixed Platforms.ActiveCfg = Release|x86
		{311032EB-397B-44AE-8AC0-F1B12FB1B393}.Release (9.0)|Mixed Platforms.Build.0 = Release|x86
		{311032EB-397B-44AE-8AC0-F1B12FB1B393}.Release (9.0)|x64.ActiveCfg = Release|x64
		{311032EB-397B-44AE-8AC0-F1B12FB1B393}.Release (9.0)|x64.Build.0 = Release|x64
		{311032EB-397B-44AE-8AC0-F1B12FB1B393}.Release (9.0)|x86.ActiveCfg = Release|x86
		{311032EB-397B-44AE-8AC0-F1B12FB1B393}.Release (9.0)|x86.Build.0 = Release|x86
		{311032EB-397B-44AE-8AC0-F1B12FB1B393}.Release|Any CPU.ActiveCfg = Release|Any CPU
		{311032EB-397B-44AE-8AC0-F1B12FB1B393}.Release|Any CPU.Build.0 = Release|Any CPU
		{311032EB-397B-44AE-8AC0-F1B12FB1B393}.Release|ARM.ActiveCfg = Release|ARM
		{311032EB-397B-44AE-8AC0-F1B12FB1B393}.Release|ARM.Build.0 = Release|ARM
		{311032EB-397B-44AE-8AC0-F1B12FB1B393}.Release|Mixed Platforms.ActiveCfg = Release|x86
		{311032EB-397B-44AE-8AC0-F1B12FB1B393}.Release|Mixed Platforms.Build.0 = Release|x86
		{311032EB-397B-44AE-8AC0-F1B12FB1B393}.Release|x64.ActiveCfg = Release|x64
		{311032EB-397B-44AE-8AC0-F1B12FB1B393}.Release|x64.Build.0 = Release|x64
		{311032EB-397B-44AE-8AC0-F1B12FB1B393}.Release|x86.ActiveCfg = Release|x86
		{311032EB-397B-44AE-8AC0-F1B12FB1B393}.Release|x86.Build.0 = Release|x86
	EndGlobalSection
	GlobalSection(SolutionProperties) = preSolution
		HideSolutionNode = FALSE
	EndGlobalSection
	GlobalSection(NestedProjects) = preSolution
		{3A3E1560-CA6C-48FD-8ABA-1A75691ADFEB} = {578403E1-5DD7-4EC6-B487-2EAE85D00685}
		{36CB21FB-730F-42FC-99FE-941AB8BD7921} = {578403E1-5DD7-4EC6-B487-2EAE85D00685}
	EndGlobalSection
	GlobalSection(TextTemplating) = postSolution
		TextTemplating = 1
	EndGlobalSection
EndGlobal
