Microsoft Visual Studio Solution File, Format Version 12.00
# Visual Studio 14
VisualStudioVersion = 14.0.25123.0
MinimumVisualStudioVersion = 10.0.40219.1
Project("{2150E333-8FDC-42A3-9474-1A3956D46DE8}") = "Solution Items", "Solution Items", "{9E1E6A57-6F3E-40C4-BBF4-12AA65B8AC94}"
	ProjectSection(SolutionItems) = preProject
		Solution Items\SharedAssemblyInfo.cs = Solution Items\SharedAssemblyInfo.cs
	EndProjectSection
EndProject
Project("{2150E333-8FDC-42A3-9474-1A3956D46DE8}") = "MessagingToolkit.Barcode.Demos", "MessagingToolkit.Barcode.Demos", "{ED5F6DE8-D3A0-492F-BED0-C234A93BEC9F}"
EndProject
Project("{FAE04EC0-301F-11D3-BF4B-00C04F79EFBC}") = "MessagingToolkit.Barcode.Silverlight4", "MessagingToolkit.Barcode.Silverlight4\MessagingToolkit.Barcode.Silverlight4.csproj", "{AFA0BC7B-04BB-4C36-89F5-077BAF8FA9C8}"
EndProject
Project("{FAE04EC0-301F-11D3-BF4B-00C04F79EFBC}") = "MessagingToolkit.Barcode.Silverlight5", "MessagingToolkit.Barcode.Silverlight5\MessagingToolkit.Barcode.Silverlight5.csproj", "{EFA953E2-1BCB-432E-BF4F-A542B302D1D0}"
EndProject
Project("{FAE04EC0-301F-11D3-BF4B-00C04F79EFBC}") = "MessagingToolkit.Barcode_NET40", "MessagingToolkit.Barcode\MessagingToolkit.Barcode_NET40.csproj", "{41B9B025-2AA7-41CE-B8A6-CD540AEBD3ED}"
EndProject
Project("{FAE04EC0-301F-11D3-BF4B-00C04F79EFBC}") = "MessagingToolkit.Barcode.WPF_NET40", "MessagingToolkit.Barcode.WPF\MessagingToolkit.Barcode.WPF_NET40.csproj", "{580A02B7-1957-45B5-8B74-4D2CDEE0E6BC}"
EndProject
Project("{FAE04EC0-301F-11D3-BF4B-00C04F79EFBC}") = "MessagingToolkit.Barcode.Demo", "MessagingToolkit.Barcode.Demos\MessagingToolkit.Barcode.Demo\MessagingToolkit.Barcode.Demo.csproj", "{4BF05CAF-D152-4613-BED3-4CA8DD51A907}"
EndProject
Project("{FAE04EC0-301F-11D3-BF4B-00C04F79EFBC}") = "MessagingToolkit.Barcode.Demo.CommandLineEncoder", "MessagingToolkit.Barcode.Demos\MessagingToolkit.Barcode.Demo.CommandLineEncoder\MessagingToolkit.Barcode.Demo.CommandLineEncoder.csproj", "{403AB005-A7BB-40D3-9A98-3D3DEEE87B0D}"
EndProject
Project("{FAE04EC0-301F-11D3-BF4B-00C04F79EFBC}") = "MessagingToolkit.Barcode.Demo.CommandLineRunner", "MessagingToolkit.Barcode.Demos\MessagingToolkit.Barcode.Demo.CommandLineRunner\MessagingToolkit.Barcode.Demo.CommandLineRunner.csproj", "{465400B9-23FE-4ECF-9F45-55BC093B3B01}"
EndProject
Project("{FAE04EC0-301F-11D3-BF4B-00C04F79EFBC}") = "MessagingToolkit.Barcode.WPF.Demo2", "MessagingToolkit.Barcode.Demos\MessagingToolkit.Barcode.WPF.Demo2\MessagingToolkit.Barcode.WPF.Demo2.csproj", "{68A06B19-D7DB-4197-8A79-C6860C38B599}"
EndProject
Project("{FAE04EC0-301F-11D3-BF4B-00C04F79EFBC}") = "MessagingToolkit.Barcode.Silverlight.Demo", "MessagingToolkit.Barcode.Demos\MessagingToolkit.Barcode.Silverlight.Demo\MessagingToolkit.Barcode.Silverlight.Demo.csproj", "{FA4038A1-240C-4831-947C-79E384F23585}"
EndProject
Project("{FAE04EC0-301F-11D3-BF4B-00C04F79EFBC}") = "MessagingToolkit.Barcode.Silverlight.Demo.Web", "MessagingToolkit.Barcode.Demos\MessagingToolkit.Barcode.Silverlight.Demo.Web\MessagingToolkit.Barcode.Silverlight.Demo.Web.csproj", "{19D284CA-9E56-420B-9E9A-6BFD01E01452}"
EndProject
Project("{FAE04EC0-301F-11D3-BF4B-00C04F79EFBC}") = "MessagingToolkit.Barcode.WPF.Demo", "MessagingToolkit.Barcode.Demos\MessagingToolkit.Barcode.WPF.Demo\MessagingToolkit.Barcode.WPF.Demo.csproj", "{4B8643AE-B35C-4F55-A9A3-02C81585AD1E}"
EndProject
Project("{FAE04EC0-301F-11D3-BF4B-00C04F79EFBC}") = "MessagingToolkit.Barcode.Service.Demo", "MessagingToolkit.Barcode.Demos\MessagingToolkit.Barcode.Service.Demo\MessagingToolkit.Barcode.Service.Demo.csproj", "{CF88AEAE-5AB6-4B6E-8514-9356C61FA831}"
EndProject
Project("{FAE04EC0-301F-11D3-BF4B-00C04F79EFBC}") = "MessagingToolkit.Barcode.Web", "MessagingToolkit.Barcode.Demos\MessagingToolkit.Barcode.Web\MessagingToolkit.Barcode.Web.csproj", "{D85379C8-DA68-4E32-BD8D-1F8C4A4D7523}"
EndProject
Project("{FAE04EC0-301F-11D3-BF4B-00C04F79EFBC}") = "MessagingToolkit.Barcode.Portable.Demo", "MessagingToolkit.Barcode.Demos\MessagingToolkit.Barcode.Portable.Demo\MessagingToolkit.Barcode.Portable.Demo.csproj", "{AE7AE0AB-22EC-4F11-83A2-AAD3B2F940F4}"
EndProject
Global
	GlobalSection(SolutionConfigurationPlatforms) = preSolution
		Debug|.NET = Debug|.NET
		Debug|Any CPU = Debug|Any CPU
		Debug|Mixed Platforms = Debug|Mixed Platforms
		Debug|Windows Phone = Debug|Windows Phone
		Debug|x64 = Debug|x64
		Debug|x86 = Debug|x86
		Release with Documentation|.NET = Release with Documentation|.NET
		Release with Documentation|Any CPU = Release with Documentation|Any CPU
		Release with Documentation|Mixed Platforms = Release with Documentation|Mixed Platforms
		Release with Documentation|Windows Phone = Release with Documentation|Windows Phone
		Release with Documentation|x64 = Release with Documentation|x64
		Release with Documentation|x86 = Release with Documentation|x86
		Release|.NET = Release|.NET
		Release|Any CPU = Release|Any CPU
		Release|Mixed Platforms = Release|Mixed Platforms
		Release|Windows Phone = Release|Windows Phone
		Release|x64 = Release|x64
		Release|x86 = Release|x86
	EndGlobalSection
	GlobalSection(ProjectConfigurationPlatforms) = postSolution
		{AFA0BC7B-04BB-4C36-89F5-077BAF8FA9C8}.Debug|.NET.ActiveCfg = Debug|Any CPU
		{AFA0BC7B-04BB-4C36-89F5-077BAF8FA9C8}.Debug|Any CPU.ActiveCfg = Debug|Any CPU
		{AFA0BC7B-04BB-4C36-89F5-077BAF8FA9C8}.Debug|Any CPU.Build.0 = Debug|Any CPU
		{AFA0BC7B-04BB-4C36-89F5-077BAF8FA9C8}.Debug|Mixed Platforms.ActiveCfg = Debug|Any CPU
		{AFA0BC7B-04BB-4C36-89F5-077BAF8FA9C8}.Debug|Mixed Platforms.Build.0 = Debug|Any CPU
		{AFA0BC7B-04BB-4C36-89F5-077BAF8FA9C8}.Debug|Windows Phone.ActiveCfg = Debug|Any CPU
		{AFA0BC7B-04BB-4C36-89F5-077BAF8FA9C8}.Debug|x64.ActiveCfg = Debug|Any CPU
		{AFA0BC7B-04BB-4C36-89F5-077BAF8FA9C8}.Debug|x86.ActiveCfg = Debug|Any CPU
		{AFA0BC7B-04BB-4C36-89F5-077BAF8FA9C8}.Release with Documentation|.NET.ActiveCfg = Release|Any CPU
		{AFA0BC7B-04BB-4C36-89F5-077BAF8FA9C8}.Release with Documentation|Any CPU.ActiveCfg = Release|Any CPU
		{AFA0BC7B-04BB-4C36-89F5-077BAF8FA9C8}.Release with Documentation|Any CPU.Build.0 = Release|Any CPU
		{AFA0BC7B-04BB-4C36-89F5-077BAF8FA9C8}.Release with Documentation|Mixed Platforms.ActiveCfg = Release|Any CPU
		{AFA0BC7B-04BB-4C36-89F5-077BAF8FA9C8}.Release with Documentation|Mixed Platforms.Build.0 = Release|Any CPU
		{AFA0BC7B-04BB-4C36-89F5-077BAF8FA9C8}.Release with Documentation|Windows Phone.ActiveCfg = Release|Any CPU
		{AFA0BC7B-04BB-4C36-89F5-077BAF8FA9C8}.Release with Documentation|x64.ActiveCfg = Release|Any CPU
		{AFA0BC7B-04BB-4C36-89F5-077BAF8FA9C8}.Release with Documentation|x86.ActiveCfg = Release|Any CPU
		{AFA0BC7B-04BB-4C36-89F5-077BAF8FA9C8}.Release|.NET.ActiveCfg = Release|Any CPU
		{AFA0BC7B-04BB-4C36-89F5-077BAF8FA9C8}.Release|Any CPU.ActiveCfg = Release|Any CPU
		{AFA0BC7B-04BB-4C36-89F5-077BAF8FA9C8}.Release|Any CPU.Build.0 = Release|Any CPU
		{AFA0BC7B-04BB-4C36-89F5-077BAF8FA9C8}.Release|Mixed Platforms.ActiveCfg = Release|Any CPU
		{AFA0BC7B-04BB-4C36-89F5-077BAF8FA9C8}.Release|Mixed Platforms.Build.0 = Release|Any CPU
		{AFA0BC7B-04BB-4C36-89F5-077BAF8FA9C8}.Release|Windows Phone.ActiveCfg = Release|Any CPU
		{AFA0BC7B-04BB-4C36-89F5-077BAF8FA9C8}.Release|x64.ActiveCfg = Release|Any CPU
		{AFA0BC7B-04BB-4C36-89F5-077BAF8FA9C8}.Release|x86.ActiveCfg = Release|Any CPU
		{EFA953E2-1BCB-432E-BF4F-A542B302D1D0}.Debug|.NET.ActiveCfg = Debug|Any CPU
		{EFA953E2-1BCB-432E-BF4F-A542B302D1D0}.Debug|Any CPU.ActiveCfg = Debug|Any CPU
		{EFA953E2-1BCB-432E-BF4F-A542B302D1D0}.Debug|Any CPU.Build.0 = Debug|Any CPU
		{EFA953E2-1BCB-432E-BF4F-A542B302D1D0}.Debug|Mixed Platforms.ActiveCfg = Debug|Any CPU
		{EFA953E2-1BCB-432E-BF4F-A542B302D1D0}.Debug|Mixed Platforms.Build.0 = Debug|Any CPU
		{EFA953E2-1BCB-432E-BF4F-A542B302D1D0}.Debug|Windows Phone.ActiveCfg = Debug|Any CPU
		{EFA953E2-1BCB-432E-BF4F-A542B302D1D0}.Debug|x64.ActiveCfg = Debug|Any CPU
		{EFA953E2-1BCB-432E-BF4F-A542B302D1D0}.Debug|x86.ActiveCfg = Debug|Any CPU
		{EFA953E2-1BCB-432E-BF4F-A542B302D1D0}.Release with Documentation|.NET.ActiveCfg = Release|Any CPU
		{EFA953E2-1BCB-432E-BF4F-A542B302D1D0}.Release with Documentation|Any CPU.ActiveCfg = Release|Any CPU
		{EFA953E2-1BCB-432E-BF4F-A542B302D1D0}.Release with Documentation|Any CPU.Build.0 = Release|Any CPU
		{EFA953E2-1BCB-432E-BF4F-A542B302D1D0}.Release with Documentation|Mixed Platforms.ActiveCfg = Release|Any CPU
		{EFA953E2-1BCB-432E-BF4F-A542B302D1D0}.Release with Documentation|Mixed Platforms.Build.0 = Release|Any CPU
		{EFA953E2-1BCB-432E-BF4F-A542B302D1D0}.Release with Documentation|Windows Phone.ActiveCfg = Release|Any CPU
		{EFA953E2-1BCB-432E-BF4F-A542B302D1D0}.Release with Documentation|x64.ActiveCfg = Release|Any CPU
		{EFA953E2-1BCB-432E-BF4F-A542B302D1D0}.Release with Documentation|x86.ActiveCfg = Release|Any CPU
		{EFA953E2-1BCB-432E-BF4F-A542B302D1D0}.Release|.NET.ActiveCfg = Release|Any CPU
		{EFA953E2-1BCB-432E-BF4F-A542B302D1D0}.Release|Any CPU.ActiveCfg = Release|Any CPU
		{EFA953E2-1BCB-432E-BF4F-A542B302D1D0}.Release|Any CPU.Build.0 = Release|Any CPU
		{EFA953E2-1BCB-432E-BF4F-A542B302D1D0}.Release|Mixed Platforms.ActiveCfg = Release|Any CPU
		{EFA953E2-1BCB-432E-BF4F-A542B302D1D0}.Release|Mixed Platforms.Build.0 = Release|Any CPU
		{EFA953E2-1BCB-432E-BF4F-A542B302D1D0}.Release|Windows Phone.ActiveCfg = Release|Any CPU
		{EFA953E2-1BCB-432E-BF4F-A542B302D1D0}.Release|x64.ActiveCfg = Release|Any CPU
		{EFA953E2-1BCB-432E-BF4F-A542B302D1D0}.Release|x86.ActiveCfg = Release|Any CPU
		{41B9B025-2AA7-41CE-B8A6-CD540AEBD3ED}.Debug|.NET.ActiveCfg = Debug|Any CPU
		{41B9B025-2AA7-41CE-B8A6-CD540AEBD3ED}.Debug|Any CPU.ActiveCfg = Debug|Any CPU
		{41B9B025-2AA7-41CE-B8A6-CD540AEBD3ED}.Debug|Any CPU.Build.0 = Debug|Any CPU
		{41B9B025-2AA7-41CE-B8A6-CD540AEBD3ED}.Debug|Mixed Platforms.ActiveCfg = Debug|Any CPU
		{41B9B025-2AA7-41CE-B8A6-CD540AEBD3ED}.Debug|Mixed Platforms.Build.0 = Debug|Any CPU
		{41B9B025-2AA7-41CE-B8A6-CD540AEBD3ED}.Debug|Windows Phone.ActiveCfg = Debug|Any CPU
		{41B9B025-2AA7-41CE-B8A6-CD540AEBD3ED}.Debug|x64.ActiveCfg = Debug|x64
		{41B9B025-2AA7-41CE-B8A6-CD540AEBD3ED}.Debug|x64.Build.0 = Debug|x64
		{41B9B025-2AA7-41CE-B8A6-CD540AEBD3ED}.Debug|x86.ActiveCfg = Debug|x86
		{41B9B025-2AA7-41CE-B8A6-CD540AEBD3ED}.Debug|x86.Build.0 = Debug|x86
		{41B9B025-2AA7-41CE-B8A6-CD540AEBD3ED}.Release with Documentation|.NET.ActiveCfg = Release|Any CPU
		{41B9B025-2AA7-41CE-B8A6-CD540AEBD3ED}.Release with Documentation|Any CPU.ActiveCfg = Release|Any CPU
		{41B9B025-2AA7-41CE-B8A6-CD540AEBD3ED}.Release with Documentation|Any CPU.Build.0 = Release|Any CPU
		{41B9B025-2AA7-41CE-B8A6-CD540AEBD3ED}.Release with Documentation|Mixed Platforms.ActiveCfg = Release|x86
		{41B9B025-2AA7-41CE-B8A6-CD540AEBD3ED}.Release with Documentation|Mixed Platforms.Build.0 = Release|x86
		{41B9B025-2AA7-41CE-B8A6-CD540AEBD3ED}.Release with Documentation|Windows Phone.ActiveCfg = Release|Any CPU
		{41B9B025-2AA7-41CE-B8A6-CD540AEBD3ED}.Release with Documentation|x64.ActiveCfg = Release|x64
		{41B9B025-2AA7-41CE-B8A6-CD540AEBD3ED}.Release with Documentation|x64.Build.0 = Release|x64
		{41B9B025-2AA7-41CE-B8A6-CD540AEBD3ED}.Release with Documentation|x86.ActiveCfg = Release|x86
		{41B9B025-2AA7-41CE-B8A6-CD540AEBD3ED}.Release with Documentation|x86.Build.0 = Release|x86
		{41B9B025-2AA7-41CE-B8A6-CD540AEBD3ED}.Release|.NET.ActiveCfg = Release|Any CPU
		{41B9B025-2AA7-41CE-B8A6-CD540AEBD3ED}.Release|Any CPU.ActiveCfg = Release|Any CPU
		{41B9B025-2AA7-41CE-B8A6-CD540AEBD3ED}.Release|Any CPU.Build.0 = Release|Any CPU
		{41B9B025-2AA7-41CE-B8A6-CD540AEBD3ED}.Release|Mixed Platforms.ActiveCfg = Release|x86
		{41B9B025-2AA7-41CE-B8A6-CD540AEBD3ED}.Release|Mixed Platforms.Build.0 = Release|x86
		{41B9B025-2AA7-41CE-B8A6-CD540AEBD3ED}.Release|Windows Phone.ActiveCfg = Release|Any CPU
		{41B9B025-2AA7-41CE-B8A6-CD540AEBD3ED}.Release|x64.ActiveCfg = Release|x64
		{41B9B025-2AA7-41CE-B8A6-CD540AEBD3ED}.Release|x64.Build.0 = Release|x64
		{41B9B025-2AA7-41CE-B8A6-CD540AEBD3ED}.Release|x86.ActiveCfg = Release|x86
		{41B9B025-2AA7-41CE-B8A6-CD540AEBD3ED}.Release|x86.Build.0 = Release|x86
		{580A02B7-1957-45B5-8B74-4D2CDEE0E6BC}.Debug|.NET.ActiveCfg = Debug|Any CPU
		{580A02B7-1957-45B5-8B74-4D2CDEE0E6BC}.Debug|Any CPU.ActiveCfg = Debug|Any CPU
		{580A02B7-1957-45B5-8B74-4D2CDEE0E6BC}.Debug|Any CPU.Build.0 = Debug|Any CPU
		{580A02B7-1957-45B5-8B74-4D2CDEE0E6BC}.Debug|Mixed Platforms.ActiveCfg = Debug|Any CPU
		{580A02B7-1957-45B5-8B74-4D2CDEE0E6BC}.Debug|Mixed Platforms.Build.0 = Debug|Any CPU
		{580A02B7-1957-45B5-8B74-4D2CDEE0E6BC}.Debug|Windows Phone.ActiveCfg = Debug|Any CPU
		{580A02B7-1957-45B5-8B74-4D2CDEE0E6BC}.Debug|x64.ActiveCfg = Debug|Any CPU
		{580A02B7-1957-45B5-8B74-4D2CDEE0E6BC}.Debug|x86.ActiveCfg = Debug|Any CPU
		{580A02B7-1957-45B5-8B74-4D2CDEE0E6BC}.Release with Documentation|.NET.ActiveCfg = Release|Any CPU
		{580A02B7-1957-45B5-8B74-4D2CDEE0E6BC}.Release with Documentation|Any CPU.ActiveCfg = Release|Any CPU
		{580A02B7-1957-45B5-8B74-4D2CDEE0E6BC}.Release with Documentation|Any CPU.Build.0 = Release|Any CPU
		{580A02B7-1957-45B5-8B74-4D2CDEE0E6BC}.Release with Documentation|Mixed Platforms.ActiveCfg = Release|Any CPU
		{580A02B7-1957-45B5-8B74-4D2CDEE0E6BC}.Release with Documentation|Mixed Platforms.Build.0 = Release|Any CPU
		{580A02B7-1957-45B5-8B74-4D2CDEE0E6BC}.Release with Documentation|Windows Phone.ActiveCfg = Release|Any CPU
		{580A02B7-1957-45B5-8B74-4D2CDEE0E6BC}.Release with Documentation|x64.ActiveCfg = Release|Any CPU
		{580A02B7-1957-45B5-8B74-4D2CDEE0E6BC}.Release with Documentation|x86.ActiveCfg = Release|Any CPU
		{580A02B7-1957-45B5-8B74-4D2CDEE0E6BC}.Release|.NET.ActiveCfg = Release|Any CPU
		{580A02B7-1957-45B5-8B74-4D2CDEE0E6BC}.Release|Any CPU.ActiveCfg = Release|Any CPU
		{580A02B7-1957-45B5-8B74-4D2CDEE0E6BC}.Release|Any CPU.Build.0 = Release|Any CPU
		{580A02B7-1957-45B5-8B74-4D2CDEE0E6BC}.Release|Mixed Platforms.ActiveCfg = Release|Any CPU
		{580A02B7-1957-45B5-8B74-4D2CDEE0E6BC}.Release|Mixed Platforms.Build.0 = Release|Any CPU
		{580A02B7-1957-45B5-8B74-4D2CDEE0E6BC}.Release|Windows Phone.ActiveCfg = Release|Any CPU
		{580A02B7-1957-45B5-8B74-4D2CDEE0E6BC}.Release|x64.ActiveCfg = Release|Any CPU
		{580A02B7-1957-45B5-8B74-4D2CDEE0E6BC}.Release|x86.ActiveCfg = Release|Any CPU
		{4BF05CAF-D152-4613-BED3-4CA8DD51A907}.Debug|.NET.ActiveCfg = Debug|Any CPU
		{4BF05CAF-D152-4613-BED3-4CA8DD51A907}.Debug|Any CPU.ActiveCfg = Debug|Any CPU
		{4BF05CAF-D152-4613-BED3-4CA8DD51A907}.Debug|Any CPU.Build.0 = Debug|Any CPU
		{4BF05CAF-D152-4613-BED3-4CA8DD51A907}.Debug|Mixed Platforms.ActiveCfg = Debug|Any CPU
		{4BF05CAF-D152-4613-BED3-4CA8DD51A907}.Debug|Mixed Platforms.Build.0 = Debug|Any CPU
		{4BF05CAF-D152-4613-BED3-4CA8DD51A907}.Debug|Windows Phone.ActiveCfg = Debug|Any CPU
		{4BF05CAF-D152-4613-BED3-4CA8DD51A907}.Debug|x64.ActiveCfg = Debug|x64
		{4BF05CAF-D152-4613-BED3-4CA8DD51A907}.Debug|x64.Build.0 = Debug|x64
		{4BF05CAF-D152-4613-BED3-4CA8DD51A907}.Debug|x86.ActiveCfg = Debug|Any CPU
		{4BF05CAF-D152-4613-BED3-4CA8DD51A907}.Release with Documentation|.NET.ActiveCfg = Release|Any CPU
		{4BF05CAF-D152-4613-BED3-4CA8DD51A907}.Release with Documentation|Any CPU.ActiveCfg = Release|Any CPU
		{4BF05CAF-D152-4613-BED3-4CA8DD51A907}.Release with Documentation|Any CPU.Build.0 = Release|Any CPU
		{4BF05CAF-D152-4613-BED3-4CA8DD51A907}.Release with Documentation|Mixed Platforms.ActiveCfg = Release|Any CPU
		{4BF05CAF-D152-4613-BED3-4CA8DD51A907}.Release with Documentation|Mixed Platforms.Build.0 = Release|Any CPU
		{4BF05CAF-D152-4613-BED3-4CA8DD51A907}.Release with Documentation|Windows Phone.ActiveCfg = Release|Any CPU
		{4BF05CAF-D152-4613-BED3-4CA8DD51A907}.Release with Documentation|x64.ActiveCfg = Release|x64
		{4BF05CAF-D152-4613-BED3-4CA8DD51A907}.Release with Documentation|x64.Build.0 = Release|x64
		{4BF05CAF-D152-4613-BED3-4CA8DD51A907}.Release with Documentation|x86.ActiveCfg = Release|Any CPU
		{4BF05CAF-D152-4613-BED3-4CA8DD51A907}.Release|.NET.ActiveCfg = Release|Any CPU
		{4BF05CAF-D152-4613-BED3-4CA8DD51A907}.Release|Any CPU.ActiveCfg = Release|Any CPU
		{4BF05CAF-D152-4613-BED3-4CA8DD51A907}.Release|Any CPU.Build.0 = Release|Any CPU
		{4BF05CAF-D152-4613-BED3-4CA8DD51A907}.Release|Mixed Platforms.ActiveCfg = Release|Any CPU
		{4BF05CAF-D152-4613-BED3-4CA8DD51A907}.Release|Mixed Platforms.Build.0 = Release|Any CPU
		{4BF05CAF-D152-4613-BED3-4CA8DD51A907}.Release|Windows Phone.ActiveCfg = Release|Any CPU
		{4BF05CAF-D152-4613-BED3-4CA8DD51A907}.Release|x64.ActiveCfg = Release|x64
		{4BF05CAF-D152-4613-BED3-4CA8DD51A907}.Release|x64.Build.0 = Release|x64
		{4BF05CAF-D152-4613-BED3-4CA8DD51A907}.Release|x86.ActiveCfg = Release|Any CPU
		{403AB005-A7BB-40D3-9A98-3D3DEEE87B0D}.Debug|.NET.ActiveCfg = Debug|Any CPU
		{403AB005-A7BB-40D3-9A98-3D3DEEE87B0D}.Debug|Any CPU.ActiveCfg = Debug|Any CPU
		{403AB005-A7BB-40D3-9A98-3D3DEEE87B0D}.Debug|Any CPU.Build.0 = Debug|Any CPU
		{403AB005-A7BB-40D3-9A98-3D3DEEE87B0D}.Debug|Mixed Platforms.ActiveCfg = Debug|x86
		{403AB005-A7BB-40D3-9A98-3D3DEEE87B0D}.Debug|Mixed Platforms.Build.0 = Debug|x86
		{403AB005-A7BB-40D3-9A98-3D3DEEE87B0D}.Debug|Windows Phone.ActiveCfg = Debug|Any CPU
		{403AB005-A7BB-40D3-9A98-3D3DEEE87B0D}.Debug|x64.ActiveCfg = Debug|Any CPU
		{403AB005-A7BB-40D3-9A98-3D3DEEE87B0D}.Debug|x86.ActiveCfg = Debug|x86
		{403AB005-A7BB-40D3-9A98-3D3DEEE87B0D}.Debug|x86.Build.0 = Debug|x86
		{403AB005-A7BB-40D3-9A98-3D3DEEE87B0D}.Release with Documentation|.NET.ActiveCfg = Release|Any CPU
		{403AB005-A7BB-40D3-9A98-3D3DEEE87B0D}.Release with Documentation|Any CPU.ActiveCfg = Release|Any CPU
		{403AB005-A7BB-40D3-9A98-3D3DEEE87B0D}.Release with Documentation|Any CPU.Build.0 = Release|Any CPU
		{403AB005-A7BB-40D3-9A98-3D3DEEE87B0D}.Release with Documentation|Mixed Platforms.ActiveCfg = Release|x86
		{403AB005-A7BB-40D3-9A98-3D3DEEE87B0D}.Release with Documentation|Mixed Platforms.Build.0 = Release|x86
		{403AB005-A7BB-40D3-9A98-3D3DEEE87B0D}.Release with Documentation|Windows Phone.ActiveCfg = Release|Any CPU
		{403AB005-A7BB-40D3-9A98-3D3DEEE87B0D}.Release with Documentation|x64.ActiveCfg = Release|Any CPU
		{403AB005-A7BB-40D3-9A98-3D3DEEE87B0D}.Release with Documentation|x86.ActiveCfg = Release|x86
		{403AB005-A7BB-40D3-9A98-3D3DEEE87B0D}.Release with Documentation|x86.Build.0 = Release|x86
		{403AB005-A7BB-40D3-9A98-3D3DEEE87B0D}.Release|.NET.ActiveCfg = Release|Any CPU
		{403AB005-A7BB-40D3-9A98-3D3DEEE87B0D}.Release|Any CPU.ActiveCfg = Release|Any CPU
		{403AB005-A7BB-40D3-9A98-3D3DEEE87B0D}.Release|Any CPU.Build.0 = Release|Any CPU
		{403AB005-A7BB-40D3-9A98-3D3DEEE87B0D}.Release|Mixed Platforms.ActiveCfg = Release|x86
		{403AB005-A7BB-40D3-9A98-3D3DEEE87B0D}.Release|Mixed Platforms.Build.0 = Release|x86
		{403AB005-A7BB-40D3-9A98-3D3DEEE87B0D}.Release|Windows Phone.ActiveCfg = Release|Any CPU
		{403AB005-A7BB-40D3-9A98-3D3DEEE87B0D}.Release|x64.ActiveCfg = Release|Any CPU
		{403AB005-A7BB-40D3-9A98-3D3DEEE87B0D}.Release|x86.ActiveCfg = Release|x86
		{403AB005-A7BB-40D3-9A98-3D3DEEE87B0D}.Release|x86.Build.0 = Release|x86
		{465400B9-23FE-4ECF-9F45-55BC093B3B01}.Debug|.NET.ActiveCfg = Debug|Any CPU
		{465400B9-23FE-4ECF-9F45-55BC093B3B01}.Debug|Any CPU.ActiveCfg = Debug|Any CPU
		{465400B9-23FE-4ECF-9F45-55BC093B3B01}.Debug|Any CPU.Build.0 = Debug|Any CPU
		{465400B9-23FE-4ECF-9F45-55BC093B3B01}.Debug|Mixed Platforms.ActiveCfg = Debug|x86
		{465400B9-23FE-4ECF-9F45-55BC093B3B01}.Debug|Mixed Platforms.Build.0 = Debug|x86
		{465400B9-23FE-4ECF-9F45-55BC093B3B01}.Debug|Windows Phone.ActiveCfg = Debug|Any CPU
		{465400B9-23FE-4ECF-9F45-55BC093B3B01}.Debug|x64.ActiveCfg = Debug|Any CPU
		{465400B9-23FE-4ECF-9F45-55BC093B3B01}.Debug|x86.ActiveCfg = Debug|x86
		{465400B9-23FE-4ECF-9F45-55BC093B3B01}.Debug|x86.Build.0 = Debug|x86
		{465400B9-23FE-4ECF-9F45-55BC093B3B01}.Release with Documentation|.NET.ActiveCfg = Release|Any CPU
		{465400B9-23FE-4ECF-9F45-55BC093B3B01}.Release with Documentation|Any CPU.ActiveCfg = Release|Any CPU
		{465400B9-23FE-4ECF-9F45-55BC093B3B01}.Release with Documentation|Any CPU.Build.0 = Release|Any CPU
		{465400B9-23FE-4ECF-9F45-55BC093B3B01}.Release with Documentation|Mixed Platforms.ActiveCfg = Release|x86
		{465400B9-23FE-4ECF-9F45-55BC093B3B01}.Release with Documentation|Mixed Platforms.Build.0 = Release|x86
		{465400B9-23FE-4ECF-9F45-55BC093B3B01}.Release with Documentation|Windows Phone.ActiveCfg = Release|Any CPU
		{465400B9-23FE-4ECF-9F45-55BC093B3B01}.Release with Documentation|x64.ActiveCfg = Release|Any CPU
		{465400B9-23FE-4ECF-9F45-55BC093B3B01}.Release with Documentation|x86.ActiveCfg = Release|x86
		{465400B9-23FE-4ECF-9F45-55BC093B3B01}.Release with Documentation|x86.Build.0 = Release|x86
		{465400B9-23FE-4ECF-9F45-55BC093B3B01}.Release|.NET.ActiveCfg = Release|Any CPU
		{465400B9-23FE-4ECF-9F45-55BC093B3B01}.Release|Any CPU.ActiveCfg = Release|Any CPU
		{465400B9-23FE-4ECF-9F45-55BC093B3B01}.Release|Any CPU.Build.0 = Release|Any CPU
		{465400B9-23FE-4ECF-9F45-55BC093B3B01}.Release|Mixed Platforms.ActiveCfg = Release|x86
		{465400B9-23FE-4ECF-9F45-55BC093B3B01}.Release|Mixed Platforms.Build.0 = Release|x86
		{465400B9-23FE-4ECF-9F45-55BC093B3B01}.Release|Windows Phone.ActiveCfg = Release|Any CPU
		{465400B9-23FE-4ECF-9F45-55BC093B3B01}.Release|x64.ActiveCfg = Release|Any CPU
		{465400B9-23FE-4ECF-9F45-55BC093B3B01}.Release|x86.ActiveCfg = Release|x86
		{465400B9-23FE-4ECF-9F45-55BC093B3B01}.Release|x86.Build.0 = Release|x86
		{68A06B19-D7DB-4197-8A79-C6860C38B599}.Debug|.NET.ActiveCfg = Debug|Any CPU
		{68A06B19-D7DB-4197-8A79-C6860C38B599}.Debug|Any CPU.ActiveCfg = Debug|Any CPU
		{68A06B19-D7DB-4197-8A79-C6860C38B599}.Debug|Any CPU.Build.0 = Debug|Any CPU
		{68A06B19-D7DB-4197-8A79-C6860C38B599}.Debug|Mixed Platforms.ActiveCfg = Debug|x86
		{68A06B19-D7DB-4197-8A79-C6860C38B599}.Debug|Mixed Platforms.Build.0 = Debug|x86
		{68A06B19-D7DB-4197-8A79-C6860C38B599}.Debug|Windows Phone.ActiveCfg = Debug|Any CPU
		{68A06B19-D7DB-4197-8A79-C6860C38B599}.Debug|x64.ActiveCfg = Debug|Any CPU
		{68A06B19-D7DB-4197-8A79-C6860C38B599}.Debug|x86.ActiveCfg = Debug|x86
		{68A06B19-D7DB-4197-8A79-C6860C38B599}.Debug|x86.Build.0 = Debug|x86
		{68A06B19-D7DB-4197-8A79-C6860C38B599}.Release with Documentation|.NET.ActiveCfg = Release|Any CPU
		{68A06B19-D7DB-4197-8A79-C6860C38B599}.Release with Documentation|Any CPU.ActiveCfg = Release|Any CPU
		{68A06B19-D7DB-4197-8A79-C6860C38B599}.Release with Documentation|Any CPU.Build.0 = Release|Any CPU
		{68A06B19-D7DB-4197-8A79-C6860C38B599}.Release with Documentation|Mixed Platforms.ActiveCfg = Release|x86
		{68A06B19-D7DB-4197-8A79-C6860C38B599}.Release with Documentation|Mixed Platforms.Build.0 = Release|x86
		{68A06B19-D7DB-4197-8A79-C6860C38B599}.Release with Documentation|Windows Phone.ActiveCfg = Release|Any CPU
		{68A06B19-D7DB-4197-8A79-C6860C38B599}.Release with Documentation|x64.ActiveCfg = Release|Any CPU
		{68A06B19-D7DB-4197-8A79-C6860C38B599}.Release with Documentation|x86.ActiveCfg = Release|x86
		{68A06B19-D7DB-4197-8A79-C6860C38B599}.Release with Documentation|x86.Build.0 = Release|x86
		{68A06B19-D7DB-4197-8A79-C6860C38B599}.Release|.NET.ActiveCfg = Release|Any CPU
		{68A06B19-D7DB-4197-8A79-C6860C38B599}.Release|Any CPU.ActiveCfg = Release|Any CPU
		{68A06B19-D7DB-4197-8A79-C6860C38B599}.Release|Any CPU.Build.0 = Release|Any CPU
		{68A06B19-D7DB-4197-8A79-C6860C38B599}.Release|Mixed Platforms.ActiveCfg = Release|x86
		{68A06B19-D7DB-4197-8A79-C6860C38B599}.Release|Mixed Platforms.Build.0 = Release|x86
		{68A06B19-D7DB-4197-8A79-C6860C38B599}.Release|Windows Phone.ActiveCfg = Release|Any CPU
		{68A06B19-D7DB-4197-8A79-C6860C38B599}.Release|x64.ActiveCfg = Release|Any CPU
		{68A06B19-D7DB-4197-8A79-C6860C38B599}.Release|x86.ActiveCfg = Release|x86
		{68A06B19-D7DB-4197-8A79-C6860C38B599}.Release|x86.Build.0 = Release|x86
		{FA4038A1-240C-4831-947C-79E384F23585}.Debug|.NET.ActiveCfg = Debug|Any CPU
		{FA4038A1-240C-4831-947C-79E384F23585}.Debug|Any CPU.ActiveCfg = Debug|Any CPU
		{FA4038A1-240C-4831-947C-79E384F23585}.Debug|Any CPU.Build.0 = Debug|Any CPU
		{FA4038A1-240C-4831-947C-79E384F23585}.Debug|Mixed Platforms.ActiveCfg = Debug|Any CPU
		{FA4038A1-240C-4831-947C-79E384F23585}.Debug|Mixed Platforms.Build.0 = Debug|Any CPU
		{FA4038A1-240C-4831-947C-79E384F23585}.Debug|Windows Phone.ActiveCfg = Debug|Any CPU
		{FA4038A1-240C-4831-947C-79E384F23585}.Debug|x64.ActiveCfg = Debug|Any CPU
		{FA4038A1-240C-4831-947C-79E384F23585}.Debug|x86.ActiveCfg = Debug|Any CPU
		{FA4038A1-240C-4831-947C-79E384F23585}.Release with Documentation|.NET.ActiveCfg = Release|Any CPU
		{FA4038A1-240C-4831-947C-79E384F23585}.Release with Documentation|Any CPU.ActiveCfg = Release|Any CPU
		{FA4038A1-240C-4831-947C-79E384F23585}.Release with Documentation|Any CPU.Build.0 = Release|Any CPU
		{FA4038A1-240C-4831-947C-79E384F23585}.Release with Documentation|Mixed Platforms.ActiveCfg = Release|Any CPU
		{FA4038A1-240C-4831-947C-79E384F23585}.Release with Documentation|Mixed Platforms.Build.0 = Release|Any CPU
		{FA4038A1-240C-4831-947C-79E384F23585}.Release with Documentation|Windows Phone.ActiveCfg = Release|Any CPU
		{FA4038A1-240C-4831-947C-79E384F23585}.Release with Documentation|x64.ActiveCfg = Release|Any CPU
		{FA4038A1-240C-4831-947C-79E384F23585}.Release with Documentation|x86.ActiveCfg = Release|Any CPU
		{FA4038A1-240C-4831-947C-79E384F23585}.Release|.NET.ActiveCfg = Release|Any CPU
		{FA4038A1-240C-4831-947C-79E384F23585}.Release|Any CPU.ActiveCfg = Release|Any CPU
		{FA4038A1-240C-4831-947C-79E384F23585}.Release|Any CPU.Build.0 = Release|Any CPU
		{FA4038A1-240C-4831-947C-79E384F23585}.Release|Mixed Platforms.ActiveCfg = Release|Any CPU
		{FA4038A1-240C-4831-947C-79E384F23585}.Release|Mixed Platforms.Build.0 = Release|Any CPU
		{FA4038A1-240C-4831-947C-79E384F23585}.Release|Windows Phone.ActiveCfg = Release|Any CPU
		{FA4038A1-240C-4831-947C-79E384F23585}.Release|x64.ActiveCfg = Release|Any CPU
		{FA4038A1-240C-4831-947C-79E384F23585}.Release|x86.ActiveCfg = Release|Any CPU
		{19D284CA-9E56-420B-9E9A-6BFD01E01452}.Debug|.NET.ActiveCfg = Debug|Any CPU
		{19D284CA-9E56-420B-9E9A-6BFD01E01452}.Debug|Any CPU.ActiveCfg = Debug|Any CPU
		{19D284CA-9E56-420B-9E9A-6BFD01E01452}.Debug|Any CPU.Build.0 = Debug|Any CPU
		{19D284CA-9E56-420B-9E9A-6BFD01E01452}.Debug|Mixed Platforms.ActiveCfg = Debug|Any CPU
		{19D284CA-9E56-420B-9E9A-6BFD01E01452}.Debug|Mixed Platforms.Build.0 = Debug|Any CPU
		{19D284CA-9E56-420B-9E9A-6BFD01E01452}.Debug|Windows Phone.ActiveCfg = Debug|Any CPU
		{19D284CA-9E56-420B-9E9A-6BFD01E01452}.Debug|x64.ActiveCfg = Debug|Any CPU
		{19D284CA-9E56-420B-9E9A-6BFD01E01452}.Debug|x86.ActiveCfg = Debug|Any CPU
		{19D284CA-9E56-420B-9E9A-6BFD01E01452}.Release with Documentation|.NET.ActiveCfg = Release|Any CPU
		{19D284CA-9E56-420B-9E9A-6BFD01E01452}.Release with Documentation|Any CPU.ActiveCfg = Release|Any CPU
		{19D284CA-9E56-420B-9E9A-6BFD01E01452}.Release with Documentation|Any CPU.Build.0 = Release|Any CPU
		{19D284CA-9E56-420B-9E9A-6BFD01E01452}.Release with Documentation|Mixed Platforms.ActiveCfg = Release|Any CPU
		{19D284CA-9E56-420B-9E9A-6BFD01E01452}.Release with Documentation|Mixed Platforms.Build.0 = Release|Any CPU
		{19D284CA-9E56-420B-9E9A-6BFD01E01452}.Release with Documentation|Windows Phone.ActiveCfg = Release|Any CPU
		{19D284CA-9E56-420B-9E9A-6BFD01E01452}.Release with Documentation|x64.ActiveCfg = Release|Any CPU
		{19D284CA-9E56-420B-9E9A-6BFD01E01452}.Release with Documentation|x86.ActiveCfg = Release|Any CPU
		{19D284CA-9E56-420B-9E9A-6BFD01E01452}.Release|.NET.ActiveCfg = Release|Any CPU
		{19D284CA-9E56-420B-9E9A-6BFD01E01452}.Release|Any CPU.ActiveCfg = Release|Any CPU
		{19D284CA-9E56-420B-9E9A-6BFD01E01452}.Release|Any CPU.Build.0 = Release|Any CPU
		{19D284CA-9E56-420B-9E9A-6BFD01E01452}.Release|Mixed Platforms.ActiveCfg = Release|Any CPU
		{19D284CA-9E56-420B-9E9A-6BFD01E01452}.Release|Mixed Platforms.Build.0 = Release|Any CPU
		{19D284CA-9E56-420B-9E9A-6BFD01E01452}.Release|Windows Phone.ActiveCfg = Release|Any CPU
		{19D284CA-9E56-420B-9E9A-6BFD01E01452}.Release|x64.ActiveCfg = Release|Any CPU
		{19D284CA-9E56-420B-9E9A-6BFD01E01452}.Release|x86.ActiveCfg = Release|Any CPU
		{4B8643AE-B35C-4F55-A9A3-02C81585AD1E}.Debug|.NET.ActiveCfg = Debug|Any CPU
		{4B8643AE-B35C-4F55-A9A3-02C81585AD1E}.Debug|Any CPU.ActiveCfg = Debug|Any CPU
		{4B8643AE-B35C-4F55-A9A3-02C81585AD1E}.Debug|Any CPU.Build.0 = Debug|Any CPU
		{4B8643AE-B35C-4F55-A9A3-02C81585AD1E}.Debug|Mixed Platforms.ActiveCfg = Debug|x86
		{4B8643AE-B35C-4F55-A9A3-02C81585AD1E}.Debug|Mixed Platforms.Build.0 = Debug|x86
		{4B8643AE-B35C-4F55-A9A3-02C81585AD1E}.Debug|Windows Phone.ActiveCfg = Debug|Any CPU
		{4B8643AE-B35C-4F55-A9A3-02C81585AD1E}.Debug|x64.ActiveCfg = Debug|Any CPU
		{4B8643AE-B35C-4F55-A9A3-02C81585AD1E}.Debug|x86.ActiveCfg = Debug|x86
		{4B8643AE-B35C-4F55-A9A3-02C81585AD1E}.Debug|x86.Build.0 = Debug|x86
		{4B8643AE-B35C-4F55-A9A3-02C81585AD1E}.Release with Documentation|.NET.ActiveCfg = Release|Any CPU
		{4B8643AE-B35C-4F55-A9A3-02C81585AD1E}.Release with Documentation|Any CPU.ActiveCfg = Release|Any CPU
		{4B8643AE-B35C-4F55-A9A3-02C81585AD1E}.Release with Documentation|Any CPU.Build.0 = Release|Any CPU
		{4B8643AE-B35C-4F55-A9A3-02C81585AD1E}.Release with Documentation|Mixed Platforms.ActiveCfg = Release|x86
		{4B8643AE-B35C-4F55-A9A3-02C81585AD1E}.Release with Documentation|Mixed Platforms.Build.0 = Release|x86
		{4B8643AE-B35C-4F55-A9A3-02C81585AD1E}.Release with Documentation|Windows Phone.ActiveCfg = Release|Any CPU
		{4B8643AE-B35C-4F55-A9A3-02C81585AD1E}.Release with Documentation|x64.ActiveCfg = Release|Any CPU
		{4B8643AE-B35C-4F55-A9A3-02C81585AD1E}.Release with Documentation|x86.ActiveCfg = Release|x86
		{4B8643AE-B35C-4F55-A9A3-02C81585AD1E}.Release with Documentation|x86.Build.0 = Release|x86
		{4B8643AE-B35C-4F55-A9A3-02C81585AD1E}.Release|.NET.ActiveCfg = Release|Any CPU
		{4B8643AE-B35C-4F55-A9A3-02C81585AD1E}.Release|Any CPU.ActiveCfg = Release|Any CPU
		{4B8643AE-B35C-4F55-A9A3-02C81585AD1E}.Release|Any CPU.Build.0 = Release|Any CPU
		{4B8643AE-B35C-4F55-A9A3-02C81585AD1E}.Release|Mixed Platforms.ActiveCfg = Release|x86
		{4B8643AE-B35C-4F55-A9A3-02C81585AD1E}.Release|Mixed Platforms.Build.0 = Release|x86
		{4B8643AE-B35C-4F55-A9A3-02C81585AD1E}.Release|Windows Phone.ActiveCfg = Release|Any CPU
		{4B8643AE-B35C-4F55-A9A3-02C81585AD1E}.Release|x64.ActiveCfg = Release|Any CPU
		{4B8643AE-B35C-4F55-A9A3-02C81585AD1E}.Release|x86.ActiveCfg = Release|x86
		{4B8643AE-B35C-4F55-A9A3-02C81585AD1E}.Release|x86.Build.0 = Release|x86
		{CF88AEAE-5AB6-4B6E-8514-9356C61FA831}.Debug|.NET.ActiveCfg = Debug|Any CPU
		{CF88AEAE-5AB6-4B6E-8514-9356C61FA831}.Debug|Any CPU.ActiveCfg = Debug|Any CPU
		{CF88AEAE-5AB6-4B6E-8514-9356C61FA831}.Debug|Any CPU.Build.0 = Debug|Any CPU
		{CF88AEAE-5AB6-4B6E-8514-9356C61FA831}.Debug|Mixed Platforms.ActiveCfg = Debug|x86
		{CF88AEAE-5AB6-4B6E-8514-9356C61FA831}.Debug|Mixed Platforms.Build.0 = Debug|x86
		{CF88AEAE-5AB6-4B6E-8514-9356C61FA831}.Debug|Windows Phone.ActiveCfg = Debug|Any CPU
		{CF88AEAE-5AB6-4B6E-8514-9356C61FA831}.Debug|x64.ActiveCfg = Debug|Any CPU
		{CF88AEAE-5AB6-4B6E-8514-9356C61FA831}.Debug|x86.ActiveCfg = Debug|x86
		{CF88AEAE-5AB6-4B6E-8514-9356C61FA831}.Debug|x86.Build.0 = Debug|x86
		{CF88AEAE-5AB6-4B6E-8514-9356C61FA831}.Release with Documentation|.NET.ActiveCfg = Release|Any CPU
		{CF88AEAE-5AB6-4B6E-8514-9356C61FA831}.Release with Documentation|Any CPU.ActiveCfg = Release|Any CPU
		{CF88AEAE-5AB6-4B6E-8514-9356C61FA831}.Release with Documentation|Any CPU.Build.0 = Release|Any CPU
		{CF88AEAE-5AB6-4B6E-8514-9356C61FA831}.Release with Documentation|Mixed Platforms.ActiveCfg = Release|x86
		{CF88AEAE-5AB6-4B6E-8514-9356C61FA831}.Release with Documentation|Mixed Platforms.Build.0 = Release|x86
		{CF88AEAE-5AB6-4B6E-8514-9356C61FA831}.Release with Documentation|Windows Phone.ActiveCfg = Release|Any CPU
		{CF88AEAE-5AB6-4B6E-8514-9356C61FA831}.Release with Documentation|x64.ActiveCfg = Release|Any CPU
		{CF88AEAE-5AB6-4B6E-8514-9356C61FA831}.Release with Documentation|x86.ActiveCfg = Release|x86
		{CF88AEAE-5AB6-4B6E-8514-9356C61FA831}.Release with Documentation|x86.Build.0 = Release|x86
		{CF88AEAE-5AB6-4B6E-8514-9356C61FA831}.Release|.NET.ActiveCfg = Release|Any CPU
		{CF88AEAE-5AB6-4B6E-8514-9356C61FA831}.Release|Any CPU.ActiveCfg = Release|Any CPU
		{CF88AEAE-5AB6-4B6E-8514-9356C61FA831}.Release|Any CPU.Build.0 = Release|Any CPU
		{CF88AEAE-5AB6-4B6E-8514-9356C61FA831}.Release|Mixed Platforms.ActiveCfg = Release|x86
		{CF88AEAE-5AB6-4B6E-8514-9356C61FA831}.Release|Mixed Platforms.Build.0 = Release|x86
		{CF88AEAE-5AB6-4B6E-8514-9356C61FA831}.Release|Windows Phone.ActiveCfg = Release|Any CPU
		{CF88AEAE-5AB6-4B6E-8514-9356C61FA831}.Release|x64.ActiveCfg = Release|Any CPU
		{CF88AEAE-5AB6-4B6E-8514-9356C61FA831}.Release|x86.ActiveCfg = Release|x86
		{CF88AEAE-5AB6-4B6E-8514-9356C61FA831}.Release|x86.Build.0 = Release|x86
		{D85379C8-DA68-4E32-BD8D-1F8C4A4D7523}.Debug|.NET.ActiveCfg = Debug|Any CPU
		{D85379C8-DA68-4E32-BD8D-1F8C4A4D7523}.Debug|Any CPU.ActiveCfg = Debug|Any CPU
		{D85379C8-DA68-4E32-BD8D-1F8C4A4D7523}.Debug|Any CPU.Build.0 = Debug|Any CPU
		{D85379C8-DA68-4E32-BD8D-1F8C4A4D7523}.Debug|Mixed Platforms.ActiveCfg = Debug|Any CPU
		{D85379C8-DA68-4E32-BD8D-1F8C4A4D7523}.Debug|Mixed Platforms.Build.0 = Debug|Any CPU
		{D85379C8-DA68-4E32-BD8D-1F8C4A4D7523}.Debug|Windows Phone.ActiveCfg = Debug|Any CPU
		{D85379C8-DA68-4E32-BD8D-1F8C4A4D7523}.Debug|x64.ActiveCfg = Debug|Any CPU
		{D85379C8-DA68-4E32-BD8D-1F8C4A4D7523}.Debug|x86.ActiveCfg = Debug|Any CPU
		{D85379C8-DA68-4E32-BD8D-1F8C4A4D7523}.Release with Documentation|.NET.ActiveCfg = Release|Any CPU
		{D85379C8-DA68-4E32-BD8D-1F8C4A4D7523}.Release with Documentation|Any CPU.ActiveCfg = Release|Any CPU
		{D85379C8-DA68-4E32-BD8D-1F8C4A4D7523}.Release with Documentation|Any CPU.Build.0 = Release|Any CPU
		{D85379C8-DA68-4E32-BD8D-1F8C4A4D7523}.Release with Documentation|Mixed Platforms.ActiveCfg = Release|Any CPU
		{D85379C8-DA68-4E32-BD8D-1F8C4A4D7523}.Release with Documentation|Mixed Platforms.Build.0 = Release|Any CPU
		{D85379C8-DA68-4E32-BD8D-1F8C4A4D7523}.Release with Documentation|Windows Phone.ActiveCfg = Release|Any CPU
		{D85379C8-DA68-4E32-BD8D-1F8C4A4D7523}.Release with Documentation|x64.ActiveCfg = Release|Any CPU
		{D85379C8-DA68-4E32-BD8D-1F8C4A4D7523}.Release with Documentation|x86.ActiveCfg = Release|Any CPU
		{D85379C8-DA68-4E32-BD8D-1F8C4A4D7523}.Release|.NET.ActiveCfg = Release|Any CPU
		{D85379C8-DA68-4E32-BD8D-1F8C4A4D7523}.Release|Any CPU.ActiveCfg = Release|Any CPU
		{D85379C8-DA68-4E32-BD8D-1F8C4A4D7523}.Release|Any CPU.Build.0 = Release|Any CPU
		{D85379C8-DA68-4E32-BD8D-1F8C4A4D7523}.Release|Mixed Platforms.ActiveCfg = Release|Any CPU
		{D85379C8-DA68-4E32-BD8D-1F8C4A4D7523}.Release|Mixed Platforms.Build.0 = Release|Any CPU
		{D85379C8-DA68-4E32-BD8D-1F8C4A4D7523}.Release|Windows Phone.ActiveCfg = Release|Any CPU
		{D85379C8-DA68-4E32-BD8D-1F8C4A4D7523}.Release|x64.ActiveCfg = Release|Any CPU
		{D85379C8-DA68-4E32-BD8D-1F8C4A4D7523}.Release|x86.ActiveCfg = Release|Any CPU
		{AE7AE0AB-22EC-4F11-83A2-AAD3B2F940F4}.Debug|.NET.ActiveCfg = Debug|Any CPU
		{AE7AE0AB-22EC-4F11-83A2-AAD3B2F940F4}.Debug|Any CPU.ActiveCfg = Debug|Any CPU
		{AE7AE0AB-22EC-4F11-83A2-AAD3B2F940F4}.Debug|Any CPU.Build.0 = Debug|Any CPU
		{AE7AE0AB-22EC-4F11-83A2-AAD3B2F940F4}.Debug|Mixed Platforms.ActiveCfg = Debug|Any CPU
		{AE7AE0AB-22EC-4F11-83A2-AAD3B2F940F4}.Debug|Mixed Platforms.Build.0 = Debug|Any CPU
		{AE7AE0AB-22EC-4F11-83A2-AAD3B2F940F4}.Debug|Windows Phone.ActiveCfg = Debug|Any CPU
		{AE7AE0AB-22EC-4F11-83A2-AAD3B2F940F4}.Debug|x64.ActiveCfg = Debug|Any CPU
		{AE7AE0AB-22EC-4F11-83A2-AAD3B2F940F4}.Debug|x86.ActiveCfg = Debug|Any CPU
		{AE7AE0AB-22EC-4F11-83A2-AAD3B2F940F4}.Release with Documentation|.NET.ActiveCfg = Release|Any CPU
		{AE7AE0AB-22EC-4F11-83A2-AAD3B2F940F4}.Release with Documentation|Any CPU.ActiveCfg = Release|Any CPU
		{AE7AE0AB-22EC-4F11-83A2-AAD3B2F940F4}.Release with Documentation|Any CPU.Build.0 = Release|Any CPU
		{AE7AE0AB-22EC-4F11-83A2-AAD3B2F940F4}.Release with Documentation|Mixed Platforms.ActiveCfg = Release|Any CPU
		{AE7AE0AB-22EC-4F11-83A2-AAD3B2F940F4}.Release with Documentation|Mixed Platforms.Build.0 = Release|Any CPU
		{AE7AE0AB-22EC-4F11-83A2-AAD3B2F940F4}.Release with Documentation|Windows Phone.ActiveCfg = Release|Any CPU
		{AE7AE0AB-22EC-4F11-83A2-AAD3B2F940F4}.Release with Documentation|x64.ActiveCfg = Release|Any CPU
		{AE7AE0AB-22EC-4F11-83A2-AAD3B2F940F4}.Release with Documentation|x86.ActiveCfg = Release|Any CPU
		{AE7AE0AB-22EC-4F11-83A2-AAD3B2F940F4}.Release|.NET.ActiveCfg = Release|Any CPU
		{AE7AE0AB-22EC-4F11-83A2-AAD3B2F940F4}.Release|Any CPU.ActiveCfg = Release|Any CPU
		{AE7AE0AB-22EC-4F11-83A2-AAD3B2F940F4}.Release|Any CPU.Build.0 = Release|Any CPU
		{AE7AE0AB-22EC-4F11-83A2-AAD3B2F940F4}.Release|Mixed Platforms.ActiveCfg = Release|Any CPU
		{AE7AE0AB-22EC-4F11-83A2-AAD3B2F940F4}.Release|Mixed Platforms.Build.0 = Release|Any CPU
		{AE7AE0AB-22EC-4F11-83A2-AAD3B2F940F4}.Release|Windows Phone.ActiveCfg = Release|Any CPU
		{AE7AE0AB-22EC-4F11-83A2-AAD3B2F940F4}.Release|x64.ActiveCfg = Release|Any CPU
		{AE7AE0AB-22EC-4F11-83A2-AAD3B2F940F4}.Release|x86.ActiveCfg = Release|Any CPU
	EndGlobalSection
	GlobalSection(SolutionProperties) = preSolution
		HideSolutionNode = FALSE
	EndGlobalSection
	GlobalSection(NestedProjects) = preSolution
		{4BF05CAF-D152-4613-BED3-4CA8DD51A907} = {ED5F6DE8-D3A0-492F-BED0-C234A93BEC9F}
		{403AB005-A7BB-40D3-9A98-3D3DEEE87B0D} = {ED5F6DE8-D3A0-492F-BED0-C234A93BEC9F}
		{465400B9-23FE-4ECF-9F45-55BC093B3B01} = {ED5F6DE8-D3A0-492F-BED0-C234A93BEC9F}
		{68A06B19-D7DB-4197-8A79-C6860C38B599} = {ED5F6DE8-D3A0-492F-BED0-C234A93BEC9F}
		{FA4038A1-240C-4831-947C-79E384F23585} = {ED5F6DE8-D3A0-492F-BED0-C234A93BEC9F}
		{19D284CA-9E56-420B-9E9A-6BFD01E01452} = {ED5F6DE8-D3A0-492F-BED0-C234A93BEC9F}
		{4B8643AE-B35C-4F55-A9A3-02C81585AD1E} = {ED5F6DE8-D3A0-492F-BED0-C234A93BEC9F}
		{CF88AEAE-5AB6-4B6E-8514-9356C61FA831} = {ED5F6DE8-D3A0-492F-BED0-C234A93BEC9F}
		{D85379C8-DA68-4E32-BD8D-1F8C4A4D7523} = {ED5F6DE8-D3A0-492F-BED0-C234A93BEC9F}
		{AE7AE0AB-22EC-4F11-83A2-AAD3B2F940F4} = {ED5F6DE8-D3A0-492F-BED0-C234A93BEC9F}
	EndGlobalSection
EndGlobal
